# This file is automatically @generated by Poetry 1.8.3 and should not be changed by hand.

[[package]]
name = "click"
version = "8.1.7"
description = "Composable command line interface toolkit"
optional = true
python-versions = ">=3.7"
files = [
    {file = "click-8.1.7-py3-none-any.whl", hash = "sha256:ae74fb96c20a0277a1d615f1e4d73c8414f5a98db8b799a7931d1582f3390c28"},
    {file = "click-8.1.7.tar.gz", hash = "sha256:ca9853ad459e787e2192211578cc907e7594e294c7ccc834310722b41b9ca6de"},
]

[package.dependencies]
colorama = {version = "*", markers = "platform_system == \"Windows\""}

[[package]]
name = "colorama"
version = "0.4.6"
description = "Cross-platform colored terminal text."
optional = false
python-versions = "!=3.0.*,!=3.1.*,!=3.2.*,!=3.3.*,!=3.4.*,!=3.5.*,!=3.6.*,>=2.7"
files = [
    {file = "colorama-0.4.6-py2.py3-none-any.whl", hash = "sha256:4f1d9991f5acc0ca119f9d443620b77f9d6b33703e51011c16baf57afb285fc6"},
    {file = "colorama-0.4.6.tar.gz", hash = "sha256:08695f5cb7ed6e0531a20572697297273c47b8cae5a63ffc6d6ed5c201be6e44"},
]

[[package]]
name = "exceptiongroup"
version = "1.2.0"
description = "Backport of PEP 654 (exception groups)"
optional = false
python-versions = ">=3.7"
files = [
    {file = "exceptiongroup-1.2.0-py3-none-any.whl", hash = "sha256:4bfd3996ac73b41e9b9628b04e079f193850720ea5945fc96a08633c66912f14"},
    {file = "exceptiongroup-1.2.0.tar.gz", hash = "sha256:91f5c769735f051a4290d52edd0858999b57e5876e9f85937691bd4c9fa3ed68"},
]

[package.extras]
test = ["pytest (>=6)"]

[[package]]
name = "globsters"
version = "0.0.3"
description = ""
optional = true
python-versions = ">=3.7"
files = [
    {file = "globsters-0.0.3-cp310-cp310-macosx_10_7_x86_64.whl", hash = "sha256:0d6d878f4a93da8f7e930fcc724f97284458d0d59ca0d570a172e1ef50da927d"},
    {file = "globsters-0.0.3-cp310-cp310-macosx_11_0_arm64.whl", hash = "sha256:99ca621463b1c70e144fb19daa904daf678285ce6e690768f08a98b79991d945"},
    {file = "globsters-0.0.3-cp310-cp310-manylinux_2_17_aarch64.manylinux2014_aarch64.whl", hash = "sha256:b90cb3a14a20830ad18a60ec7118de8f122b47d1539f8243e9b8cb9359ae6fdb"},
    {file = "globsters-0.0.3-cp310-cp310-manylinux_2_17_armv7l.manylinux2014_armv7l.whl", hash = "sha256:d3ea57343b0edf9aa6b8b5723d205b4fb1eb1ab1abee2ff66bfc971a121ba151"},
    {file = "globsters-0.0.3-cp310-cp310-manylinux_2_17_ppc64le.manylinux2014_ppc64le.whl", hash = "sha256:713538a62ffa2becc247bb8773ac8f24e1611d737ac52ded12ed49502316113b"},
    {file = "globsters-0.0.3-cp310-cp310-manylinux_2_17_s390x.manylinux2014_s390x.whl", hash = "sha256:f15be4215e83065490ed656662e8aaf236636aca96d6e496ff74fb291e128bd1"},
    {file = "globsters-0.0.3-cp310-cp310-manylinux_2_17_x86_64.manylinux2014_x86_64.whl", hash = "sha256:bba0acf5625c3fac9d3f86ee30dc9d1e0616885bfecf95ba776c9afd4d985905"},
    {file = "globsters-0.0.3-cp310-cp310-manylinux_2_5_i686.manylinux1_i686.whl", hash = "sha256:5cede97cae11913b89df92fe402e827fb14a203f9c6d4cfb4105b3b17c7e8b6b"},
    {file = "globsters-0.0.3-cp310-none-win32.whl", hash = "sha256:0812436d325b009c0dd6d62c9893d8306978d510b35c01a37e24606af173aa98"},
    {file = "globsters-0.0.3-cp310-none-win_amd64.whl", hash = "sha256:87e141e0c4619329b9a0a3e6b65452f927a77b17776871ee7ca26900a1724ba4"},
    {file = "globsters-0.0.3-cp311-cp311-macosx_10_7_x86_64.whl", hash = "sha256:7378027e64ef51fd48609cadb445ca0a2a08fef0197db0d9bbf746087f5232aa"},
    {file = "globsters-0.0.3-cp311-cp311-macosx_11_0_arm64.whl", hash = "sha256:945a68a9fcc53de65da6bd3671fd13313c8264b64213d0d6b169bd00d213acd2"},
    {file = "globsters-0.0.3-cp311-cp311-manylinux_2_17_aarch64.manylinux2014_aarch64.whl", hash = "sha256:d14805a7ef5558452c3766defb91743a959afc481687fab0a8e7a479868c3ea1"},
    {file = "globsters-0.0.3-cp311-cp311-manylinux_2_17_armv7l.manylinux2014_armv7l.whl", hash = "sha256:a9874157f24b260e07e64a9a263d79438deb9f1ad023a3dea7fa3dab7da1c448"},
    {file = "globsters-0.0.3-cp311-cp311-manylinux_2_17_ppc64le.manylinux2014_ppc64le.whl", hash = "sha256:5a5a3698c82b62ac25c1a058feed709a54aeacc28c88f7e588d7b03b1c502cb4"},
    {file = "globsters-0.0.3-cp311-cp311-manylinux_2_17_s390x.manylinux2014_s390x.whl", hash = "sha256:4c20e3df1ad1805a3d192ee79485607d87381a98c628aa3cb1e5c54efd36bb2a"},
    {file = "globsters-0.0.3-cp311-cp311-manylinux_2_17_x86_64.manylinux2014_x86_64.whl", hash = "sha256:4362fc6695f389ea04e8821bd16a8af3ad706b697ee233a14b85c13a7b235060"},
    {file = "globsters-0.0.3-cp311-cp311-manylinux_2_5_i686.manylinux1_i686.whl", hash = "sha256:58f57abe7b5fba56acb2c91c9e174f7d45295bd26db874061f5d684675e6508a"},
    {file = "globsters-0.0.3-cp311-none-win32.whl", hash = "sha256:7bfc38e74ade62ff6479ae19f46d9d5cbe474d6e00a112cbb9c7cb7cd18d1e64"},
    {file = "globsters-0.0.3-cp311-none-win_amd64.whl", hash = "sha256:bef26eb985d43d211660f6030026c853bf6400289c63fb798913f104c3f76680"},
    {file = "globsters-0.0.3-cp312-cp312-manylinux_2_17_aarch64.manylinux2014_aarch64.whl", hash = "sha256:95100c4c29d5e7a6241cb1e88bfa240247afd00404b203536e2170e238f754fb"},
    {file = "globsters-0.0.3-cp312-cp312-manylinux_2_17_ppc64le.manylinux2014_ppc64le.whl", hash = "sha256:9cc665c1c09efb084e1f30afb12029823f0b91a08f68f466ec9a4bf309851f73"},
    {file = "globsters-0.0.3-cp312-cp312-manylinux_2_17_s390x.manylinux2014_s390x.whl", hash = "sha256:7de09b258cff7d3fe28136600b4bc8428c678264901137638e1149f5ffebdb46"},
    {file = "globsters-0.0.3-cp37-cp37m-manylinux_2_17_aarch64.manylinux2014_aarch64.whl", hash = "sha256:e9c6e2e7ed2c59ce74126eec827f5416104804f757d6bb3db731733c3ca845e4"},
    {file = "globsters-0.0.3-cp37-cp37m-manylinux_2_17_armv7l.manylinux2014_armv7l.whl", hash = "sha256:53d10c237af5708f69d14f415688fb81b30dcf5da3700a456eb80f77d959424c"},
    {file = "globsters-0.0.3-cp37-cp37m-manylinux_2_17_ppc64le.manylinux2014_ppc64le.whl", hash = "sha256:a2914eefc0026f0aadcf083256a4e2305f51a0cad62efc1a076235869d47f99d"},
    {file = "globsters-0.0.3-cp37-cp37m-manylinux_2_17_s390x.manylinux2014_s390x.whl", hash = "sha256:674b3aec27ba3d3fc33c589c50149bd2ffc30133ae47431cded978e713104ecf"},
    {file = "globsters-0.0.3-cp37-cp37m-manylinux_2_17_x86_64.manylinux2014_x86_64.whl", hash = "sha256:14da809fb4beeda1afda3e03670c3ee5bf60b7c18d9f3c08ea1a7bd867a322d5"},
    {file = "globsters-0.0.3-cp37-cp37m-manylinux_2_5_i686.manylinux1_i686.whl", hash = "sha256:6d63754a68475daba2e7ac2943f1414b4135bdacb57f787a1643f1b133affe8f"},
    {file = "globsters-0.0.3-cp37-none-win32.whl", hash = "sha256:594c36706ee311b5c5f2e155ae1841021985f29080b6ec00a37169826d8cda53"},
    {file = "globsters-0.0.3-cp37-none-win_amd64.whl", hash = "sha256:80d060e402dd83a60bf131a74bf1cd7464f763c4c92062fe14698ac89d5e5b84"},
    {file = "globsters-0.0.3-cp38-cp38-manylinux_2_17_aarch64.manylinux2014_aarch64.whl", hash = "sha256:718de27841c4aa7edeef22e74283985ef08b3438774584d37869e18a565b8c13"},
    {file = "globsters-0.0.3-cp38-cp38-manylinux_2_17_armv7l.manylinux2014_armv7l.whl", hash = "sha256:de2141fbd47f5b11d044da1f56b3b1d8744a8a651542b5119a8f2149c4cd5002"},
    {file = "globsters-0.0.3-cp38-cp38-manylinux_2_17_ppc64le.manylinux2014_ppc64le.whl", hash = "sha256:25b15f7c314fe0eaa056b12561c45e99916118be95d6603f103bf9ae73a7297f"},
    {file = "globsters-0.0.3-cp38-cp38-manylinux_2_17_s390x.manylinux2014_s390x.whl", hash = "sha256:c709b5a41af0b27413dc0da86eab7f73084533e8e86778cdef253d6f7cded20b"},
    {file = "globsters-0.0.3-cp38-cp38-manylinux_2_17_x86_64.manylinux2014_x86_64.whl", hash = "sha256:d81b116e7da25b1a3cf6982f13b37c2820bc331f4b209edc0adef50ad9e7ca9e"},
    {file = "globsters-0.0.3-cp38-cp38-manylinux_2_5_i686.manylinux1_i686.whl", hash = "sha256:122a6708d5ceeb4ab8614cc230105eea267d8d98f2ae43beda6d8ed28b7139c3"},
    {file = "globsters-0.0.3-cp38-none-win32.whl", hash = "sha256:ef6792bf9f1e411ec9bfe8739175ea55a927231ccf7c49294135310a577ee03f"},
    {file = "globsters-0.0.3-cp38-none-win_amd64.whl", hash = "sha256:20c083427e02e75a14f93701576517a2afdcbc2a2938070f289d53ba0d752f00"},
    {file = "globsters-0.0.3-cp39-cp39-manylinux_2_17_aarch64.manylinux2014_aarch64.whl", hash = "sha256:06e22b6b4aa15ac3d5c313548f2e90ae7bdfca266ae9428f8e223de120e11661"},
    {file = "globsters-0.0.3-cp39-cp39-manylinux_2_17_armv7l.manylinux2014_armv7l.whl", hash = "sha256:a16b3ae36641e49332dd045a48a2a906e878dae4588c5028f9547cf7071dc529"},
    {file = "globsters-0.0.3-cp39-cp39-manylinux_2_17_ppc64le.manylinux2014_ppc64le.whl", hash = "sha256:4900225781638ec21ac83d1fb1e05dee0b4a053cf981ea535b53c4c5d5f4b8bc"},
    {file = "globsters-0.0.3-cp39-cp39-manylinux_2_17_s390x.manylinux2014_s390x.whl", hash = "sha256:b6133c1495cb9ec24a0e5c45b44c7e6bb051855edbca4e7440b1cea95eee8ebc"},
    {file = "globsters-0.0.3-cp39-cp39-manylinux_2_17_x86_64.manylinux2014_x86_64.whl", hash = "sha256:bd077271cf1ff18eb104b18952e9706397831d404823592dcc97144a6559721d"},
    {file = "globsters-0.0.3-cp39-cp39-manylinux_2_5_i686.manylinux1_i686.whl", hash = "sha256:1106673cd3fd3e6870e0efc9a9a834689022135612d0a9caad6004fb2e79facc"},
    {file = "globsters-0.0.3-cp39-none-win32.whl", hash = "sha256:79694a2650436c231013d4bd3f041f1e4d98530c2b2336c3bb07f0fb3bba5bbc"},
    {file = "globsters-0.0.3-cp39-none-win_amd64.whl", hash = "sha256:6ffccf937a6b825080db123bbc1441515eaecadfe47a34089a7a57b491041bca"},
    {file = "globsters-0.0.3-pp37-pypy37_pp73-manylinux_2_17_aarch64.manylinux2014_aarch64.whl", hash = "sha256:6e10748a6f460544ef3906865d66b43a6dc2b8d367f4a356a538075a717a3f30"},
    {file = "globsters-0.0.3-pp37-pypy37_pp73-manylinux_2_17_armv7l.manylinux2014_armv7l.whl", hash = "sha256:7f31d686c3f6e73e73e90182cac32585af3856f1859259397cdb37a5aee151fb"},
    {file = "globsters-0.0.3-pp37-pypy37_pp73-manylinux_2_17_ppc64le.manylinux2014_ppc64le.whl", hash = "sha256:8f9a0a9bdd236f711e33f9ced99d6d2922d9f31044d666d41960b1be00a898ab"},
    {file = "globsters-0.0.3-pp37-pypy37_pp73-manylinux_2_17_s390x.manylinux2014_s390x.whl", hash = "sha256:e3478e847c1690b6ef7b168701f34a700686280cc0a2f84d883375e57a435698"},
    {file = "globsters-0.0.3-pp37-pypy37_pp73-manylinux_2_17_x86_64.manylinux2014_x86_64.whl", hash = "sha256:5d3599e15b6e8aa9ce6c576bd206111999ad904eacbe6894553a5353466b6756"},
    {file = "globsters-0.0.3-pp37-pypy37_pp73-manylinux_2_5_i686.manylinux1_i686.whl", hash = "sha256:8878f48b3d7790444a81bbb6ebbe1b7b5e176f1205e5c5d345b7ffc4df04f102"},
    {file = "globsters-0.0.3-pp38-pypy38_pp73-manylinux_2_17_aarch64.manylinux2014_aarch64.whl", hash = "sha256:b99d77439a45b1b87baa87b2036139b133712d5b9ef0adec5866b3b4666d6bd2"},
    {file = "globsters-0.0.3-pp38-pypy38_pp73-manylinux_2_17_armv7l.manylinux2014_armv7l.whl", hash = "sha256:5f0acccd15d7ebc79ca94c8c8086e40852689909e96748bdee4007a293ae0ebe"},
    {file = "globsters-0.0.3-pp38-pypy38_pp73-manylinux_2_17_ppc64le.manylinux2014_ppc64le.whl", hash = "sha256:a45f1fbf8b67678628f89d14fbc769c6b23c395a01631296b4adb547fe9893ef"},
    {file = "globsters-0.0.3-pp38-pypy38_pp73-manylinux_2_17_s390x.manylinux2014_s390x.whl", hash = "sha256:408e54112b1f6ff28f20a90156ec37ddbbdb940e07cfa685ce843b9910e2afe6"},
    {file = "globsters-0.0.3-pp38-pypy38_pp73-manylinux_2_17_x86_64.manylinux2014_x86_64.whl", hash = "sha256:fb8ab997286cf8d31048287b75f59cfdaccb9afa70041810e484c07ed8aef77e"},
    {file = "globsters-0.0.3-pp38-pypy38_pp73-manylinux_2_5_i686.manylinux1_i686.whl", hash = "sha256:152a68f341421129d08fa319e2335288ddbe92aeb927c1db4dd0d0b16cdd1dd2"},
    {file = "globsters-0.0.3-pp39-pypy39_pp73-manylinux_2_17_aarch64.manylinux2014_aarch64.whl", hash = "sha256:ddbd7087674f78b55656314e8d037d861ff480665db8ecc8b66bd5c9b0c71e74"},
    {file = "globsters-0.0.3-pp39-pypy39_pp73-manylinux_2_17_armv7l.manylinux2014_armv7l.whl", hash = "sha256:63d671cd0d8697707673bb669289d46b0a58edbb8474d89ef3e996f150a23af6"},
    {file = "globsters-0.0.3-pp39-pypy39_pp73-manylinux_2_17_ppc64le.manylinux2014_ppc64le.whl", hash = "sha256:2bb6d6b87ef4384a2dc0d3b15b32e7c40d857284af8942f8b1720dd3252e36c4"},
    {file = "globsters-0.0.3-pp39-pypy39_pp73-manylinux_2_17_s390x.manylinux2014_s390x.whl", hash = "sha256:2ce62777c2c996fe382197f9f05ae772d60530778a14b773debcad6983a0433c"},
    {file = "globsters-0.0.3-pp39-pypy39_pp73-manylinux_2_17_x86_64.manylinux2014_x86_64.whl", hash = "sha256:cee9492a3051bbb04c98dc5657d58214bce3f8c517a78d05212c36471da5c8ab"},
    {file = "globsters-0.0.3-pp39-pypy39_pp73-manylinux_2_5_i686.manylinux1_i686.whl", hash = "sha256:0ba54425d2a894967dcf92d82ff866224da2bb47ed61378197510f2e2c359a08"},
    {file = "globsters-0.0.3.tar.gz", hash = "sha256:68ec85c218e5126a139c0ac47dfe28b9266e5349141de19e87cd1106698d8e19"},
]

[[package]]
name = "h5py"
version = "3.11.0"
description = "Read and write HDF5 files from Python"
optional = false
python-versions = ">=3.8"
files = [
    {file = "h5py-3.11.0-cp310-cp310-macosx_10_9_x86_64.whl", hash = "sha256:1625fd24ad6cfc9c1ccd44a66dac2396e7ee74940776792772819fc69f3a3731"},
    {file = "h5py-3.11.0-cp310-cp310-macosx_11_0_arm64.whl", hash = "sha256:c072655ad1d5fe9ef462445d3e77a8166cbfa5e599045f8aa3c19b75315f10e5"},
    {file = "h5py-3.11.0-cp310-cp310-manylinux_2_17_x86_64.manylinux2014_x86_64.whl", hash = "sha256:77b19a40788e3e362b54af4dcf9e6fde59ca016db2c61360aa30b47c7b7cef00"},
    {file = "h5py-3.11.0-cp310-cp310-win_amd64.whl", hash = "sha256:ef4e2f338fc763f50a8113890f455e1a70acd42a4d083370ceb80c463d803972"},
    {file = "h5py-3.11.0-cp311-cp311-macosx_10_9_x86_64.whl", hash = "sha256:bbd732a08187a9e2a6ecf9e8af713f1d68256ee0f7c8b652a32795670fb481ba"},
    {file = "h5py-3.11.0-cp311-cp311-macosx_11_0_arm64.whl", hash = "sha256:75bd7b3d93fbeee40860fd70cdc88df4464e06b70a5ad9ce1446f5f32eb84007"},
    {file = "h5py-3.11.0-cp311-cp311-manylinux_2_17_x86_64.manylinux2014_x86_64.whl", hash = "sha256:52c416f8eb0daae39dabe71415cb531f95dce2d81e1f61a74537a50c63b28ab3"},
    {file = "h5py-3.11.0-cp311-cp311-win_amd64.whl", hash = "sha256:083e0329ae534a264940d6513f47f5ada617da536d8dccbafc3026aefc33c90e"},
    {file = "h5py-3.11.0-cp312-cp312-macosx_10_9_x86_64.whl", hash = "sha256:a76cae64080210389a571c7d13c94a1a6cf8cb75153044fd1f822a962c97aeab"},
    {file = "h5py-3.11.0-cp312-cp312-macosx_11_0_arm64.whl", hash = "sha256:f3736fe21da2b7d8a13fe8fe415f1272d2a1ccdeff4849c1421d2fb30fd533bc"},
    {file = "h5py-3.11.0-cp312-cp312-manylinux_2_17_x86_64.manylinux2014_x86_64.whl", hash = "sha256:aa6ae84a14103e8dc19266ef4c3e5d7c00b68f21d07f2966f0ca7bdb6c2761fb"},
    {file = "h5py-3.11.0-cp312-cp312-win_amd64.whl", hash = "sha256:21dbdc5343f53b2e25404673c4f00a3335aef25521bd5fa8c707ec3833934892"},
    {file = "h5py-3.11.0-cp38-cp38-macosx_10_9_x86_64.whl", hash = "sha256:754c0c2e373d13d6309f408325343b642eb0f40f1a6ad21779cfa9502209e150"},
    {file = "h5py-3.11.0-cp38-cp38-macosx_11_0_arm64.whl", hash = "sha256:731839240c59ba219d4cb3bc5880d438248533366f102402cfa0621b71796b62"},
    {file = "h5py-3.11.0-cp38-cp38-manylinux_2_17_x86_64.manylinux2014_x86_64.whl", hash = "sha256:8ec9df3dd2018904c4cc06331951e274f3f3fd091e6d6cc350aaa90fa9b42a76"},
    {file = "h5py-3.11.0-cp38-cp38-win_amd64.whl", hash = "sha256:55106b04e2c83dfb73dc8732e9abad69d83a436b5b82b773481d95d17b9685e1"},
    {file = "h5py-3.11.0-cp39-cp39-macosx_10_9_x86_64.whl", hash = "sha256:f4e025e852754ca833401777c25888acb96889ee2c27e7e629a19aee288833f0"},
    {file = "h5py-3.11.0-cp39-cp39-macosx_11_0_arm64.whl", hash = "sha256:6c4b760082626120031d7902cd983d8c1f424cdba2809f1067511ef283629d4b"},
    {file = "h5py-3.11.0-cp39-cp39-manylinux_2_17_x86_64.manylinux2014_x86_64.whl", hash = "sha256:67462d0669f8f5459529de179f7771bd697389fcb3faab54d63bf788599a48ea"},
    {file = "h5py-3.11.0-cp39-cp39-win_amd64.whl", hash = "sha256:d9c944d364688f827dc889cf83f1fca311caf4fa50b19f009d1f2b525edd33a3"},
    {file = "h5py-3.11.0.tar.gz", hash = "sha256:7b7e8f78072a2edec87c9836f25f34203fd492a4475709a18b417a33cfb21fa9"},
]

[package.dependencies]
numpy = ">=1.17.3"

[[package]]
name = "iniconfig"
version = "2.0.0"
description = "brain-dead simple config-ini parsing"
optional = false
python-versions = ">=3.7"
files = [
    {file = "iniconfig-2.0.0-py3-none-any.whl", hash = "sha256:b6a85871a79d2e3b22d2d1b94ac2824226a63c6b741c88f7ae975f18b6778374"},
    {file = "iniconfig-2.0.0.tar.gz", hash = "sha256:2d91e135bf72d31a410b17c16da610a82cb55f6b0477d1a902134b24a455b8b3"},
]

[[package]]
name = "markdown-it-py"
version = "3.0.0"
description = "Python port of markdown-it. Markdown parsing, done right!"
optional = true
python-versions = ">=3.8"
files = [
    {file = "markdown-it-py-3.0.0.tar.gz", hash = "sha256:e3f60a94fa066dc52ec76661e37c851cb232d92f9886b15cb560aaada2df8feb"},
    {file = "markdown_it_py-3.0.0-py3-none-any.whl", hash = "sha256:355216845c60bd96232cd8d8c40e8f9765cc86f46880e43a8fd22dc1a1a8cab1"},
]

[package.dependencies]
mdurl = ">=0.1,<1.0"

[package.extras]
benchmarking = ["psutil", "pytest", "pytest-benchmark"]
code-style = ["pre-commit (>=3.0,<4.0)"]
compare = ["commonmark (>=0.9,<1.0)", "markdown (>=3.4,<4.0)", "mistletoe (>=1.0,<2.0)", "mistune (>=2.0,<3.0)", "panflute (>=2.3,<3.0)"]
linkify = ["linkify-it-py (>=1,<3)"]
plugins = ["mdit-py-plugins"]
profiling = ["gprof2dot"]
rtd = ["jupyter_sphinx", "mdit-py-plugins", "myst-parser", "pyyaml", "sphinx", "sphinx-copybutton", "sphinx-design", "sphinx_book_theme"]
testing = ["coverage", "pytest", "pytest-cov", "pytest-regressions"]

[[package]]
name = "mdurl"
version = "0.1.2"
description = "Markdown URL utilities"
optional = true
python-versions = ">=3.7"
files = [
    {file = "mdurl-0.1.2-py3-none-any.whl", hash = "sha256:84008a41e51615a49fc9966191ff91509e3c40b939176e643fd50a5c2196b8f8"},
    {file = "mdurl-0.1.2.tar.gz", hash = "sha256:bb413d29f5eea38f31dd4754dd7377d4465116fb207585f97bf925588687c1ba"},
]

[[package]]
name = "numpy"
version = "1.24.4"
description = "Fundamental package for array computing in Python"
optional = false
python-versions = ">=3.8"
files = [
    {file = "numpy-1.24.4-cp310-cp310-macosx_10_9_x86_64.whl", hash = "sha256:c0bfb52d2169d58c1cdb8cc1f16989101639b34c7d3ce60ed70b19c63eba0b64"},
    {file = "numpy-1.24.4-cp310-cp310-macosx_11_0_arm64.whl", hash = "sha256:ed094d4f0c177b1b8e7aa9cba7d6ceed51c0e569a5318ac0ca9a090680a6a1b1"},
    {file = "numpy-1.24.4-cp310-cp310-manylinux_2_17_aarch64.manylinux2014_aarch64.whl", hash = "sha256:79fc682a374c4a8ed08b331bef9c5f582585d1048fa6d80bc6c35bc384eee9b4"},
    {file = "numpy-1.24.4-cp310-cp310-manylinux_2_17_x86_64.manylinux2014_x86_64.whl", hash = "sha256:7ffe43c74893dbf38c2b0a1f5428760a1a9c98285553c89e12d70a96a7f3a4d6"},
    {file = "numpy-1.24.4-cp310-cp310-win32.whl", hash = "sha256:4c21decb6ea94057331e111a5bed9a79d335658c27ce2adb580fb4d54f2ad9bc"},
    {file = "numpy-1.24.4-cp310-cp310-win_amd64.whl", hash = "sha256:b4bea75e47d9586d31e892a7401f76e909712a0fd510f58f5337bea9572c571e"},
    {file = "numpy-1.24.4-cp311-cp311-macosx_10_9_x86_64.whl", hash = "sha256:f136bab9c2cfd8da131132c2cf6cc27331dd6fae65f95f69dcd4ae3c3639c810"},
    {file = "numpy-1.24.4-cp311-cp311-macosx_11_0_arm64.whl", hash = "sha256:e2926dac25b313635e4d6cf4dc4e51c8c0ebfed60b801c799ffc4c32bf3d1254"},
    {file = "numpy-1.24.4-cp311-cp311-manylinux_2_17_aarch64.manylinux2014_aarch64.whl", hash = "sha256:222e40d0e2548690405b0b3c7b21d1169117391c2e82c378467ef9ab4c8f0da7"},
    {file = "numpy-1.24.4-cp311-cp311-manylinux_2_17_x86_64.manylinux2014_x86_64.whl", hash = "sha256:7215847ce88a85ce39baf9e89070cb860c98fdddacbaa6c0da3ffb31b3350bd5"},
    {file = "numpy-1.24.4-cp311-cp311-win32.whl", hash = "sha256:4979217d7de511a8d57f4b4b5b2b965f707768440c17cb70fbf254c4b225238d"},
    {file = "numpy-1.24.4-cp311-cp311-win_amd64.whl", hash = "sha256:b7b1fc9864d7d39e28f41d089bfd6353cb5f27ecd9905348c24187a768c79694"},
    {file = "numpy-1.24.4-cp38-cp38-macosx_10_9_x86_64.whl", hash = "sha256:1452241c290f3e2a312c137a9999cdbf63f78864d63c79039bda65ee86943f61"},
    {file = "numpy-1.24.4-cp38-cp38-macosx_11_0_arm64.whl", hash = "sha256:04640dab83f7c6c85abf9cd729c5b65f1ebd0ccf9de90b270cd61935eef0197f"},
    {file = "numpy-1.24.4-cp38-cp38-manylinux_2_17_aarch64.manylinux2014_aarch64.whl", hash = "sha256:a5425b114831d1e77e4b5d812b69d11d962e104095a5b9c3b641a218abcc050e"},
    {file = "numpy-1.24.4-cp38-cp38-manylinux_2_17_x86_64.manylinux2014_x86_64.whl", hash = "sha256:dd80e219fd4c71fc3699fc1dadac5dcf4fd882bfc6f7ec53d30fa197b8ee22dc"},
    {file = "numpy-1.24.4-cp38-cp38-win32.whl", hash = "sha256:4602244f345453db537be5314d3983dbf5834a9701b7723ec28923e2889e0bb2"},
    {file = "numpy-1.24.4-cp38-cp38-win_amd64.whl", hash = "sha256:692f2e0f55794943c5bfff12b3f56f99af76f902fc47487bdfe97856de51a706"},
    {file = "numpy-1.24.4-cp39-cp39-macosx_10_9_x86_64.whl", hash = "sha256:2541312fbf09977f3b3ad449c4e5f4bb55d0dbf79226d7724211acc905049400"},
    {file = "numpy-1.24.4-cp39-cp39-macosx_11_0_arm64.whl", hash = "sha256:9667575fb6d13c95f1b36aca12c5ee3356bf001b714fc354eb5465ce1609e62f"},
    {file = "numpy-1.24.4-cp39-cp39-manylinux_2_17_aarch64.manylinux2014_aarch64.whl", hash = "sha256:f3a86ed21e4f87050382c7bc96571755193c4c1392490744ac73d660e8f564a9"},
    {file = "numpy-1.24.4-cp39-cp39-manylinux_2_17_x86_64.manylinux2014_x86_64.whl", hash = "sha256:d11efb4dbecbdf22508d55e48d9c8384db795e1b7b51ea735289ff96613ff74d"},
    {file = "numpy-1.24.4-cp39-cp39-win32.whl", hash = "sha256:6620c0acd41dbcb368610bb2f4d83145674040025e5536954782467100aa8835"},
    {file = "numpy-1.24.4-cp39-cp39-win_amd64.whl", hash = "sha256:befe2bf740fd8373cf56149a5c23a0f601e82869598d41f8e188a0e9869926f8"},
    {file = "numpy-1.24.4-pp38-pypy38_pp73-macosx_10_9_x86_64.whl", hash = "sha256:31f13e25b4e304632a4619d0e0777662c2ffea99fcae2029556b17d8ff958aef"},
    {file = "numpy-1.24.4-pp38-pypy38_pp73-manylinux_2_17_x86_64.manylinux2014_x86_64.whl", hash = "sha256:95f7ac6540e95bc440ad77f56e520da5bf877f87dca58bd095288dce8940532a"},
    {file = "numpy-1.24.4-pp38-pypy38_pp73-win_amd64.whl", hash = "sha256:e98f220aa76ca2a977fe435f5b04d7b3470c0a2e6312907b37ba6068f26787f2"},
    {file = "numpy-1.24.4.tar.gz", hash = "sha256:80f5e3a4e498641401868df4208b74581206afbee7cf7b8329daae82676d9463"},
]

[[package]]
name = "packaging"
version = "23.2"
description = "Core utilities for Python packages"
optional = false
python-versions = ">=3.7"
files = [
    {file = "packaging-23.2-py3-none-any.whl", hash = "sha256:8c491190033a9af7e1d931d0b5dacc2ef47509b34dd0de67ed209b5203fc88c7"},
    {file = "packaging-23.2.tar.gz", hash = "sha256:048fb0e9405036518eaaf48a55953c750c11e1a1b68e0dd1a9d62ed0c092cfc5"},
]

[[package]]
name = "pluggy"
version = "1.5.0"
description = "plugin and hook calling mechanisms for python"
optional = false
python-versions = ">=3.8"
files = [
    {file = "pluggy-1.5.0-py3-none-any.whl", hash = "sha256:44e1ad92c8ca002de6377e165f3e0f1be63266ab4d554740532335b9d75ea669"},
    {file = "pluggy-1.5.0.tar.gz", hash = "sha256:2cffa88e94fdc978c4c574f15f9e59b7f4201d439195c3715ca9e2486f1d0cf1"},
]

[package.extras]
dev = ["pre-commit", "tox"]
testing = ["pytest", "pytest-benchmark"]

[[package]]
name = "pygments"
version = "2.17.2"
description = "Pygments is a syntax highlighting package written in Python."
optional = true
python-versions = ">=3.7"
files = [
    {file = "pygments-2.17.2-py3-none-any.whl", hash = "sha256:b27c2826c47d0f3219f29554824c30c5e8945175d888647acd804ddd04af846c"},
    {file = "pygments-2.17.2.tar.gz", hash = "sha256:da46cec9fd2de5be3a8a784f434e4c4ab670b4ff54d605c4c2717e9d49c4c367"},
]

[package.extras]
plugins = ["importlib-metadata"]
windows-terminal = ["colorama (>=0.4.6)"]

[[package]]
name = "pytest"
version = "8.3.2"
description = "pytest: simple powerful testing with Python"
optional = false
python-versions = ">=3.8"
files = [
    {file = "pytest-8.3.2-py3-none-any.whl", hash = "sha256:4ba08f9ae7dcf84ded419494d229b48d0903ea6407b030eaec46df5e6a73bba5"},
    {file = "pytest-8.3.2.tar.gz", hash = "sha256:c132345d12ce551242c87269de812483f5bcc87cdbb4722e48487ba194f9fdce"},
]

[package.dependencies]
colorama = {version = "*", markers = "sys_platform == \"win32\""}
exceptiongroup = {version = ">=1.0.0rc8", markers = "python_version < \"3.11\""}
iniconfig = "*"
packaging = "*"
pluggy = ">=1.5,<2"
tomli = {version = ">=1", markers = "python_version < \"3.11\""}

[package.extras]
dev = ["argcomplete", "attrs (>=19.2)", "hypothesis (>=3.56)", "mock", "pygments (>=2.7.2)", "requests", "setuptools", "xmlschema"]

[[package]]
name = "rich"
version = "13.7.1"
description = "Render rich text, tables, progress bars, syntax highlighting, markdown and more to the terminal"
optional = true
python-versions = ">=3.7.0"
files = [
    {file = "rich-13.7.1-py3-none-any.whl", hash = "sha256:4edbae314f59eb482f54e9e30bf00d33350aaa94f4bfcd4e9e3110e64d0d7222"},
    {file = "rich-13.7.1.tar.gz", hash = "sha256:9be308cb1fe2f1f57d67ce99e95af38a1e2bc71ad9813b0e247cf7ffbcc3a432"},
]

[package.dependencies]
markdown-it-py = ">=2.2.0"
pygments = ">=2.13.0,<3.0.0"
typing-extensions = {version = ">=4.0.0,<5.0", markers = "python_version < \"3.9\""}

[package.extras]
jupyter = ["ipywidgets (>=7.5.1,<9)"]

[[package]]
name = "tomli"
version = "2.0.1"
description = "A lil' TOML parser"
optional = false
python-versions = ">=3.7"
files = [
    {file = "tomli-2.0.1-py3-none-any.whl", hash = "sha256:939de3e7a6161af0c887ef91b7d41a53e7c5a1ca976325f429cb46ea9bc30ecc"},
    {file = "tomli-2.0.1.tar.gz", hash = "sha256:de526c12914f0c550d15924c62d72abc48d6fe7364aa87328337a31007fe8a4f"},
]

[[package]]
name = "typing-extensions"
version = "4.12.2"
description = "Backported and Experimental Type Hints for Python 3.8+"
optional = false
python-versions = ">=3.8"
files = [
    {file = "typing_extensions-4.12.2-py3-none-any.whl", hash = "sha256:04e5ca0351e0f3f85c6853954072df659d0d13fac324d0072316b67d7794700d"},
    {file = "typing_extensions-4.12.2.tar.gz", hash = "sha256:1a7ead55c7e559dd4dee8856e3a88b41225abfe1ce8df57b7c13915fe121ffb8"},
]

[extras]
cli = ["click", "globsters", "rich"]

[metadata]
lock-version = "2.0"
python-versions = ">=3.8.0"
content-hash = "9ac294f480e023a88331754b93dff316f0e04c75601eb89d673b3b0431b2147b"
