lockfileVersion: '9.0'

settings:
  autoInstallPeers: true
  excludeLinksFromLockfile: false

importers:

  .:
    devDependencies:
      dprint:
        specifier: ^0.49.1
        version: 0.49.1
      pyright:
        specifier: ^1.1.399
        version: 1.1.399

packages:

  '@dprint/darwin-arm64@0.49.1':
    resolution: {integrity: sha512-ib6KcJWo/M5RJWXOQKhP664FG1hAvG7nrbkh+j8n+oXdzmbyDdXTP+zW+aM3/sIQUkGaZky1xy1j2VeScMEEHQ==}
    cpu: [arm64]
    os: [darwin]

  '@dprint/darwin-x64@0.49.1':
    resolution: {integrity: sha512-vIVgnYxV7YYa1d6Uyz707RbgB9rwefGPam+rzaueFNPQjdOxPOTQDuMEJDS+Z3BlI00MfeoupIfIUGsXoM4dpQ==}
    cpu: [x64]
    os: [darwin]

  '@dprint/linux-arm64-glibc@0.49.1':
    resolution: {integrity: sha512-ZeIh6qMPWLBBifDtU0XadpK36b4WoaTqCOt0rWKfoTjq1RAt78EgqETWp43Dbr6et/HvTgYdoWF0ZNEu2FJFFA==}
    cpu: [arm64]
    os: [linux]

  '@dprint/linux-arm64-musl@0.49.1':
    resolution: {integrity: sha512-/nuRyx+TykN6MqhlSCRs/t3o1XXlikiwTc9emWdzMeLGllYvJrcht9gRJ1/q1SqwCFhzgnD9H7roxxfji1tc+Q==}
    cpu: [arm64]
    os: [linux]

  '@dprint/linux-riscv64-glibc@0.49.1':
    resolution: {integrity: sha512-RHBqrnvGO+xW4Oh0QuToBqWtkXMcfjqa1TqbBFF03yopFzZA2oRKX83PhjTWgd/IglaOns0BgmaLJy/JBSxOfQ==}
    cpu: [riscv64]
    os: [linux]

  '@dprint/linux-x64-glibc@0.49.1':
    resolution: {integrity: sha512-MjFE894mIQXOKBencuakKyzAI4KcDe/p0Y9lRp9YSw/FneR4QWH9VBH90h8fRxcIlWMArjFFJJAtsBnn5qgxeg==}
    cpu: [x64]
    os: [linux]

  '@dprint/linux-x64-musl@0.49.1':
    resolution: {integrity: sha512-CvGBWOksHgrL1uzYqtPFvZz0+E82BzgoCIEHJeuYaveEn37qWZS5jqoCm/vz6BfoivE1dVuyyOT78Begj9KxkQ==}
    cpu: [x64]
    os: [linux]

  '@dprint/win32-arm64@0.49.1':
    resolution: {integrity: sha512-gQa4s82lMcXjfdxjWBQun6IJlXdPZZaIj2/2cqXWVEOYPKxAZ/JvGzt2pPG+i73h9KHjNLIV8M9ckqEH3oHufg==}
    cpu: [arm64]
    os: [win32]

  '@dprint/win32-x64@0.49.1':
    resolution: {integrity: sha512-nPU6+hoVze5JJlgET7woYWElBw0IUaB/9XKTaglknQuUUfsmD75D9pkgJTxdIxl9Bg/i5O7c9wb3Nj4XNiTIfw==}
    cpu: [x64]
    os: [win32]

  dprint@0.49.1:
    resolution: {integrity: sha512-pO9XH79SyXybj2Vhc9ITZMEI8cJkdlQQRoD8oEfPH6Jjpp/7WX5kIgECVd3DBOjjAdCSiW6R47v3gJBx/qZVkw==}
    hasBin: true

  fsevents@2.3.3:
    resolution: {integrity: sha512-5xoDfX+fL7faATnagmWPpbFtwh/R77WmMMqqHGS65C3vvB0YHrgF+B1YmZ3441tMj5n63k0212XNoJwzlhffQw==}
    engines: {node: ^8.16.0 || ^10.6.0 || >=11.0.0}
    os: [darwin]

  pyright@1.1.399:
    resolution: {integrity: sha512-roYApcOUEraOc2gTZX052/cw/AZ5rQGkdG/2DtU1/KyhfP+C5zHDlvOT24qRgPXDDkh76AvFwq5quZ1SMahq7w==}
    engines: {node: '>=14.0.0'}
    hasBin: true

snapshots:

  '@dprint/darwin-arm64@0.49.1':
    optional: true

  '@dprint/darwin-x64@0.49.1':
    optional: true

  '@dprint/linux-arm64-glibc@0.49.1':
    optional: true

  '@dprint/linux-arm64-musl@0.49.1':
    optional: true

  '@dprint/linux-riscv64-glibc@0.49.1':
    optional: true

  '@dprint/linux-x64-glibc@0.49.1':
    optional: true

  '@dprint/linux-x64-musl@0.49.1':
    optional: true

  '@dprint/win32-arm64@0.49.1':
    optional: true

  '@dprint/win32-x64@0.49.1':
    optional: true

  dprint@0.49.1:
    optionalDependencies:
      '@dprint/darwin-arm64': 0.49.1
      '@dprint/darwin-x64': 0.49.1
      '@dprint/linux-arm64-glibc': 0.49.1
      '@dprint/linux-arm64-musl': 0.49.1
      '@dprint/linux-riscv64-glibc': 0.49.1
      '@dprint/linux-x64-glibc': 0.49.1
      '@dprint/linux-x64-musl': 0.49.1
      '@dprint/win32-arm64': 0.49.1
      '@dprint/win32-x64': 0.49.1

  fsevents@2.3.3:
    optional: true

  pyright@1.1.399:
    optionalDependencies:
      fsevents: 2.3.3
