[[package]]
name = "atomicwrites"
version = "1.4.0"
description = "Atomic file writes."
category = "dev"
optional = false
python-versions = ">=2.7, !=3.0.*, !=3.1.*, !=3.2.*, !=3.3.*"

[[package]]
name = "attrs"
version = "21.4.0"
description = "Classes Without Boilerplate"
category = "dev"
optional = false
python-versions = ">=2.7, !=3.0.*, !=3.1.*, !=3.2.*, !=3.3.*, !=3.4.*"

[package.extras]
dev = ["coverage[toml] (>=5.0.2)", "hypothesis", "pympler", "pytest (>=4.3.0)", "six", "mypy", "pytest-mypy-plugins", "zope.interface", "furo", "sphinx", "sphinx-notfound-page", "pre-commit", "cloudpickle"]
docs = ["furo", "sphinx", "zope.interface", "sphinx-notfound-page"]
tests = ["coverage[toml] (>=5.0.2)", "hypothesis", "pympler", "pytest (>=4.3.0)", "six", "mypy", "pytest-mypy-plugins", "zope.interface", "cloudpickle"]
tests_no_zope = ["coverage[toml] (>=5.0.2)", "hypothesis", "pympler", "pytest (>=4.3.0)", "six", "mypy", "pytest-mypy-plugins", "cloudpickle"]

[[package]]
name = "colorama"
version = "0.4.4"
description = "Cross-platform colored terminal text."
category = "dev"
optional = false
python-versions = ">=2.7, !=3.0.*, !=3.1.*, !=3.2.*, !=3.3.*, !=3.4.*"

[[package]]
name = "importlib-metadata"
version = "4.8.3"
description = "Read metadata from Python packages"
category = "dev"
optional = false
python-versions = ">=3.6"

[package.dependencies]
typing-extensions = {version = ">=3.6.4", markers = "python_version < \"3.8\""}
zipp = ">=0.5"

[package.extras]
docs = ["sphinx", "jaraco.packaging (>=8.2)", "rst.linker (>=1.9)"]
perf = ["ipython"]
testing = ["pytest (>=6)", "pytest-checkdocs (>=2.4)", "pytest-flake8", "pytest-cov", "pytest-enabler (>=1.0.1)", "packaging", "pep517", "pyfakefs", "flufl.flake8", "pytest-perf (>=0.9.2)", "pytest-black (>=0.3.7)", "pytest-mypy", "importlib-resources (>=1.3)"]

[[package]]
name = "iniconfig"
version = "1.1.1"
description = "iniconfig: brain-dead simple config-ini parsing"
category = "dev"
optional = false
python-versions = "*"

[[package]]
name = "orjson"
version = "3.6.1"
description = "Fast, correct Python JSON library supporting dataclasses, datetimes, and numpy"
category = "main"
optional = true
python-versions = ">=3.6"

[[package]]
name = "packaging"
version = "21.3"
description = "Core utilities for Python packages"
category = "dev"
optional = false
python-versions = ">=3.6"

[package.dependencies]
pyparsing = ">=2.0.2,<3.0.5 || >3.0.5"

[[package]]
name = "pluggy"
version = "1.0.0"
description = "plugin and hook calling mechanisms for python"
category = "dev"
optional = false
python-versions = ">=3.6"

[package.dependencies]
importlib-metadata = {version = ">=0.12", markers = "python_version < \"3.8\""}

[package.extras]
dev = ["pre-commit", "tox"]
testing = ["pytest", "pytest-benchmark"]

[[package]]
name = "py"
version = "1.11.0"
description = "library with cross-python path, ini-parsing, io, code, log facilities"
category = "dev"
optional = false
python-versions = ">=2.7, !=3.0.*, !=3.1.*, !=3.2.*, !=3.3.*, !=3.4.*"

[[package]]
name = "pydantic"
version = "1.9.0"
description = "Data validation and settings management using python 3.6 type hinting"
category = "main"
optional = true
python-versions = ">=3.6.1"

[package.dependencies]
typing-extensions = ">=3.7.4.3"

[package.extras]
dotenv = ["python-dotenv (>=0.10.4)"]
email = ["email-validator (>=1.0.3)"]

[[package]]
name = "pyparsing"
version = "3.0.7"
description = "Python parsing module"
category = "dev"
optional = false
python-versions = ">=3.6"

[package.extras]
diagrams = ["jinja2", "railroad-diagrams"]

[[package]]
name = "pytest"
version = "6.2.5"
description = "pytest: simple powerful testing with Python"
category = "dev"
optional = false
python-versions = ">=3.6"

[package.dependencies]
atomicwrites = {version = ">=1.0", markers = "sys_platform == \"win32\""}
attrs = ">=19.2.0"
colorama = {version = "*", markers = "sys_platform == \"win32\""}
importlib-metadata = {version = ">=0.12", markers = "python_version < \"3.8\""}
iniconfig = "*"
packaging = "*"
pluggy = ">=0.12,<2.0"
py = ">=1.8.2"
toml = "*"

[package.extras]
testing = ["argcomplete", "hypothesis (>=3.56)", "mock", "nose", "requests", "xmlschema"]

[[package]]
name = "python-rapidjson"
version = "1.5"
description = "Python wrapper around rapidjson"
category = "main"
optional = true
python-versions = ">=3.6"

[[package]]
name = "toml"
version = "0.10.2"
description = "Python Library for Tom's Obvious, Minimal Language"
category = "dev"
optional = false
python-versions = ">=2.6, !=3.0.*, !=3.1.*, !=3.2.*"

[[package]]
name = "typing-extensions"
version = "4.0.1"
description = "Backported and Experimental Type Hints for Python 3.6+"
category = "main"
optional = false
python-versions = ">=3.6"

[[package]]
name = "xtyping"
version = "0.5.0"
description = "xtyping = typing + typing_extensions"
category = "main"
optional = false
python-versions = ">=3.6.2,<4.0.0"

[package.dependencies]
typing-extensions = ">=4.0.0,<5.0.0"

[[package]]
name = "zipp"
version = "3.6.0"
description = "Backport of pathlib-compatible object wrapper for zip files"
category = "dev"
optional = false
python-versions = ">=3.6"

[package.extras]
docs = ["sphinx", "jaraco.packaging (>=8.2)", "rst.linker (>=1.9)"]
testing = ["pytest (>=4.6)", "pytest-checkdocs (>=2.4)", "pytest-flake8", "pytest-cov", "pytest-enabler (>=1.0.1)", "jaraco.itertools", "func-timeout", "pytest-black (>=0.3.7)", "pytest-mypy"]

[extras]
all = ["orjson", "pydantic", "python-rapidjson"]
full = ["orjson", "pydantic", "python-rapidjson"]
orjson = ["orjson"]
pydantic = ["pydantic"]
rapidjson = ["python-rapidjson"]

[metadata]
lock-version = "1.1"
python-versions = "^3.7"
content-hash = "c7a4c31054db8c50e02afc17ff2461e582f45107b126ab5b3453125c26a38f45"

[metadata.files]
atomicwrites = [
    {file = "atomicwrites-1.4.0-py2.py3-none-any.whl", hash = "sha256:6d1784dea7c0c8d4a5172b6c620f40b6e4cbfdf96d783691f2e1302a7b88e197"},
    {file = "atomicwrites-1.4.0.tar.gz", hash = "sha256:ae70396ad1a434f9c7046fd2dd196fc04b12f9e91ffb859164193be8b6168a7a"},
]
attrs = [
    {file = "attrs-21.4.0-py2.py3-none-any.whl", hash = "sha256:2d27e3784d7a565d36ab851fe94887c5eccd6a463168875832a1be79c82828b4"},
    {file = "attrs-21.4.0.tar.gz", hash = "sha256:626ba8234211db98e869df76230a137c4c40a12d72445c45d5f5b716f076e2fd"},
]
colorama = [
    {file = "colorama-0.4.4-py2.py3-none-any.whl", hash = "sha256:9f47eda37229f68eee03b24b9748937c7dc3868f906e8ba69fbcbdd3bc5dc3e2"},
    {file = "colorama-0.4.4.tar.gz", hash = "sha256:5941b2b48a20143d2267e95b1c2a7603ce057ee39fd88e7329b0c292aa16869b"},
]
importlib-metadata = [
    {file = "importlib_metadata-4.8.3-py3-none-any.whl", hash = "sha256:65a9576a5b2d58ca44d133c42a241905cc45e34d2c06fd5ba2bafa221e5d7b5e"},
    {file = "importlib_metadata-4.8.3.tar.gz", hash = "sha256:766abffff765960fcc18003801f7044eb6755ffae4521c8e8ce8e83b9c9b0668"},
]
iniconfig = [
    {file = "iniconfig-1.1.1-py2.py3-none-any.whl", hash = "sha256:011e24c64b7f47f6ebd835bb12a743f2fbe9a26d4cecaa7f53bc4f35ee9da8b3"},
    {file = "iniconfig-1.1.1.tar.gz", hash = "sha256:bc3af051d7d14b2ee5ef9969666def0cd1a000e121eaea580d4a313df4b37f32"},
]
orjson = [
    {file = "orjson-3.6.1-cp310-cp310-manylinux_2_24_aarch64.whl", hash = "sha256:ee75753d1929ddd84702ac75d146083c501c7b1978acb35561a25093446b7f5a"},
    {file = "orjson-3.6.1-cp310-cp310-manylinux_2_24_x86_64.whl", hash = "sha256:52bd32016e9cc55ca89ce5678196e5d55fec72ded9d9bd2e1e10745b9144562f"},
    {file = "orjson-3.6.1-cp36-cp36m-macosx_10_7_x86_64.whl", hash = "sha256:3954406cc8890f08632dd6f2fabc11fd93003ff843edc4aa1c02bfe326d8e7db"},
    {file = "orjson-3.6.1-cp36-cp36m-macosx_10_9_x86_64.macosx_11_0_arm64.macosx_10_9_universal2.whl", hash = "sha256:8e4052206bc63267d7a578e66d6f1bf560573a408fbd97b748f468f7109159e9"},
    {file = "orjson-3.6.1-cp36-cp36m-manylinux_2_17_aarch64.manylinux2014_aarch64.whl", hash = "sha256:97dc56a8edbe5c3df807b3fcf67037184938262475759ac3038f1287909303ec"},
    {file = "orjson-3.6.1-cp36-cp36m-manylinux_2_17_x86_64.manylinux2014_x86_64.whl", hash = "sha256:bcf28d08fd0e22632e165c6961054a2e2ce85fbf55c8f135d21a391b87b8355a"},
    {file = "orjson-3.6.1-cp36-cp36m-manylinux_2_24_x86_64.whl", hash = "sha256:0f707c232d1d99d9812b81aac727be5185e53df7c7847dabcbf2d8888269933c"},
    {file = "orjson-3.6.1-cp36-none-win_amd64.whl", hash = "sha256:6c32b0fdc96d22a9eb086afc362e51e9be8433741d73c1b5850b929815aa722c"},
    {file = "orjson-3.6.1-cp37-cp37m-macosx_10_7_x86_64.whl", hash = "sha256:a173b436d43707ba8e6d11d073b95f0992b623749fd135ebd04489f6b656aeb9"},
    {file = "orjson-3.6.1-cp37-cp37m-macosx_10_9_x86_64.macosx_11_0_arm64.macosx_10_9_universal2.whl", hash = "sha256:2c7ba86aff33ca9cfd5f00f3a2a40d7d40047ad848548cb13885f60f077fd44c"},
    {file = "orjson-3.6.1-cp37-cp37m-manylinux_2_17_aarch64.manylinux2014_aarch64.whl", hash = "sha256:33e0be636962015fbb84a203f3229744e071e1ef76f48686f76cb639bdd4c695"},
    {file = "orjson-3.6.1-cp37-cp37m-manylinux_2_17_x86_64.manylinux2014_x86_64.whl", hash = "sha256:fa7f9c3e8db204ff9e9a3a0ff4558c41f03f12515dd543720c6b0cebebcd8cbc"},
    {file = "orjson-3.6.1-cp37-cp37m-manylinux_2_24_x86_64.whl", hash = "sha256:a89c4acc1cd7200fd92b68948fdd49b1789a506682af82e69a05eefd0c1f2602"},
    {file = "orjson-3.6.1-cp37-none-win_amd64.whl", hash = "sha256:a4810a875f56e0c0eb521fd84ab084f75026e5be8fd2163d08216796f473b552"},
    {file = "orjson-3.6.1-cp38-cp38-macosx_10_7_x86_64.whl", hash = "sha256:310d95d3abfe1d417fcafc592a1b6ce4b5618395739d701eb55b1361a0d93391"},
    {file = "orjson-3.6.1-cp38-cp38-macosx_10_9_x86_64.macosx_11_0_arm64.macosx_10_9_universal2.whl", hash = "sha256:62fb8f8949d70cefe6944818f5ea410520a626d5a4b33a090d5a93a6d7c657a3"},
    {file = "orjson-3.6.1-cp38-cp38-manylinux_2_17_aarch64.manylinux2014_aarch64.whl", hash = "sha256:b9eb1d8b15779733cf07df61d74b3a8705fe0f0156392aff1c634b83dba19b8a"},
    {file = "orjson-3.6.1-cp38-cp38-manylinux_2_17_x86_64.manylinux2014_x86_64.whl", hash = "sha256:4723120784a50cbf3defb65b5eb77ea0b17d3633ade7ce2cd564cec954fd6fd0"},
    {file = "orjson-3.6.1-cp38-cp38-manylinux_2_24_x86_64.whl", hash = "sha256:1575700c542b98f6149dc5783e28709dccd27222b07ede6d0709a63cd08ec557"},
    {file = "orjson-3.6.1-cp38-none-win_amd64.whl", hash = "sha256:76d82b2c5c9f87629069f7b92053c64417fc5a42fdba08fece1d94c4483c5050"},
    {file = "orjson-3.6.1-cp39-cp39-macosx_10_7_x86_64.whl", hash = "sha256:cb84f10b816ed0cb8040e0d07bfe260549798f8929e9ab88b07622924d1a215f"},
    {file = "orjson-3.6.1-cp39-cp39-macosx_10_9_x86_64.macosx_11_0_arm64.macosx_10_9_universal2.whl", hash = "sha256:7e6211e515dd4bd5fbb09e6de6202c106619c059221ac29da41bc77a78812bb0"},
    {file = "orjson-3.6.1-cp39-cp39-manylinux_2_17_aarch64.manylinux2014_aarch64.whl", hash = "sha256:f15267d2e7195331b9823e278f953058721f0feaa5e6f2a7f62a8768858eed3b"},
    {file = "orjson-3.6.1-cp39-cp39-manylinux_2_17_x86_64.manylinux2014_x86_64.whl", hash = "sha256:973e67cf4b8da44c02c3d1b0e68fb6c18630f67a20e1f7f59e4f005e0df622a0"},
    {file = "orjson-3.6.1-cp39-cp39-manylinux_2_24_x86_64.whl", hash = "sha256:1cdeda055b606c308087c5492f33650af4491a67315f89829d8680db9653137c"},
    {file = "orjson-3.6.1-cp39-none-win_amd64.whl", hash = "sha256:cd0dea1eb5fc48e441e4bfd6a26baa21a5ab44c3081025f5ce9248e38d89fbfa"},
    {file = "orjson-3.6.1.tar.gz", hash = "sha256:5ee598ce6e943afeb84d5706dc604bf90f74e67dc972af12d08af22249bd62d6"},
]
packaging = [
    {file = "packaging-21.3-py3-none-any.whl", hash = "sha256:ef103e05f519cdc783ae24ea4e2e0f508a9c99b2d4969652eed6a2e1ea5bd522"},
    {file = "packaging-21.3.tar.gz", hash = "sha256:dd47c42927d89ab911e606518907cc2d3a1f38bbd026385970643f9c5b8ecfeb"},
]
pluggy = [
    {file = "pluggy-1.0.0-py2.py3-none-any.whl", hash = "sha256:74134bbf457f031a36d68416e1509f34bd5ccc019f0bcc952c7b909d06b37bd3"},
    {file = "pluggy-1.0.0.tar.gz", hash = "sha256:4224373bacce55f955a878bf9cfa763c1e360858e330072059e10bad68531159"},
]
py = [
    {file = "py-1.11.0-py2.py3-none-any.whl", hash = "sha256:607c53218732647dff4acdfcd50cb62615cedf612e72d1724fb1a0cc6405b378"},
    {file = "py-1.11.0.tar.gz", hash = "sha256:51c75c4126074b472f746a24399ad32f6053d1b34b68d2fa41e558e6f4a98719"},
]
pydantic = [
    {file = "pydantic-1.9.0-cp310-cp310-macosx_10_9_x86_64.whl", hash = "sha256:cb23bcc093697cdea2708baae4f9ba0e972960a835af22560f6ae4e7e47d33f5"},
    {file = "pydantic-1.9.0-cp310-cp310-macosx_11_0_arm64.whl", hash = "sha256:1d5278bd9f0eee04a44c712982343103bba63507480bfd2fc2790fa70cd64cf4"},
    {file = "pydantic-1.9.0-cp310-cp310-manylinux_2_17_x86_64.manylinux2014_x86_64.whl", hash = "sha256:ab624700dc145aa809e6f3ec93fb8e7d0f99d9023b713f6a953637429b437d37"},
    {file = "pydantic-1.9.0-cp310-cp310-manylinux_2_5_i686.manylinux1_i686.manylinux_2_17_i686.manylinux2014_i686.whl", hash = "sha256:c8d7da6f1c1049eefb718d43d99ad73100c958a5367d30b9321b092771e96c25"},
    {file = "pydantic-1.9.0-cp310-cp310-musllinux_1_1_i686.whl", hash = "sha256:3c3b035103bd4e2e4a28da9da7ef2fa47b00ee4a9cf4f1a735214c1bcd05e0f6"},
    {file = "pydantic-1.9.0-cp310-cp310-musllinux_1_1_x86_64.whl", hash = "sha256:3011b975c973819883842c5ab925a4e4298dffccf7782c55ec3580ed17dc464c"},
    {file = "pydantic-1.9.0-cp310-cp310-win_amd64.whl", hash = "sha256:086254884d10d3ba16da0588604ffdc5aab3f7f09557b998373e885c690dd398"},
    {file = "pydantic-1.9.0-cp36-cp36m-macosx_10_9_x86_64.whl", hash = "sha256:0fe476769acaa7fcddd17cadd172b156b53546ec3614a4d880e5d29ea5fbce65"},
    {file = "pydantic-1.9.0-cp36-cp36m-manylinux_2_17_x86_64.manylinux2014_x86_64.whl", hash = "sha256:c8e9dcf1ac499679aceedac7e7ca6d8641f0193c591a2d090282aaf8e9445a46"},
    {file = "pydantic-1.9.0-cp36-cp36m-manylinux_2_5_i686.manylinux1_i686.manylinux_2_17_i686.manylinux2014_i686.whl", hash = "sha256:d1e4c28f30e767fd07f2ddc6f74f41f034d1dd6bc526cd59e63a82fe8bb9ef4c"},
    {file = "pydantic-1.9.0-cp36-cp36m-musllinux_1_1_i686.whl", hash = "sha256:c86229333cabaaa8c51cf971496f10318c4734cf7b641f08af0a6fbf17ca3054"},
    {file = "pydantic-1.9.0-cp36-cp36m-musllinux_1_1_x86_64.whl", hash = "sha256:c0727bda6e38144d464daec31dff936a82917f431d9c39c39c60a26567eae3ed"},
    {file = "pydantic-1.9.0-cp36-cp36m-win_amd64.whl", hash = "sha256:dee5ef83a76ac31ab0c78c10bd7d5437bfdb6358c95b91f1ba7ff7b76f9996a1"},
    {file = "pydantic-1.9.0-cp37-cp37m-macosx_10_9_x86_64.whl", hash = "sha256:d9c9bdb3af48e242838f9f6e6127de9be7063aad17b32215ccc36a09c5cf1070"},
    {file = "pydantic-1.9.0-cp37-cp37m-manylinux_2_17_x86_64.manylinux2014_x86_64.whl", hash = "sha256:2ee7e3209db1e468341ef41fe263eb655f67f5c5a76c924044314e139a1103a2"},
    {file = "pydantic-1.9.0-cp37-cp37m-manylinux_2_5_i686.manylinux1_i686.manylinux_2_17_i686.manylinux2014_i686.whl", hash = "sha256:0b6037175234850ffd094ca77bf60fb54b08b5b22bc85865331dd3bda7a02fa1"},
    {file = "pydantic-1.9.0-cp37-cp37m-musllinux_1_1_i686.whl", hash = "sha256:b2571db88c636d862b35090ccf92bf24004393f85c8870a37f42d9f23d13e032"},
    {file = "pydantic-1.9.0-cp37-cp37m-musllinux_1_1_x86_64.whl", hash = "sha256:8b5ac0f1c83d31b324e57a273da59197c83d1bb18171e512908fe5dc7278a1d6"},
    {file = "pydantic-1.9.0-cp37-cp37m-win_amd64.whl", hash = "sha256:bbbc94d0c94dd80b3340fc4f04fd4d701f4b038ebad72c39693c794fd3bc2d9d"},
    {file = "pydantic-1.9.0-cp38-cp38-macosx_10_9_x86_64.whl", hash = "sha256:e0896200b6a40197405af18828da49f067c2fa1f821491bc8f5bde241ef3f7d7"},
    {file = "pydantic-1.9.0-cp38-cp38-macosx_11_0_arm64.whl", hash = "sha256:7bdfdadb5994b44bd5579cfa7c9b0e1b0e540c952d56f627eb227851cda9db77"},
    {file = "pydantic-1.9.0-cp38-cp38-manylinux_2_17_x86_64.manylinux2014_x86_64.whl", hash = "sha256:574936363cd4b9eed8acdd6b80d0143162f2eb654d96cb3a8ee91d3e64bf4cf9"},
    {file = "pydantic-1.9.0-cp38-cp38-manylinux_2_5_i686.manylinux1_i686.manylinux_2_17_i686.manylinux2014_i686.whl", hash = "sha256:c556695b699f648c58373b542534308922c46a1cda06ea47bc9ca45ef5b39ae6"},
    {file = "pydantic-1.9.0-cp38-cp38-musllinux_1_1_i686.whl", hash = "sha256:f947352c3434e8b937e3aa8f96f47bdfe6d92779e44bb3f41e4c213ba6a32145"},
    {file = "pydantic-1.9.0-cp38-cp38-musllinux_1_1_x86_64.whl", hash = "sha256:5e48ef4a8b8c066c4a31409d91d7ca372a774d0212da2787c0d32f8045b1e034"},
    {file = "pydantic-1.9.0-cp38-cp38-win_amd64.whl", hash = "sha256:96f240bce182ca7fe045c76bcebfa0b0534a1bf402ed05914a6f1dadff91877f"},
    {file = "pydantic-1.9.0-cp39-cp39-macosx_10_9_x86_64.whl", hash = "sha256:815ddebb2792efd4bba5488bc8fde09c29e8ca3227d27cf1c6990fc830fd292b"},
    {file = "pydantic-1.9.0-cp39-cp39-macosx_11_0_arm64.whl", hash = "sha256:6c5b77947b9e85a54848343928b597b4f74fc364b70926b3c4441ff52620640c"},
    {file = "pydantic-1.9.0-cp39-cp39-manylinux_2_17_x86_64.manylinux2014_x86_64.whl", hash = "sha256:4c68c3bc88dbda2a6805e9a142ce84782d3930f8fdd9655430d8576315ad97ce"},
    {file = "pydantic-1.9.0-cp39-cp39-manylinux_2_5_i686.manylinux1_i686.manylinux_2_17_i686.manylinux2014_i686.whl", hash = "sha256:5a79330f8571faf71bf93667d3ee054609816f10a259a109a0738dac983b23c3"},
    {file = "pydantic-1.9.0-cp39-cp39-musllinux_1_1_i686.whl", hash = "sha256:f5a64b64ddf4c99fe201ac2724daada8595ada0d102ab96d019c1555c2d6441d"},
    {file = "pydantic-1.9.0-cp39-cp39-musllinux_1_1_x86_64.whl", hash = "sha256:a733965f1a2b4090a5238d40d983dcd78f3ecea221c7af1497b845a9709c1721"},
    {file = "pydantic-1.9.0-cp39-cp39-win_amd64.whl", hash = "sha256:2cc6a4cb8a118ffec2ca5fcb47afbacb4f16d0ab8b7350ddea5e8ef7bcc53a16"},
    {file = "pydantic-1.9.0-py3-none-any.whl", hash = "sha256:085ca1de245782e9b46cefcf99deecc67d418737a1fd3f6a4f511344b613a5b3"},
    {file = "pydantic-1.9.0.tar.gz", hash = "sha256:742645059757a56ecd886faf4ed2441b9c0cd406079c2b4bee51bcc3fbcd510a"},
]
pyparsing = [
    {file = "pyparsing-3.0.7-py3-none-any.whl", hash = "sha256:a6c06a88f252e6c322f65faf8f418b16213b51bdfaece0524c1c1bc30c63c484"},
    {file = "pyparsing-3.0.7.tar.gz", hash = "sha256:18ee9022775d270c55187733956460083db60b37d0d0fb357445f3094eed3eea"},
]
pytest = [
    {file = "pytest-6.2.5-py3-none-any.whl", hash = "sha256:7310f8d27bc79ced999e760ca304d69f6ba6c6649c0b60fb0e04a4a77cacc134"},
    {file = "pytest-6.2.5.tar.gz", hash = "sha256:131b36680866a76e6781d13f101efb86cf674ebb9762eb70d3082b6f29889e89"},
]
python-rapidjson = [
    {file = "python-rapidjson-1.5.tar.gz", hash = "sha256:04323e63cf57f7ed927fd9bcb1861ef5ecb0d4d7213f2755969d4a1ac3c2de6f"},
    {file = "python_rapidjson-1.5-cp310-cp310-macosx_10_9_x86_64.whl", hash = "sha256:18479fa7f9d23468f9b1eeeacd83698979164c80ce86d786024ac73480049e77"},
    {file = "python_rapidjson-1.5-cp310-cp310-manylinux_2_17_aarch64.manylinux2014_aarch64.whl", hash = "sha256:27b88d73a821f772d72d13aacdae229898f4c2e4d4fdee50f82128cf9974e92f"},
    {file = "python_rapidjson-1.5-cp310-cp310-manylinux_2_5_i686.manylinux1_i686.manylinux_2_12_i686.manylinux2010_i686.whl", hash = "sha256:3fdda4556c5c10f936b4e3bba14dd38becf8f861a536d2024b9d04ac200d9b4b"},
    {file = "python_rapidjson-1.5-cp310-cp310-manylinux_2_5_x86_64.manylinux1_x86_64.manylinux_2_12_x86_64.manylinux2010_x86_64.whl", hash = "sha256:75cbfcc038ec9db9c02322d3e43567183a1c3699ea223e8bd5082ce2d4c8a559"},
    {file = "python_rapidjson-1.5-cp310-cp310-win32.whl", hash = "sha256:af53be06737fd20c473613bda7a7c2207b75f25a078a3d6cde630bd40b125345"},
    {file = "python_rapidjson-1.5-cp310-cp310-win_amd64.whl", hash = "sha256:f378588baff7e3e7f1afb01de3912f969c727bdaaa7566c456bbebe3852a5e23"},
    {file = "python_rapidjson-1.5-cp36-cp36m-macosx_10_9_x86_64.whl", hash = "sha256:bf7c508b314d27505a607fd9a7298b3dd08cd44feb1c07d064c9fb24045639b7"},
    {file = "python_rapidjson-1.5-cp36-cp36m-manylinux_2_17_aarch64.manylinux2014_aarch64.whl", hash = "sha256:def01cf09efc6069e4d1b98702d02f8962c272624e8222f6c748e32f4a8adb77"},
    {file = "python_rapidjson-1.5-cp36-cp36m-manylinux_2_5_i686.manylinux1_i686.manylinux_2_12_i686.manylinux2010_i686.whl", hash = "sha256:d38230f20ece88147cb94af37a4822d8587ba44a32d5de1f49db10fa0e2dc925"},
    {file = "python_rapidjson-1.5-cp36-cp36m-manylinux_2_5_x86_64.manylinux1_x86_64.manylinux_2_12_x86_64.manylinux2010_x86_64.whl", hash = "sha256:4e865fc060d9542a3ba50fd7a76200b2fa83e05a6a2d16f23bb101b571ca0375"},
    {file = "python_rapidjson-1.5-cp36-cp36m-win32.whl", hash = "sha256:f179435686348fe04e9cf4edeaca25830adf5c73213c9f662888a53c2191e04e"},
    {file = "python_rapidjson-1.5-cp36-cp36m-win_amd64.whl", hash = "sha256:1a743dab61e9ee1ea6e5abcf378ccd344b6c11dd80db583244ec7cc958c3e03c"},
    {file = "python_rapidjson-1.5-cp37-cp37m-macosx_10_9_x86_64.whl", hash = "sha256:92b25445e52230db0b9477a6c2238cf86ba08aceb8b1d026a4baa994dc7ecab6"},
    {file = "python_rapidjson-1.5-cp37-cp37m-manylinux_2_17_aarch64.manylinux2014_aarch64.whl", hash = "sha256:e0e7e6f5e01ebb72b6126db2495c7f898f01b02f92b2a2632ceecfa5d98e8ff4"},
    {file = "python_rapidjson-1.5-cp37-cp37m-manylinux_2_5_i686.manylinux1_i686.manylinux_2_12_i686.manylinux2010_i686.whl", hash = "sha256:133516839bb058876df971c1dc18aaad841c973990bde2b233a76953ccb5b0d8"},
    {file = "python_rapidjson-1.5-cp37-cp37m-manylinux_2_5_x86_64.manylinux1_x86_64.manylinux_2_12_x86_64.manylinux2010_x86_64.whl", hash = "sha256:94623a6a759b02b949f14ac11e15d49a6d0c78003a7966b711418a37b0bbc52d"},
    {file = "python_rapidjson-1.5-cp37-cp37m-win32.whl", hash = "sha256:58ac94b595162d0a0c873456703dd851d850c9f6b07622878ad9e98215b1e5b5"},
    {file = "python_rapidjson-1.5-cp37-cp37m-win_amd64.whl", hash = "sha256:ef8e16765ab230a958060c7639ae6617e720313faff2e5c30495dc1363e117d1"},
    {file = "python_rapidjson-1.5-cp38-cp38-macosx_10_9_x86_64.whl", hash = "sha256:55f948bdb73ed577f18054ca53c5ec92e8502f68894b51b3e6899fa259a6850e"},
    {file = "python_rapidjson-1.5-cp38-cp38-manylinux_2_17_aarch64.manylinux2014_aarch64.whl", hash = "sha256:cd41c155599032aaf8c20604b71bd7f4109ef9400f8fcea04a155e8b3d3bc20f"},
    {file = "python_rapidjson-1.5-cp38-cp38-manylinux_2_5_i686.manylinux1_i686.manylinux_2_12_i686.manylinux2010_i686.whl", hash = "sha256:389eed04f81d8952b25d1ab45cd12103cbd014e9e0f9bc249157279da3669ebd"},
    {file = "python_rapidjson-1.5-cp38-cp38-manylinux_2_5_x86_64.manylinux1_x86_64.manylinux_2_12_x86_64.manylinux2010_x86_64.whl", hash = "sha256:459272d561d03b308fb2cbca4312955ae8ed7d13a81c5f2d5324149433d3299d"},
    {file = "python_rapidjson-1.5-cp38-cp38-win32.whl", hash = "sha256:0890330cea15a4e0e48d0257890c2bc4700ffbe4fd3ba3c459bbf0af3a86139d"},
    {file = "python_rapidjson-1.5-cp38-cp38-win_amd64.whl", hash = "sha256:869c58ca3b1e64fe9ce612c4a05d792c6e299a206e7efcb3eb4e5fbbad938e40"},
    {file = "python_rapidjson-1.5-cp39-cp39-macosx_10_9_x86_64.whl", hash = "sha256:c1121e0de5179b923c62b2da843d0f110d83880ad4f8f66acaebb88a2c8fc28d"},
    {file = "python_rapidjson-1.5-cp39-cp39-manylinux_2_17_aarch64.manylinux2014_aarch64.whl", hash = "sha256:c1ce13e7bd08b8fd9d8ef8dc20f153100afc5aead1bbb0e6f5c216bd4d8d8a31"},
    {file = "python_rapidjson-1.5-cp39-cp39-manylinux_2_5_i686.manylinux1_i686.manylinux_2_12_i686.manylinux2010_i686.whl", hash = "sha256:54c5a3df3539752ae544725f93e03250be82834f0025fe3cf95126d75acbf4aa"},
    {file = "python_rapidjson-1.5-cp39-cp39-manylinux_2_5_x86_64.manylinux1_x86_64.manylinux_2_12_x86_64.manylinux2010_x86_64.whl", hash = "sha256:f83c5515e4acc0cef7d98c4623a357f54c2c4833d918477a12eb595658b4fd75"},
    {file = "python_rapidjson-1.5-cp39-cp39-win32.whl", hash = "sha256:3af7c7aad5b93913a2eda2746e1fb91ec8fc7e54596fe5b1a5740048bc4480f9"},
    {file = "python_rapidjson-1.5-cp39-cp39-win_amd64.whl", hash = "sha256:121a787596cd3e1a4913cefab734dfcec635e9ad5b33d034728e28d1514e9068"},
]
toml = [
    {file = "toml-0.10.2-py2.py3-none-any.whl", hash = "sha256:806143ae5bfb6a3c6e736a764057db0e6a0e05e338b5630894a5f779cabb4f9b"},
    {file = "toml-0.10.2.tar.gz", hash = "sha256:b3bda1d108d5dd99f4a20d24d9c348e91c4db7ab1b749200bded2f839ccbe68f"},
]
typing-extensions = [
    {file = "typing_extensions-4.0.1-py3-none-any.whl", hash = "sha256:7f001e5ac290a0c0401508864c7ec868be4e701886d5b573a9528ed3973d9d3b"},
    {file = "typing_extensions-4.0.1.tar.gz", hash = "sha256:4ca091dea149f945ec56afb48dae714f21e8692ef22a395223bcd328961b6a0e"},
]
xtyping = [
    {file = "xtyping-0.5.0-py3-none-any.whl", hash = "sha256:0919fa6e049386ce99a16650add69d68f0df85d2cd44fab445d7b3787b49fbd8"},
    {file = "xtyping-0.5.0.tar.gz", hash = "sha256:eaac195200f9624dc77b48b5d226cda398a51291b80fb83bba05beef5ca00834"},
]
zipp = [
    {file = "zipp-3.6.0-py3-none-any.whl", hash = "sha256:9fe5ea21568a0a70e50f273397638d39b03353731e6cbbb3fd8502a33fec40bc"},
    {file = "zipp-3.6.0.tar.gz", hash = "sha256:71c644c5369f4a6e07636f0aa966270449561fcea2e3d6747b8d23efaa9d7832"},
]
