[[package]]
name = "atomicwrites"
version = "1.4.0"
description = "Atomic file writes."
category = "dev"
optional = false
python-versions = ">=2.7, !=3.0.*, !=3.1.*, !=3.2.*, !=3.3.*"

[[package]]
name = "attrs"
version = "20.3.0"
description = "Classes Without Boilerplate"
category = "dev"
optional = false
python-versions = ">=2.7, !=3.0.*, !=3.1.*, !=3.2.*, !=3.3.*"

[package.extras]
dev = ["coverage[toml] (>=5.0.2)", "hypothesis", "pympler", "pytest (>=4.3.0)", "six", "zope.interface", "furo", "sphinx", "pre-commit"]
docs = ["furo", "sphinx", "zope.interface"]
tests = ["coverage[toml] (>=5.0.2)", "hypothesis", "pympler", "pytest (>=4.3.0)", "six", "zope.interface"]
tests_no_zope = ["coverage[toml] (>=5.0.2)", "hypothesis", "pympler", "pytest (>=4.3.0)", "six"]

[[package]]
name = "colorama"
version = "0.4.4"
description = "Cross-platform colored terminal text."
category = "dev"
optional = false
python-versions = ">=2.7, !=3.0.*, !=3.1.*, !=3.2.*, !=3.3.*, !=3.4.*"

[[package]]
name = "dataclasses"
version = "0.8"
description = "A backport of the dataclasses module for Python 3.6"
category = "main"
optional = true
python-versions = ">=3.6, <3.7"

[[package]]
name = "importlib-metadata"
version = "3.4.0"
description = "Read metadata from Python packages"
category = "dev"
optional = false
python-versions = ">=3.6"

[package.dependencies]
typing-extensions = {version = ">=3.6.4", markers = "python_version < \"3.8\""}
zipp = ">=0.5"

[package.extras]
docs = ["sphinx", "jaraco.packaging (>=8.2)", "rst.linker (>=1.9)"]
testing = ["pytest (>=3.5,!=3.7.3)", "pytest-checkdocs (>=1.2.3)", "pytest-flake8", "pytest-cov", "pytest-enabler", "packaging", "pep517", "pyfakefs", "flufl.flake8", "pytest-black (>=0.3.7)", "pytest-mypy", "importlib-resources (>=1.3)"]

[[package]]
name = "more-itertools"
version = "8.7.0"
description = "More routines for operating on iterables, beyond itertools"
category = "dev"
optional = false
python-versions = ">=3.5"

[[package]]
name = "orjson"
version = "3.4.8"
description = "Fast, correct Python JSON library supporting dataclasses, datetimes, and numpy"
category = "main"
optional = true
python-versions = ">=3.6"

[[package]]
name = "packaging"
version = "20.9"
description = "Core utilities for Python packages"
category = "dev"
optional = false
python-versions = ">=2.7, !=3.0.*, !=3.1.*, !=3.2.*, !=3.3.*"

[package.dependencies]
pyparsing = ">=2.0.2"

[[package]]
name = "pluggy"
version = "0.13.1"
description = "plugin and hook calling mechanisms for python"
category = "dev"
optional = false
python-versions = ">=2.7, !=3.0.*, !=3.1.*, !=3.2.*, !=3.3.*"

[package.dependencies]
importlib-metadata = {version = ">=0.12", markers = "python_version < \"3.8\""}

[package.extras]
dev = ["pre-commit", "tox"]

[[package]]
name = "py"
version = "1.10.0"
description = "library with cross-python path, ini-parsing, io, code, log facilities"
category = "dev"
optional = false
python-versions = ">=2.7, !=3.0.*, !=3.1.*, !=3.2.*, !=3.3.*"

[[package]]
name = "pydantic"
version = "1.7.3"
description = "Data validation and settings management using python 3.6 type hinting"
category = "main"
optional = true
python-versions = ">=3.6"

[package.dependencies]
dataclasses = {version = ">=0.6", markers = "python_version < \"3.7\""}

[package.extras]
dotenv = ["python-dotenv (>=0.10.4)"]
email = ["email-validator (>=1.0.3)"]
typing_extensions = ["typing-extensions (>=3.7.2)"]

[[package]]
name = "pyparsing"
version = "2.4.7"
description = "Python parsing module"
category = "dev"
optional = false
python-versions = ">=2.6, !=3.0.*, !=3.1.*, !=3.2.*"

[[package]]
name = "pytest"
version = "5.4.3"
description = "pytest: simple powerful testing with Python"
category = "dev"
optional = false
python-versions = ">=3.5"

[package.dependencies]
atomicwrites = {version = ">=1.0", markers = "sys_platform == \"win32\""}
attrs = ">=17.4.0"
colorama = {version = "*", markers = "sys_platform == \"win32\""}
importlib-metadata = {version = ">=0.12", markers = "python_version < \"3.8\""}
more-itertools = ">=4.0.0"
packaging = "*"
pluggy = ">=0.12,<1.0"
py = ">=1.5.0"
wcwidth = "*"

[package.extras]
checkqa-mypy = ["mypy (==v0.761)"]
testing = ["argcomplete", "hypothesis (>=3.56)", "mock", "nose", "requests", "xmlschema"]

[[package]]
name = "python-rapidjson"
version = "0.9.4"
description = "Python wrapper around rapidjson"
category = "main"
optional = true
python-versions = ">=3.4"

[[package]]
name = "typing-extensions"
version = "3.7.4.3"
description = "Backported and Experimental Type Hints for Python 3.5+"
category = "dev"
optional = false
python-versions = "*"

[[package]]
name = "wcwidth"
version = "0.2.5"
description = "Measures the displayed width of unicode strings in a terminal"
category = "dev"
optional = false
python-versions = "*"

[[package]]
name = "zipp"
version = "3.4.0"
description = "Backport of pathlib-compatible object wrapper for zip files"
category = "dev"
optional = false
python-versions = ">=3.6"

[package.extras]
docs = ["sphinx", "jaraco.packaging (>=3.2)", "rst.linker (>=1.9)"]
testing = ["pytest (>=3.5,!=3.7.3)", "pytest-checkdocs (>=1.2.3)", "pytest-flake8", "pytest-cov", "jaraco.test (>=3.2.0)", "jaraco.itertools", "func-timeout", "pytest-black (>=0.3.7)", "pytest-mypy"]

[extras]
full = ["orjson", "pydantic", "python-rapidjson"]
oj = ["orjson"]
orjson = ["orjson"]
pydantic = ["pydantic"]
rapidjson = ["python-rapidjson"]
rec = ["orjson"]
rj = ["python-rapidjson"]

[metadata]
lock-version = "1.1"
python-versions = "==3.*,>=3.6.1"
content-hash = "c2f9aab26fea9a13cfe7d43a25a86f49678e1a4cbb6560662e905b4c0fd54d3c"

[metadata.files]
atomicwrites = [
    {file = "atomicwrites-1.4.0-py2.py3-none-any.whl", hash = "sha256:6d1784dea7c0c8d4a5172b6c620f40b6e4cbfdf96d783691f2e1302a7b88e197"},
    {file = "atomicwrites-1.4.0.tar.gz", hash = "sha256:ae70396ad1a434f9c7046fd2dd196fc04b12f9e91ffb859164193be8b6168a7a"},
]
attrs = [
    {file = "attrs-20.3.0-py2.py3-none-any.whl", hash = "sha256:31b2eced602aa8423c2aea9c76a724617ed67cf9513173fd3a4f03e3a929c7e6"},
    {file = "attrs-20.3.0.tar.gz", hash = "sha256:832aa3cde19744e49938b91fea06d69ecb9e649c93ba974535d08ad92164f700"},
]
colorama = [
    {file = "colorama-0.4.4-py2.py3-none-any.whl", hash = "sha256:9f47eda37229f68eee03b24b9748937c7dc3868f906e8ba69fbcbdd3bc5dc3e2"},
    {file = "colorama-0.4.4.tar.gz", hash = "sha256:5941b2b48a20143d2267e95b1c2a7603ce057ee39fd88e7329b0c292aa16869b"},
]
dataclasses = [
    {file = "dataclasses-0.8-py3-none-any.whl", hash = "sha256:0201d89fa866f68c8ebd9d08ee6ff50c0b255f8ec63a71c16fda7af82bb887bf"},
    {file = "dataclasses-0.8.tar.gz", hash = "sha256:8479067f342acf957dc82ec415d355ab5edb7e7646b90dc6e2fd1d96ad084c97"},
]
importlib-metadata = [
    {file = "importlib_metadata-3.4.0-py3-none-any.whl", hash = "sha256:ace61d5fc652dc280e7b6b4ff732a9c2d40db2c0f92bc6cb74e07b73d53a1771"},
    {file = "importlib_metadata-3.4.0.tar.gz", hash = "sha256:fa5daa4477a7414ae34e95942e4dd07f62adf589143c875c133c1e53c4eff38d"},
]
more-itertools = [
    {file = "more-itertools-8.7.0.tar.gz", hash = "sha256:c5d6da9ca3ff65220c3bfd2a8db06d698f05d4d2b9be57e1deb2be5a45019713"},
    {file = "more_itertools-8.7.0-py3-none-any.whl", hash = "sha256:5652a9ac72209ed7df8d9c15daf4e1aa0e3d2ccd3c87f8265a0673cd9cbc9ced"},
]
orjson = [
    {file = "orjson-3.4.8-cp310-cp310-manylinux2014_aarch64.whl", hash = "sha256:3bf9cd593f48329d8356192b453c20850ecb135a92c70df42ccd652e0496c206"},
    {file = "orjson-3.4.8-cp310-cp310-manylinux2014_x86_64.whl", hash = "sha256:a2c6b0436f89a8393add5c8ea493176f4ff671257720e221eb52c6c51973c07b"},
    {file = "orjson-3.4.8-cp36-cp36m-macosx_10_7_x86_64.whl", hash = "sha256:b7907822cc6cc4bfc3fe6dc8ed2ea98b4b36714812a9ac329b7dd740a7076e02"},
    {file = "orjson-3.4.8-cp36-cp36m-manylinux2014_aarch64.whl", hash = "sha256:567c380acca015cdaf520d39853fea43e23c75c9ad7c49890464d2d509cf1025"},
    {file = "orjson-3.4.8-cp36-cp36m-manylinux2014_x86_64.whl", hash = "sha256:ba9c05874d5eab35e5fe6e47cd4b9a1cf89eb9400efb11783f864e04747f298c"},
    {file = "orjson-3.4.8-cp36-none-win_amd64.whl", hash = "sha256:bdbf4ec86a6a8a907a085933ecc4dd15177f1dab20063590bb6f7f0517c391eb"},
    {file = "orjson-3.4.8-cp37-cp37m-macosx_10_7_x86_64.whl", hash = "sha256:e4c0ba0b532ef82b992813b01ef896b8ebc3ed8a07f7001f37374184ff98e552"},
    {file = "orjson-3.4.8-cp37-cp37m-manylinux2014_aarch64.whl", hash = "sha256:63cbf9602d79e55aafdb28afd6d5456a503f6ced99daf03d80411f7885970bd1"},
    {file = "orjson-3.4.8-cp37-cp37m-manylinux2014_x86_64.whl", hash = "sha256:dd5c96427fea3a2ebbcf035494f6b291ec6eb9c29be75493cbbae5e7282fbbb4"},
    {file = "orjson-3.4.8-cp37-none-win_amd64.whl", hash = "sha256:5a742382013466d79a2b0c81413fdd308059d094f432c0797ce721e5e549708d"},
    {file = "orjson-3.4.8-cp38-cp38-macosx_10_7_x86_64.whl", hash = "sha256:d7069adfc5ddd1b264c06e86cea742445c5c2a9acaa2f72add98b3b5b2b6d1c9"},
    {file = "orjson-3.4.8-cp38-cp38-manylinux2014_aarch64.whl", hash = "sha256:e2d5cc1186e5bc9910ad96d8f241105a998d6e02d1374a3cbe9997838f30385a"},
    {file = "orjson-3.4.8-cp38-cp38-manylinux2014_x86_64.whl", hash = "sha256:bbe405d84c4ab14dafdb9fd08aa11b172803089094f9f8f2e9552a617d5bdcd2"},
    {file = "orjson-3.4.8-cp38-none-win_amd64.whl", hash = "sha256:6d7c3edace4ac7314d3b98cee30191af38f1581fcad7b2c5be139b8bd3c45da8"},
    {file = "orjson-3.4.8-cp39-cp39-macosx_10_7_x86_64.whl", hash = "sha256:0e4c4b7151b88f6d7deda26ce04880fbdf15e31b0e1af226e25134b10d1ba0b3"},
    {file = "orjson-3.4.8-cp39-cp39-manylinux2014_aarch64.whl", hash = "sha256:bb3bd703069127b899090c0ca24bc8ce5e5137f17e7d1a8d2080e0e3361c4ee3"},
    {file = "orjson-3.4.8-cp39-cp39-manylinux2014_x86_64.whl", hash = "sha256:2599ac12c5992dfb44870e71bd96ce6b0df7f7248a9548664810e889685b967b"},
    {file = "orjson-3.4.8-cp39-none-win_amd64.whl", hash = "sha256:c7ddf86586810cffa37b24150f6f29c193d80322ad1d807be791cb2a1b8954e8"},
    {file = "orjson-3.4.8.tar.gz", hash = "sha256:08ac106a4e67c7dd3010a948d336294a7549c62677bee9752011347c7688af37"},
]
packaging = [
    {file = "packaging-20.9-py2.py3-none-any.whl", hash = "sha256:67714da7f7bc052e064859c05c595155bd1ee9f69f76557e21f051443c20947a"},
    {file = "packaging-20.9.tar.gz", hash = "sha256:5b327ac1320dc863dca72f4514ecc086f31186744b84a230374cc1fd776feae5"},
]
pluggy = [
    {file = "pluggy-0.13.1-py2.py3-none-any.whl", hash = "sha256:966c145cd83c96502c3c3868f50408687b38434af77734af1e9ca461a4081d2d"},
    {file = "pluggy-0.13.1.tar.gz", hash = "sha256:15b2acde666561e1298d71b523007ed7364de07029219b604cf808bfa1c765b0"},
]
py = [
    {file = "py-1.10.0-py2.py3-none-any.whl", hash = "sha256:3b80836aa6d1feeaa108e046da6423ab8f6ceda6468545ae8d02d9d58d18818a"},
    {file = "py-1.10.0.tar.gz", hash = "sha256:21b81bda15b66ef5e1a777a21c4dcd9c20ad3efd0b3f817e7a809035269e1bd3"},
]
pydantic = [
    {file = "pydantic-1.7.3-cp36-cp36m-macosx_10_9_x86_64.whl", hash = "sha256:c59ea046aea25be14dc22d69c97bee629e6d48d2b2ecb724d7fe8806bf5f61cd"},
    {file = "pydantic-1.7.3-cp36-cp36m-manylinux1_i686.whl", hash = "sha256:a4143c8d0c456a093387b96e0f5ee941a950992904d88bc816b4f0e72c9a0009"},
    {file = "pydantic-1.7.3-cp36-cp36m-manylinux2014_i686.whl", hash = "sha256:d8df4b9090b595511906fa48deda47af04e7d092318bfb291f4d45dfb6bb2127"},
    {file = "pydantic-1.7.3-cp36-cp36m-manylinux2014_x86_64.whl", hash = "sha256:514b473d264671a5c672dfb28bdfe1bf1afd390f6b206aa2ec9fed7fc592c48e"},
    {file = "pydantic-1.7.3-cp36-cp36m-win_amd64.whl", hash = "sha256:dba5c1f0a3aeea5083e75db9660935da90216f8a81b6d68e67f54e135ed5eb23"},
    {file = "pydantic-1.7.3-cp37-cp37m-macosx_10_9_x86_64.whl", hash = "sha256:59e45f3b694b05a69032a0d603c32d453a23f0de80844fb14d55ab0c6c78ff2f"},
    {file = "pydantic-1.7.3-cp37-cp37m-manylinux1_i686.whl", hash = "sha256:5b24e8a572e4b4c18f614004dda8c9f2c07328cb5b6e314d6e1bbd536cb1a6c1"},
    {file = "pydantic-1.7.3-cp37-cp37m-manylinux2014_i686.whl", hash = "sha256:b2b054d095b6431cdda2f852a6d2f0fdec77686b305c57961b4c5dd6d863bf3c"},
    {file = "pydantic-1.7.3-cp37-cp37m-manylinux2014_x86_64.whl", hash = "sha256:025bf13ce27990acc059d0c5be46f416fc9b293f45363b3d19855165fee1874f"},
    {file = "pydantic-1.7.3-cp37-cp37m-win_amd64.whl", hash = "sha256:6e3874aa7e8babd37b40c4504e3a94cc2023696ced5a0500949f3347664ff8e2"},
    {file = "pydantic-1.7.3-cp38-cp38-macosx_10_9_x86_64.whl", hash = "sha256:e682f6442ebe4e50cb5e1cfde7dda6766fb586631c3e5569f6aa1951fd1a76ef"},
    {file = "pydantic-1.7.3-cp38-cp38-manylinux1_i686.whl", hash = "sha256:185e18134bec5ef43351149fe34fda4758e53d05bb8ea4d5928f0720997b79ef"},
    {file = "pydantic-1.7.3-cp38-cp38-manylinux2014_i686.whl", hash = "sha256:f5b06f5099e163295b8ff5b1b71132ecf5866cc6e7f586d78d7d3fd6e8084608"},
    {file = "pydantic-1.7.3-cp38-cp38-manylinux2014_x86_64.whl", hash = "sha256:24ca47365be2a5a3cc3f4a26dcc755bcdc9f0036f55dcedbd55663662ba145ec"},
    {file = "pydantic-1.7.3-cp38-cp38-win_amd64.whl", hash = "sha256:d1fe3f0df8ac0f3a9792666c69a7cd70530f329036426d06b4f899c025aca74e"},
    {file = "pydantic-1.7.3-cp39-cp39-macosx_10_9_x86_64.whl", hash = "sha256:f6864844b039805add62ebe8a8c676286340ba0c6d043ae5dea24114b82a319e"},
    {file = "pydantic-1.7.3-cp39-cp39-manylinux1_i686.whl", hash = "sha256:ecb54491f98544c12c66ff3d15e701612fc388161fd455242447083350904730"},
    {file = "pydantic-1.7.3-cp39-cp39-manylinux2014_i686.whl", hash = "sha256:ffd180ebd5dd2a9ac0da4e8b995c9c99e7c74c31f985ba090ee01d681b1c4b95"},
    {file = "pydantic-1.7.3-cp39-cp39-manylinux2014_x86_64.whl", hash = "sha256:8d72e814c7821125b16f1553124d12faba88e85405b0864328899aceaad7282b"},
    {file = "pydantic-1.7.3-cp39-cp39-win_amd64.whl", hash = "sha256:475f2fa134cf272d6631072554f845d0630907fce053926ff634cc6bc45bf1af"},
    {file = "pydantic-1.7.3-py3-none-any.whl", hash = "sha256:38be427ea01a78206bcaf9a56f835784afcba9e5b88fbdce33bbbfbcd7841229"},
    {file = "pydantic-1.7.3.tar.gz", hash = "sha256:213125b7e9e64713d16d988d10997dabc6a1f73f3991e1ff8e35ebb1409c7dc9"},
]
pyparsing = [
    {file = "pyparsing-2.4.7-py2.py3-none-any.whl", hash = "sha256:ef9d7589ef3c200abe66653d3f1ab1033c3c419ae9b9bdb1240a85b024efc88b"},
    {file = "pyparsing-2.4.7.tar.gz", hash = "sha256:c203ec8783bf771a155b207279b9bccb8dea02d8f0c9e5f8ead507bc3246ecc1"},
]
pytest = [
    {file = "pytest-5.4.3-py3-none-any.whl", hash = "sha256:5c0db86b698e8f170ba4582a492248919255fcd4c79b1ee64ace34301fb589a1"},
    {file = "pytest-5.4.3.tar.gz", hash = "sha256:7979331bfcba207414f5e1263b5a0f8f521d0f457318836a7355531ed1a4c7d8"},
]
python-rapidjson = [
    {file = "python-rapidjson-0.9.4.tar.gz", hash = "sha256:d79a412d7df30f01d3cb12e0e8863a48cfecd2fd7612719e16bc76eb1b65b332"},
    {file = "python_rapidjson-0.9.4-cp36-cp36m-macosx_10_9_x86_64.whl", hash = "sha256:38969854e7cc40372f8306c8fc5c63e2f421c796fb5dd557b3a55bf200a4d998"},
    {file = "python_rapidjson-0.9.4-cp36-cp36m-manylinux1_i686.whl", hash = "sha256:6c8f8336b50f925ec37a9c67b2b041a64be02a1e28a7465d6dbd38faf76f06a2"},
    {file = "python_rapidjson-0.9.4-cp36-cp36m-manylinux1_x86_64.whl", hash = "sha256:d0f2c1866f9b925e2a692075fc69372ad158062faca395116ce7f74af92e7717"},
    {file = "python_rapidjson-0.9.4-cp36-cp36m-manylinux2010_i686.whl", hash = "sha256:2e4efb9fbd993c1dd1302b7306ff72e67e9da884391958e7cc9a29006abc50a0"},
    {file = "python_rapidjson-0.9.4-cp36-cp36m-manylinux2010_x86_64.whl", hash = "sha256:1fc1ebd39c67e6ef41f8b4d8a000b7b89af37bde68c3ad0f6b7484675fcb3399"},
    {file = "python_rapidjson-0.9.4-cp36-cp36m-win32.whl", hash = "sha256:1cda761eb0c77f602c5add2bb5ee01ac733411b2555f2e349ab55c5050a2cc2f"},
    {file = "python_rapidjson-0.9.4-cp36-cp36m-win_amd64.whl", hash = "sha256:f178e6339f999bfa18767f126829240bb37d807d23d464fb825328881897bd30"},
    {file = "python_rapidjson-0.9.4-cp37-cp37m-macosx_10_9_x86_64.whl", hash = "sha256:ee2bc51caefea14d18f7924e0ed044f944d5cb6d8b6df4e0859b3184cf951db2"},
    {file = "python_rapidjson-0.9.4-cp37-cp37m-manylinux1_i686.whl", hash = "sha256:0bd403f317eb1a809a1fe6f3a16a7260576a34b2c9f63bcaed0a88e42ec6b461"},
    {file = "python_rapidjson-0.9.4-cp37-cp37m-manylinux1_x86_64.whl", hash = "sha256:281e984baf634b834ee42eeeb964e30bfbd75bdc19dba92a4203b362f31304a2"},
    {file = "python_rapidjson-0.9.4-cp37-cp37m-manylinux2010_i686.whl", hash = "sha256:851c7673caf2a632605005b111181ca7e8b8fc81cd194679bd1a168b3c0d9939"},
    {file = "python_rapidjson-0.9.4-cp37-cp37m-manylinux2010_x86_64.whl", hash = "sha256:0c21cbec503630d96111b9cff34a52535f1fb862833e05fb67361af0330aa912"},
    {file = "python_rapidjson-0.9.4-cp37-cp37m-win32.whl", hash = "sha256:bab0ce54fd77ae91ae039df80e81ccf4a0e609e403cff10f671aa1764c78c394"},
    {file = "python_rapidjson-0.9.4-cp37-cp37m-win_amd64.whl", hash = "sha256:ed95201266e238f0511e346e4c3e491daeef5a86af87d64de59d9ef0e9e6a038"},
    {file = "python_rapidjson-0.9.4-cp38-cp38-macosx_10_9_x86_64.whl", hash = "sha256:c5153c1215a5403f430ad4b8e93508db5c147cd0fa24ecb1531a47f181ff3335"},
    {file = "python_rapidjson-0.9.4-cp38-cp38-manylinux1_i686.whl", hash = "sha256:00d1bf4b1c1d35bb5cca3b2ff94ee6dd16c21c9b5b796c8ee409cde194d5afad"},
    {file = "python_rapidjson-0.9.4-cp38-cp38-manylinux1_x86_64.whl", hash = "sha256:6e3c87ec75f22cef734d9da74373a6f89f6f16403889c4bdefd1a44bb17ddd86"},
    {file = "python_rapidjson-0.9.4-cp38-cp38-manylinux2010_i686.whl", hash = "sha256:b1f30cab124fe77935897bb5f86c38bc5cbd2e262f3e4683377e05ebd40a28f5"},
    {file = "python_rapidjson-0.9.4-cp38-cp38-manylinux2010_x86_64.whl", hash = "sha256:c3cd4c7bbdaab1642bfeb96f60815d712396af6a0deb4d9207a04d07937fcf21"},
    {file = "python_rapidjson-0.9.4-cp38-cp38-win32.whl", hash = "sha256:71645fae033b3094849461b4597fc018d493a0b9c6234ba865c9a01b9c39af35"},
    {file = "python_rapidjson-0.9.4-cp38-cp38-win_amd64.whl", hash = "sha256:499275148ccf11a58b343c0234183d3a5ac74b73ecd54aaaf013ad314db272d6"},
    {file = "python_rapidjson-0.9.4-cp39-cp39-macosx_10_9_x86_64.whl", hash = "sha256:74adbae2c0aa87bd9038fe8a74686a8803226040ebef773f89cb1153e482c3a8"},
    {file = "python_rapidjson-0.9.4-cp39-cp39-manylinux1_i686.whl", hash = "sha256:fc663ff0e4c9bb39aa97d364a07248bc6c2f96abe54b62f295210019640d4da6"},
    {file = "python_rapidjson-0.9.4-cp39-cp39-manylinux1_x86_64.whl", hash = "sha256:63afc14f3429f269c75d7a660d39e7267c16e85014012179443c1cdbbf281c1b"},
    {file = "python_rapidjson-0.9.4-cp39-cp39-manylinux2010_i686.whl", hash = "sha256:cc0ecafb0712ba8c41687874ccab5de3814b09ea45061eb1a0260a54b645ca2d"},
    {file = "python_rapidjson-0.9.4-cp39-cp39-manylinux2010_x86_64.whl", hash = "sha256:d472916bfa1bbc38a69e82b89d40fd64b3167ae8fd9c993992eb61871bffcc76"},
    {file = "python_rapidjson-0.9.4-cp39-cp39-win32.whl", hash = "sha256:179a25ac6d4636f45ee4e416eb03261f625d2835d46e389035bbaa04f4e20155"},
    {file = "python_rapidjson-0.9.4-cp39-cp39-win_amd64.whl", hash = "sha256:41ee8f1197cb056b1c74a6c7c557a07c8a92ab36f5e5dd88bb4dcedcec801ab9"},
]
typing-extensions = [
    {file = "typing_extensions-3.7.4.3-py2-none-any.whl", hash = "sha256:dafc7639cde7f1b6e1acc0f457842a83e722ccca8eef5270af2d74792619a89f"},
    {file = "typing_extensions-3.7.4.3-py3-none-any.whl", hash = "sha256:7cb407020f00f7bfc3cb3e7881628838e69d8f3fcab2f64742a5e76b2f841918"},
    {file = "typing_extensions-3.7.4.3.tar.gz", hash = "sha256:99d4073b617d30288f569d3f13d2bd7548c3a7e4c8de87db09a9d29bb3a4a60c"},
]
wcwidth = [
    {file = "wcwidth-0.2.5-py2.py3-none-any.whl", hash = "sha256:beb4802a9cebb9144e99086eff703a642a13d6a0052920003a230f3294bbe784"},
    {file = "wcwidth-0.2.5.tar.gz", hash = "sha256:c4d647b99872929fdb7bdcaa4fbe7f01413ed3d98077df798530e5b04f116c83"},
]
zipp = [
    {file = "zipp-3.4.0-py3-none-any.whl", hash = "sha256:102c24ef8f171fd729d46599845e95c7ab894a4cf45f5de11a44cc7444fb1108"},
    {file = "zipp-3.4.0.tar.gz", hash = "sha256:ed5eee1974372595f9e416cc7bbeeb12335201d8081ca8a0743c954d4446e5cb"},
]
