# This file is automatically @generated by Poetry and should not be changed by hand.

[[package]]
name = "atomicwrites"
version = "1.4.1"
description = "Atomic file writes."
category = "dev"
optional = false
python-versions = ">=2.7, !=3.0.*, !=3.1.*, !=3.2.*, !=3.3.*"
files = [
    {file = "atomicwrites-1.4.1.tar.gz", hash = "sha256:81b2c9071a49367a7f770170e5eec8cb66567cfbbc8c73d20ce5ca4a8d71cf11"},
]

[[package]]
name = "attrs"
version = "22.1.0"
description = "Classes Without Boilerplate"
category = "dev"
optional = false
python-versions = ">=3.5"
files = [
    {file = "attrs-22.1.0-py2.py3-none-any.whl", hash = "sha256:86efa402f67bf2df34f51a335487cf46b1ec130d02b8d39fd248abfd30da551c"},
    {file = "attrs-22.1.0.tar.gz", hash = "sha256:29adc2665447e5191d0e7c568fde78b21f9672d344281d0c6e1ab085429b22b6"},
]

[package.extras]
dev = ["cloudpickle", "coverage[toml] (>=5.0.2)", "furo", "hypothesis", "mypy (>=0.900,!=0.940)", "pre-commit", "pympler", "pytest (>=4.3.0)", "pytest-mypy-plugins", "sphinx", "sphinx-notfound-page", "zope.interface"]
docs = ["furo", "sphinx", "sphinx-notfound-page", "zope.interface"]
tests = ["cloudpickle", "coverage[toml] (>=5.0.2)", "hypothesis", "mypy (>=0.900,!=0.940)", "pympler", "pytest (>=4.3.0)", "pytest-mypy-plugins", "zope.interface"]
tests-no-zope = ["cloudpickle", "coverage[toml] (>=5.0.2)", "hypothesis", "mypy (>=0.900,!=0.940)", "pympler", "pytest (>=4.3.0)", "pytest-mypy-plugins"]

[[package]]
name = "colorama"
version = "0.4.5"
description = "Cross-platform colored terminal text."
category = "dev"
optional = false
python-versions = ">=2.7, !=3.0.*, !=3.1.*, !=3.2.*, !=3.3.*, !=3.4.*"
files = [
    {file = "colorama-0.4.5-py2.py3-none-any.whl", hash = "sha256:854bf444933e37f5824ae7bfc1e98d5bce2ebe4160d46b5edf346a89358e99da"},
    {file = "colorama-0.4.5.tar.gz", hash = "sha256:e6c6b4334fc50988a639d9b98aa429a0b57da6e17b9a44f0451f930b6967b7a4"},
]

[[package]]
name = "importlib-metadata"
version = "4.12.0"
description = "Read metadata from Python packages"
category = "dev"
optional = false
python-versions = ">=3.7"
files = [
    {file = "importlib_metadata-4.12.0-py3-none-any.whl", hash = "sha256:7401a975809ea1fdc658c3aa4f78cc2195a0e019c5cbc4c06122884e9ae80c23"},
    {file = "importlib_metadata-4.12.0.tar.gz", hash = "sha256:637245b8bab2b6502fcbc752cc4b7a6f6243bb02b31c5c26156ad103d3d45670"},
]

[package.dependencies]
typing-extensions = {version = ">=3.6.4", markers = "python_version < \"3.8\""}
zipp = ">=0.5"

[package.extras]
docs = ["jaraco.packaging (>=9)", "rst.linker (>=1.9)", "sphinx"]
perf = ["ipython"]
testing = ["flufl.flake8", "importlib-resources (>=1.3)", "packaging", "pyfakefs", "pytest (>=6)", "pytest-black (>=0.3.7)", "pytest-checkdocs (>=2.4)", "pytest-cov", "pytest-enabler (>=1.3)", "pytest-flake8", "pytest-mypy (>=0.9.1)", "pytest-perf (>=0.9.2)"]

[[package]]
name = "iniconfig"
version = "1.1.1"
description = "iniconfig: brain-dead simple config-ini parsing"
category = "dev"
optional = false
python-versions = "*"
files = [
    {file = "iniconfig-1.1.1-py2.py3-none-any.whl", hash = "sha256:011e24c64b7f47f6ebd835bb12a743f2fbe9a26d4cecaa7f53bc4f35ee9da8b3"},
    {file = "iniconfig-1.1.1.tar.gz", hash = "sha256:bc3af051d7d14b2ee5ef9969666def0cd1a000e121eaea580d4a313df4b37f32"},
]

[[package]]
name = "orjson"
version = "3.8.5"
description = "Fast, correct Python JSON library supporting dataclasses, datetimes, and numpy"
category = "main"
optional = true
python-versions = ">=3.7"
files = [
    {file = "orjson-3.8.5-cp310-cp310-macosx_10_7_x86_64.whl", hash = "sha256:143639b9898b094883481fac37733231da1c2ae3aec78a1dd8d3b58c9c9fceef"},
    {file = "orjson-3.8.5-cp310-cp310-macosx_10_9_x86_64.macosx_11_0_arm64.macosx_10_9_universal2.whl", hash = "sha256:31f43e63e0d94784c55e86bd376df3f80b574bea8c0bc5ecd8041009fa8ec78a"},
    {file = "orjson-3.8.5-cp310-cp310-manylinux_2_17_aarch64.manylinux2014_aarch64.whl", hash = "sha256:c802ea6d4a0d40f096aceb5e7ef0a26c23d276cb9334e1cadcf256bb090b6426"},
    {file = "orjson-3.8.5-cp310-cp310-manylinux_2_17_armv7l.manylinux2014_armv7l.whl", hash = "sha256:bf298b55b371c2772420c5ace4d47b0a3ea1253667e20ded3c363160fd0575f6"},
    {file = "orjson-3.8.5-cp310-cp310-manylinux_2_17_x86_64.manylinux2014_x86_64.whl", hash = "sha256:68cb4a8501a463771d55bb22fc72795ec7e21d71ab083e000a2c3b651b6fb2af"},
    {file = "orjson-3.8.5-cp310-cp310-manylinux_2_28_x86_64.whl", hash = "sha256:4f1427952b3bd92bfb63a61b7ffc33a9f54ec6de296fa8d924cbeba089866acb"},
    {file = "orjson-3.8.5-cp310-cp310-musllinux_1_1_aarch64.whl", hash = "sha256:c0a9f329468c8eb000742455b83546849bcd69495d6baa6e171c7ee8600a47bd"},
    {file = "orjson-3.8.5-cp310-cp310-musllinux_1_1_x86_64.whl", hash = "sha256:6535d527aa1e4a757a6ce9b61f3dd74edc762e7d2c6991643aae7c560c8440bd"},
    {file = "orjson-3.8.5-cp310-none-win_amd64.whl", hash = "sha256:2eee64c028adf6378dd714c8debc96d5b92b6bb4862debb65ca868e59bac6c63"},
    {file = "orjson-3.8.5-cp311-cp311-macosx_10_7_x86_64.whl", hash = "sha256:f5745ff473dd5c6718bf8c8d5bc183f638b4f3e03c7163ffcda4d4ef453f42ff"},
    {file = "orjson-3.8.5-cp311-cp311-macosx_10_9_x86_64.macosx_11_0_arm64.macosx_10_9_universal2.whl", hash = "sha256:544f1240b295083697027a5093ec66763218ff16f03521d5020e7a436d2e417b"},
    {file = "orjson-3.8.5-cp311-cp311-manylinux_2_17_aarch64.manylinux2014_aarch64.whl", hash = "sha256:c85c9c6bab97a831e7741089057347d99901b4db2451a076ca8adedc7d96297f"},
    {file = "orjson-3.8.5-cp311-cp311-manylinux_2_17_armv7l.manylinux2014_armv7l.whl", hash = "sha256:9bae7347764e7be6dada980fd071e865544c98317ab61af575c9cc5e1dc7e3fe"},
    {file = "orjson-3.8.5-cp311-cp311-manylinux_2_17_x86_64.manylinux2014_x86_64.whl", hash = "sha256:c67f6f6e9d26a06b63126112a7bc8d8529df048d31df2a257a8484b76adf3e5d"},
    {file = "orjson-3.8.5-cp311-cp311-manylinux_2_28_x86_64.whl", hash = "sha256:758238364142fcbeca34c968beefc0875ffa10aa2f797c82f51cfb1d22d0934e"},
    {file = "orjson-3.8.5-cp311-none-win_amd64.whl", hash = "sha256:cc7579240fb88a626956a6cb4a181a11b62afbc409ce239a7b866568a2412fa2"},
    {file = "orjson-3.8.5-cp37-cp37m-macosx_10_7_x86_64.whl", hash = "sha256:79aa3e47cbbd4eedbbde4f988f766d6cf38ccb51d52cfabfeb6b8d1b58654d25"},
    {file = "orjson-3.8.5-cp37-cp37m-macosx_10_9_x86_64.macosx_11_0_arm64.macosx_10_9_universal2.whl", hash = "sha256:2544cd0d089faa862f5a39f508ee667419e3f9e11f119a6b1505cfce0eb26601"},
    {file = "orjson-3.8.5-cp37-cp37m-manylinux_2_17_aarch64.manylinux2014_aarch64.whl", hash = "sha256:f2be0025ca7e460bcacb250aba8ce0239be62957d58cf34045834cc9302611d3"},
    {file = "orjson-3.8.5-cp37-cp37m-manylinux_2_17_armv7l.manylinux2014_armv7l.whl", hash = "sha256:0b57bf72902d818506906e49c677a791f90dbd7f0997d60b14bc6c1ce4ce4cf9"},
    {file = "orjson-3.8.5-cp37-cp37m-manylinux_2_17_x86_64.manylinux2014_x86_64.whl", hash = "sha256:93ae9832a11c6a9efa8c14224e5caf6e35046efd781de14e59eb69ab4e561cf3"},
    {file = "orjson-3.8.5-cp37-cp37m-manylinux_2_28_x86_64.whl", hash = "sha256:0e28330cc6d51741cad0edd1b57caf6c5531aff30afe41402acde0a03246b8ed"},
    {file = "orjson-3.8.5-cp37-cp37m-musllinux_1_1_aarch64.whl", hash = "sha256:155954d725627b5480e6cc1ca488afb4fa685099a4ace5f5bf21a182fabf6706"},
    {file = "orjson-3.8.5-cp37-cp37m-musllinux_1_1_x86_64.whl", hash = "sha256:ece1b6ef9312df5d5274ca6786e613b7da7de816356e36bcad9ea8a73d15ab71"},
    {file = "orjson-3.8.5-cp37-none-win_amd64.whl", hash = "sha256:6f58d1f0702332496bc1e2d267c7326c851991b62cf6395370d59c47f9890007"},
    {file = "orjson-3.8.5-cp38-cp38-macosx_10_7_x86_64.whl", hash = "sha256:933f4ab98362f46a59a6d0535986e1f0cae2f6b42435e24a55922b4bc872af0c"},
    {file = "orjson-3.8.5-cp38-cp38-macosx_10_9_x86_64.macosx_11_0_arm64.macosx_10_9_universal2.whl", hash = "sha256:47a7ca236b25a138a74b2cb5169adcdc5b2b8abdf661de438ba65967a2cde9dc"},
    {file = "orjson-3.8.5-cp38-cp38-manylinux_2_17_aarch64.manylinux2014_aarch64.whl", hash = "sha256:b573ca942c626fcf8a86be4f180b86b2498b18ae180f37b4180c2aced5808710"},
    {file = "orjson-3.8.5-cp38-cp38-manylinux_2_17_armv7l.manylinux2014_armv7l.whl", hash = "sha256:a9bab11611d5452efe4ae5315f5eb806f66104c08a089fb84c648d2e8e00f106"},
    {file = "orjson-3.8.5-cp38-cp38-manylinux_2_17_x86_64.manylinux2014_x86_64.whl", hash = "sha256:eee2f5f6476617d01ca166266d70fd5605d3397a41f067022ce04a2e1ced4c8d"},
    {file = "orjson-3.8.5-cp38-cp38-manylinux_2_28_x86_64.whl", hash = "sha256:ec0b0b6cd0b84f03537f22b719aca705b876c54ab5cf3471d551c9644127284f"},
    {file = "orjson-3.8.5-cp38-cp38-musllinux_1_1_aarch64.whl", hash = "sha256:df3287dc304c8c4556dc85c4ab89eb333307759c1863f95e72e555c0cfce3e01"},
    {file = "orjson-3.8.5-cp38-cp38-musllinux_1_1_x86_64.whl", hash = "sha256:09f40add3c2d208e20f8bf185df38f992bf5092202d2d30eced8f6959963f1d5"},
    {file = "orjson-3.8.5-cp38-none-win_amd64.whl", hash = "sha256:232ec1df0d708f74e0dd1fccac1e9a7008cd120d48fe695e8f0c9d80771da430"},
    {file = "orjson-3.8.5-cp39-cp39-macosx_10_7_x86_64.whl", hash = "sha256:8fba3e7aede3e88a01e94e6fe63d4580162b212e6da27ae85af50a1787e41416"},
    {file = "orjson-3.8.5-cp39-cp39-macosx_10_9_x86_64.macosx_11_0_arm64.macosx_10_9_universal2.whl", hash = "sha256:85e22c358cab170c8604e9edfffcc45dd7b0027ce57ed6bcacb556e8bfbbb704"},
    {file = "orjson-3.8.5-cp39-cp39-manylinux_2_17_aarch64.manylinux2014_aarch64.whl", hash = "sha256:eeab1d8247507a75926adf3ca995c74e91f5db1f168815bf3e774f992ba52b50"},
    {file = "orjson-3.8.5-cp39-cp39-manylinux_2_17_armv7l.manylinux2014_armv7l.whl", hash = "sha256:daaaef15a41e9e8cadc7677cefe00065ae10bce914eefe8da1cd26b3d063970b"},
    {file = "orjson-3.8.5-cp39-cp39-manylinux_2_17_x86_64.manylinux2014_x86_64.whl", hash = "sha256:6ccc9f52cf46bd353c6ae1153eaf9d18257ddc110d135198b0cd8718474685ce"},
    {file = "orjson-3.8.5-cp39-cp39-manylinux_2_28_x86_64.whl", hash = "sha256:d48c182c7ff4ea0787806de8a2f9298ca44fd0068ecd5f23a4b2d8e03c745cb6"},
    {file = "orjson-3.8.5-cp39-cp39-musllinux_1_1_aarch64.whl", hash = "sha256:1848e3b4cc09cc82a67262ae56e2a772b0548bb5a6f9dcaee10dcaaf0a5177b7"},
    {file = "orjson-3.8.5-cp39-cp39-musllinux_1_1_x86_64.whl", hash = "sha256:38480031bc8add58effe802291e4abf7042ef72ae1a4302efe9a36c8f8bfbfcc"},
    {file = "orjson-3.8.5-cp39-none-win_amd64.whl", hash = "sha256:0e9a1c2e649cbaed410c882cedc8f3b993d8f1426d9327f31762d3f46fe7cc88"},
    {file = "orjson-3.8.5.tar.gz", hash = "sha256:77a3b2bd0c4ef7723ea09081e3329dac568a62463aed127c1501441b07ffc64b"},
]

[[package]]
name = "packaging"
version = "21.3"
description = "Core utilities for Python packages"
category = "dev"
optional = false
python-versions = ">=3.6"
files = [
    {file = "packaging-21.3-py3-none-any.whl", hash = "sha256:ef103e05f519cdc783ae24ea4e2e0f508a9c99b2d4969652eed6a2e1ea5bd522"},
    {file = "packaging-21.3.tar.gz", hash = "sha256:dd47c42927d89ab911e606518907cc2d3a1f38bbd026385970643f9c5b8ecfeb"},
]

[package.dependencies]
pyparsing = ">=2.0.2,<3.0.5 || >3.0.5"

[[package]]
name = "pluggy"
version = "1.0.0"
description = "plugin and hook calling mechanisms for python"
category = "dev"
optional = false
python-versions = ">=3.6"
files = [
    {file = "pluggy-1.0.0-py2.py3-none-any.whl", hash = "sha256:74134bbf457f031a36d68416e1509f34bd5ccc019f0bcc952c7b909d06b37bd3"},
    {file = "pluggy-1.0.0.tar.gz", hash = "sha256:4224373bacce55f955a878bf9cfa763c1e360858e330072059e10bad68531159"},
]

[package.dependencies]
importlib-metadata = {version = ">=0.12", markers = "python_version < \"3.8\""}

[package.extras]
dev = ["pre-commit", "tox"]
testing = ["pytest", "pytest-benchmark"]

[[package]]
name = "py"
version = "1.11.0"
description = "library with cross-python path, ini-parsing, io, code, log facilities"
category = "dev"
optional = false
python-versions = ">=2.7, !=3.0.*, !=3.1.*, !=3.2.*, !=3.3.*, !=3.4.*"
files = [
    {file = "py-1.11.0-py2.py3-none-any.whl", hash = "sha256:607c53218732647dff4acdfcd50cb62615cedf612e72d1724fb1a0cc6405b378"},
    {file = "py-1.11.0.tar.gz", hash = "sha256:51c75c4126074b472f746a24399ad32f6053d1b34b68d2fa41e558e6f4a98719"},
]

[[package]]
name = "pydantic"
version = "1.10.4"
description = "Data validation and settings management using python type hints"
category = "main"
optional = true
python-versions = ">=3.7"
files = [
    {file = "pydantic-1.10.4-cp310-cp310-macosx_10_9_x86_64.whl", hash = "sha256:b5635de53e6686fe7a44b5cf25fcc419a0d5e5c1a1efe73d49d48fe7586db854"},
    {file = "pydantic-1.10.4-cp310-cp310-macosx_11_0_arm64.whl", hash = "sha256:6dc1cc241440ed7ca9ab59d9929075445da6b7c94ced281b3dd4cfe6c8cff817"},
    {file = "pydantic-1.10.4-cp310-cp310-manylinux_2_17_x86_64.manylinux2014_x86_64.whl", hash = "sha256:51bdeb10d2db0f288e71d49c9cefa609bca271720ecd0c58009bd7504a0c464c"},
    {file = "pydantic-1.10.4-cp310-cp310-manylinux_2_5_i686.manylinux1_i686.manylinux_2_17_i686.manylinux2014_i686.whl", hash = "sha256:78cec42b95dbb500a1f7120bdf95c401f6abb616bbe8785ef09887306792e66e"},
    {file = "pydantic-1.10.4-cp310-cp310-musllinux_1_1_i686.whl", hash = "sha256:8775d4ef5e7299a2f4699501077a0defdaac5b6c4321173bcb0f3c496fbadf85"},
    {file = "pydantic-1.10.4-cp310-cp310-musllinux_1_1_x86_64.whl", hash = "sha256:572066051eeac73d23f95ba9a71349c42a3e05999d0ee1572b7860235b850cc6"},
    {file = "pydantic-1.10.4-cp310-cp310-win_amd64.whl", hash = "sha256:7feb6a2d401f4d6863050f58325b8d99c1e56f4512d98b11ac64ad1751dc647d"},
    {file = "pydantic-1.10.4-cp311-cp311-macosx_10_9_x86_64.whl", hash = "sha256:39f4a73e5342b25c2959529f07f026ef58147249f9b7431e1ba8414a36761f53"},
    {file = "pydantic-1.10.4-cp311-cp311-macosx_11_0_arm64.whl", hash = "sha256:983e720704431a6573d626b00662eb78a07148c9115129f9b4351091ec95ecc3"},
    {file = "pydantic-1.10.4-cp311-cp311-manylinux_2_17_x86_64.manylinux2014_x86_64.whl", hash = "sha256:75d52162fe6b2b55964fbb0af2ee58e99791a3138588c482572bb6087953113a"},
    {file = "pydantic-1.10.4-cp311-cp311-manylinux_2_5_i686.manylinux1_i686.manylinux_2_17_i686.manylinux2014_i686.whl", hash = "sha256:fdf8d759ef326962b4678d89e275ffc55b7ce59d917d9f72233762061fd04a2d"},
    {file = "pydantic-1.10.4-cp311-cp311-musllinux_1_1_i686.whl", hash = "sha256:05a81b006be15655b2a1bae5faa4280cf7c81d0e09fcb49b342ebf826abe5a72"},
    {file = "pydantic-1.10.4-cp311-cp311-musllinux_1_1_x86_64.whl", hash = "sha256:d88c4c0e5c5dfd05092a4b271282ef0588e5f4aaf345778056fc5259ba098857"},
    {file = "pydantic-1.10.4-cp311-cp311-win_amd64.whl", hash = "sha256:6a05a9db1ef5be0fe63e988f9617ca2551013f55000289c671f71ec16f4985e3"},
    {file = "pydantic-1.10.4-cp37-cp37m-macosx_10_9_x86_64.whl", hash = "sha256:887ca463c3bc47103c123bc06919c86720e80e1214aab79e9b779cda0ff92a00"},
    {file = "pydantic-1.10.4-cp37-cp37m-manylinux_2_17_x86_64.manylinux2014_x86_64.whl", hash = "sha256:fdf88ab63c3ee282c76d652fc86518aacb737ff35796023fae56a65ced1a5978"},
    {file = "pydantic-1.10.4-cp37-cp37m-manylinux_2_5_i686.manylinux1_i686.manylinux_2_17_i686.manylinux2014_i686.whl", hash = "sha256:a48f1953c4a1d9bd0b5167ac50da9a79f6072c63c4cef4cf2a3736994903583e"},
    {file = "pydantic-1.10.4-cp37-cp37m-musllinux_1_1_i686.whl", hash = "sha256:a9f2de23bec87ff306aef658384b02aa7c32389766af3c5dee9ce33e80222dfa"},
    {file = "pydantic-1.10.4-cp37-cp37m-musllinux_1_1_x86_64.whl", hash = "sha256:cd8702c5142afda03dc2b1ee6bc358b62b3735b2cce53fc77b31ca9f728e4bc8"},
    {file = "pydantic-1.10.4-cp37-cp37m-win_amd64.whl", hash = "sha256:6e7124d6855b2780611d9f5e1e145e86667eaa3bd9459192c8dc1a097f5e9903"},
    {file = "pydantic-1.10.4-cp38-cp38-macosx_10_9_x86_64.whl", hash = "sha256:0b53e1d41e97063d51a02821b80538053ee4608b9a181c1005441f1673c55423"},
    {file = "pydantic-1.10.4-cp38-cp38-macosx_11_0_arm64.whl", hash = "sha256:55b1625899acd33229c4352ce0ae54038529b412bd51c4915349b49ca575258f"},
    {file = "pydantic-1.10.4-cp38-cp38-manylinux_2_17_x86_64.manylinux2014_x86_64.whl", hash = "sha256:301d626a59edbe5dfb48fcae245896379a450d04baeed50ef40d8199f2733b06"},
    {file = "pydantic-1.10.4-cp38-cp38-manylinux_2_5_i686.manylinux1_i686.manylinux_2_17_i686.manylinux2014_i686.whl", hash = "sha256:b6f9d649892a6f54a39ed56b8dfd5e08b5f3be5f893da430bed76975f3735d15"},
    {file = "pydantic-1.10.4-cp38-cp38-musllinux_1_1_i686.whl", hash = "sha256:d7b5a3821225f5c43496c324b0d6875fde910a1c2933d726a743ce328fbb2a8c"},
    {file = "pydantic-1.10.4-cp38-cp38-musllinux_1_1_x86_64.whl", hash = "sha256:f2f7eb6273dd12472d7f218e1fef6f7c7c2f00ac2e1ecde4db8824c457300416"},
    {file = "pydantic-1.10.4-cp38-cp38-win_amd64.whl", hash = "sha256:4b05697738e7d2040696b0a66d9f0a10bec0efa1883ca75ee9e55baf511909d6"},
    {file = "pydantic-1.10.4-cp39-cp39-macosx_10_9_x86_64.whl", hash = "sha256:a9a6747cac06c2beb466064dda999a13176b23535e4c496c9d48e6406f92d42d"},
    {file = "pydantic-1.10.4-cp39-cp39-macosx_11_0_arm64.whl", hash = "sha256:eb992a1ef739cc7b543576337bebfc62c0e6567434e522e97291b251a41dad7f"},
    {file = "pydantic-1.10.4-cp39-cp39-manylinux_2_17_x86_64.manylinux2014_x86_64.whl", hash = "sha256:990406d226dea0e8f25f643b370224771878142155b879784ce89f633541a024"},
    {file = "pydantic-1.10.4-cp39-cp39-manylinux_2_5_i686.manylinux1_i686.manylinux_2_17_i686.manylinux2014_i686.whl", hash = "sha256:2e82a6d37a95e0b1b42b82ab340ada3963aea1317fd7f888bb6b9dfbf4fff57c"},
    {file = "pydantic-1.10.4-cp39-cp39-musllinux_1_1_i686.whl", hash = "sha256:9193d4f4ee8feca58bc56c8306bcb820f5c7905fd919e0750acdeeeef0615b28"},
    {file = "pydantic-1.10.4-cp39-cp39-musllinux_1_1_x86_64.whl", hash = "sha256:2b3ce5f16deb45c472dde1a0ee05619298c864a20cded09c4edd820e1454129f"},
    {file = "pydantic-1.10.4-cp39-cp39-win_amd64.whl", hash = "sha256:9cbdc268a62d9a98c56e2452d6c41c0263d64a2009aac69246486f01b4f594c4"},
    {file = "pydantic-1.10.4-py3-none-any.whl", hash = "sha256:4948f264678c703f3877d1c8877c4e3b2e12e549c57795107f08cf70c6ec7774"},
    {file = "pydantic-1.10.4.tar.gz", hash = "sha256:b9a3859f24eb4e097502a3be1fb4b2abb79b6103dd9e2e0edb70613a4459a648"},
]

[package.dependencies]
typing-extensions = ">=4.2.0"

[package.extras]
dotenv = ["python-dotenv (>=0.10.4)"]
email = ["email-validator (>=1.0.3)"]

[[package]]
name = "pyparsing"
version = "3.0.9"
description = "pyparsing module - Classes and methods to define and execute parsing grammars"
category = "dev"
optional = false
python-versions = ">=3.6.8"
files = [
    {file = "pyparsing-3.0.9-py3-none-any.whl", hash = "sha256:5026bae9a10eeaefb61dab2f09052b9f4307d44aee4eda64b309723d8d206bbc"},
    {file = "pyparsing-3.0.9.tar.gz", hash = "sha256:2b020ecf7d21b687f219b71ecad3631f644a47f01403fa1d1036b0c6416d70fb"},
]

[package.extras]
diagrams = ["jinja2", "railroad-diagrams"]

[[package]]
name = "pytest"
version = "7.1.2"
description = "pytest: simple powerful testing with Python"
category = "dev"
optional = false
python-versions = ">=3.7"
files = [
    {file = "pytest-7.1.2-py3-none-any.whl", hash = "sha256:13d0e3ccfc2b6e26be000cb6568c832ba67ba32e719443bfe725814d3c42433c"},
    {file = "pytest-7.1.2.tar.gz", hash = "sha256:a06a0425453864a270bc45e71f783330a7428defb4230fb5e6a731fde06ecd45"},
]

[package.dependencies]
atomicwrites = {version = ">=1.0", markers = "sys_platform == \"win32\""}
attrs = ">=19.2.0"
colorama = {version = "*", markers = "sys_platform == \"win32\""}
importlib-metadata = {version = ">=0.12", markers = "python_version < \"3.8\""}
iniconfig = "*"
packaging = "*"
pluggy = ">=0.12,<2.0"
py = ">=1.8.2"
tomli = ">=1.0.0"

[package.extras]
testing = ["argcomplete", "hypothesis (>=3.56)", "mock", "nose", "pygments (>=2.7.2)", "requests", "xmlschema"]

[[package]]
name = "python-rapidjson"
version = "1.9"
description = "Python wrapper around rapidjson"
category = "main"
optional = true
python-versions = ">=3.6"
files = [
    {file = "python-rapidjson-1.9.tar.gz", hash = "sha256:be7d351c7112dac608133a23f60e95395668d0981a07f4037f63e0e88afcf01a"},
    {file = "python_rapidjson-1.9-cp310-cp310-macosx_10_9_x86_64.whl", hash = "sha256:a01e42b35987e27d97f1f722de5221cfdf621d0d8aa530cd00ffa8acecdba0b9"},
    {file = "python_rapidjson-1.9-cp310-cp310-manylinux_2_17_aarch64.manylinux2014_aarch64.whl", hash = "sha256:41388e80cb0300dc33d3f1f06e5c2719aa9ef60b30fbee8a8bb6b35b203eda18"},
    {file = "python_rapidjson-1.9-cp310-cp310-manylinux_2_17_x86_64.manylinux2014_x86_64.whl", hash = "sha256:875d468d2a965d92d479ef2d6df7dc5ee289ae1275008580631656c65e612be5"},
    {file = "python_rapidjson-1.9-cp310-cp310-manylinux_2_5_i686.manylinux1_i686.manylinux_2_17_i686.manylinux2014_i686.whl", hash = "sha256:c229cd186316ecf5474d25e8bfdc83c97256454403ac5e9656d38bd26f1cf910"},
    {file = "python_rapidjson-1.9-cp310-cp310-musllinux_1_1_aarch64.whl", hash = "sha256:ff1f2d24689352e24cc753c2f0a4dd06478304b41acb7bfea482b37a285f21de"},
    {file = "python_rapidjson-1.9-cp310-cp310-musllinux_1_1_i686.whl", hash = "sha256:eec5e7f5667484a0f837c829355b24978c4311b053a699f4e3fef05c3c3410b5"},
    {file = "python_rapidjson-1.9-cp310-cp310-musllinux_1_1_x86_64.whl", hash = "sha256:4ffb853b2f4e7ffc8e6201e369926200fa36ae10db780d2b7431885ba75e9f58"},
    {file = "python_rapidjson-1.9-cp310-cp310-win32.whl", hash = "sha256:e5cc8dde6ea51e75669330bbb7f2677b12c9f46ce106f52fa0c9b58b8a272a36"},
    {file = "python_rapidjson-1.9-cp310-cp310-win_amd64.whl", hash = "sha256:708de2b1ec6971e018348920ea1cd75b85452bf31dbf0f73743d75f67700c820"},
    {file = "python_rapidjson-1.9-cp311-cp311-macosx_10_9_x86_64.whl", hash = "sha256:5a51b4a4b226bd8ce45710e0af4b55be7371b00d917702599d2583672cbbb78b"},
    {file = "python_rapidjson-1.9-cp311-cp311-manylinux_2_17_aarch64.manylinux2014_aarch64.whl", hash = "sha256:118acc14c7b40c30e69d3e87d9f3ec96b518251ead5e522cd23905b4b1163838"},
    {file = "python_rapidjson-1.9-cp311-cp311-manylinux_2_17_x86_64.manylinux2014_x86_64.whl", hash = "sha256:a8bccf158e78a299d95bcebba17a50640aabd96a737a6c51054dcacfc90fc8af"},
    {file = "python_rapidjson-1.9-cp311-cp311-manylinux_2_5_i686.manylinux1_i686.manylinux_2_17_i686.manylinux2014_i686.whl", hash = "sha256:fdf1b88c8372db7d470d56a0ef1c53aac581ef51f4e4bed8651adb991e0bd441"},
    {file = "python_rapidjson-1.9-cp311-cp311-musllinux_1_1_aarch64.whl", hash = "sha256:a854dddc7e3014ac5e4fea7ae48547f4c06298ec6ca97fe25c209233067dec21"},
    {file = "python_rapidjson-1.9-cp311-cp311-musllinux_1_1_i686.whl", hash = "sha256:f89af19b413012daa7a2d0361020c0a5d6d14ae2960923c8f1a921677d570e08"},
    {file = "python_rapidjson-1.9-cp311-cp311-musllinux_1_1_x86_64.whl", hash = "sha256:11d9851dcb3e4351da3bc497b4e2896db183ffa501482d5241fd472cbf947348"},
    {file = "python_rapidjson-1.9-cp311-cp311-win32.whl", hash = "sha256:10b177a5980a7d9753dc123ae40f149b31b21c834d4e55883d4ad570963483fe"},
    {file = "python_rapidjson-1.9-cp311-cp311-win_amd64.whl", hash = "sha256:2eadfc7df1b747f691b79b3d7523d3934945660faaf3ac367d49fafef834a29e"},
    {file = "python_rapidjson-1.9-cp37-cp37m-macosx_10_9_x86_64.whl", hash = "sha256:27a80f84bc7b748b9b87d89d99d05e856eafbc7f4da1376375a24fa07cbcc76b"},
    {file = "python_rapidjson-1.9-cp37-cp37m-manylinux_2_17_aarch64.manylinux2014_aarch64.whl", hash = "sha256:68bdc0d3352dc7dc2aff62c5ea73277a501fbf4873457dfddd5835440df23d1d"},
    {file = "python_rapidjson-1.9-cp37-cp37m-manylinux_2_17_x86_64.manylinux2014_x86_64.whl", hash = "sha256:83454b2afb89b38104c8ea6a63a758f6cf2109ba3905de98d5fd488eff97a35d"},
    {file = "python_rapidjson-1.9-cp37-cp37m-manylinux_2_5_i686.manylinux1_i686.manylinux_2_17_i686.manylinux2014_i686.whl", hash = "sha256:fb487d65594f14bf9541415337c9a390695c61b1dc1535380e9955fdacafd858"},
    {file = "python_rapidjson-1.9-cp37-cp37m-musllinux_1_1_aarch64.whl", hash = "sha256:c25dcc70b8d3a6cf615ce47cb18b52d0540363c8efd7c77c60368a779add9983"},
    {file = "python_rapidjson-1.9-cp37-cp37m-musllinux_1_1_i686.whl", hash = "sha256:559e9d67bb719a446f6322fcd7260793370dacb6212682e863a06eeef545a5b1"},
    {file = "python_rapidjson-1.9-cp37-cp37m-musllinux_1_1_x86_64.whl", hash = "sha256:d376e3c2034f8749baf2250ca2f76222217845b3c6d054b24729b8facae29ed7"},
    {file = "python_rapidjson-1.9-cp37-cp37m-win32.whl", hash = "sha256:10da4f444b05b356fbb11622305c09b1f409194d31f15ba8c519682f49a3e646"},
    {file = "python_rapidjson-1.9-cp37-cp37m-win_amd64.whl", hash = "sha256:f48364cad2c1cf1cb4ac5f304c073928cf8344cb60b5be312206f4888786d81e"},
    {file = "python_rapidjson-1.9-cp38-cp38-macosx_10_9_x86_64.whl", hash = "sha256:aa5fe5f8a715170e6329fd67e4b5c79c9c3fa3a6a5d16304709493125d3fac55"},
    {file = "python_rapidjson-1.9-cp38-cp38-manylinux_2_17_aarch64.manylinux2014_aarch64.whl", hash = "sha256:ba786f0a575c75f3fd3eff4d35e0159cea1e8384dba0f3b560da2f9e952affce"},
    {file = "python_rapidjson-1.9-cp38-cp38-manylinux_2_17_x86_64.manylinux2014_x86_64.whl", hash = "sha256:8552b363238e4762616149238d719d247936767c6c959a36492cf5e049b4d070"},
    {file = "python_rapidjson-1.9-cp38-cp38-manylinux_2_5_i686.manylinux1_i686.manylinux_2_17_i686.manylinux2014_i686.whl", hash = "sha256:eb9c69eafd04840e369f9a21918fccfe2a59dc2e533af102e1098b3cb7604d8a"},
    {file = "python_rapidjson-1.9-cp38-cp38-musllinux_1_1_aarch64.whl", hash = "sha256:2e4adc00ffde5f59795fac2eab280805d100fdb334c512399928b5a44689aefb"},
    {file = "python_rapidjson-1.9-cp38-cp38-musllinux_1_1_i686.whl", hash = "sha256:54bafd1d5d5acec17297d6c5cb5de884e4f6b5d154e1d984cf06fd5e86f1d323"},
    {file = "python_rapidjson-1.9-cp38-cp38-musllinux_1_1_x86_64.whl", hash = "sha256:4c7a4e54772073f2a18c89a3aeaf168f1feeecbbe26c4d7395814a5eb7297630"},
    {file = "python_rapidjson-1.9-cp38-cp38-win32.whl", hash = "sha256:05c33a6b582026140fc508de1ad6f9f7a90edd97844c348a0b6d01c55c655bbf"},
    {file = "python_rapidjson-1.9-cp38-cp38-win_amd64.whl", hash = "sha256:72706275a1d58eaa59e75ba064ba4048b95e51440fec1b8402076bb042190a41"},
    {file = "python_rapidjson-1.9-cp39-cp39-macosx_10_9_x86_64.whl", hash = "sha256:31d245ca102c6498dad9ad85f9a96bdfac790b174505dc77ee664cab0c92859e"},
    {file = "python_rapidjson-1.9-cp39-cp39-manylinux_2_17_aarch64.manylinux2014_aarch64.whl", hash = "sha256:dd86188afbc0fafcf3e234990a9a535eaac311b5aeb925426cbb4f86f19c6e10"},
    {file = "python_rapidjson-1.9-cp39-cp39-manylinux_2_17_x86_64.manylinux2014_x86_64.whl", hash = "sha256:c4b941d9548b0af83586a88db2b532574c687feb4fbb84daafd324fa3c822350"},
    {file = "python_rapidjson-1.9-cp39-cp39-manylinux_2_5_i686.manylinux1_i686.manylinux_2_17_i686.manylinux2014_i686.whl", hash = "sha256:3cdf9b07197b2bf1c5b0c33d66d872d5b7ec3e1600d897dd1f3f1ce37018103d"},
    {file = "python_rapidjson-1.9-cp39-cp39-musllinux_1_1_aarch64.whl", hash = "sha256:661537c1fbee359b048154f4fce794bd8cc6ed4d97c68fed439ab8727f74691e"},
    {file = "python_rapidjson-1.9-cp39-cp39-musllinux_1_1_i686.whl", hash = "sha256:ec920c316e032f366f244baa6e6354da562deb31bc33167682f77111987e7c77"},
    {file = "python_rapidjson-1.9-cp39-cp39-musllinux_1_1_x86_64.whl", hash = "sha256:7abbff592461e9899a71e00eeeeea09473ee4dad4cd4ec1565b3a74ee96849af"},
    {file = "python_rapidjson-1.9-cp39-cp39-win32.whl", hash = "sha256:496e33bd1fb8bd37532d603879dfe9797c4a0809d45dfef6b46b34e741d06789"},
    {file = "python_rapidjson-1.9-cp39-cp39-win_amd64.whl", hash = "sha256:22f988f6334ad540fc04b3e9fea347ae62888e7c216b1e8b3205cfa4835aebe6"},
]

[[package]]
name = "tomli"
version = "2.0.1"
description = "A lil' TOML parser"
category = "dev"
optional = false
python-versions = ">=3.7"
files = [
    {file = "tomli-2.0.1-py3-none-any.whl", hash = "sha256:939de3e7a6161af0c887ef91b7d41a53e7c5a1ca976325f429cb46ea9bc30ecc"},
    {file = "tomli-2.0.1.tar.gz", hash = "sha256:de526c12914f0c550d15924c62d72abc48d6fe7364aa87328337a31007fe8a4f"},
]

[[package]]
name = "typing-extensions"
version = "4.3.0"
description = "Backported and Experimental Type Hints for Python 3.7+"
category = "main"
optional = false
python-versions = ">=3.7"
files = [
    {file = "typing_extensions-4.3.0-py3-none-any.whl", hash = "sha256:25642c956049920a5aa49edcdd6ab1e06d7e5d467fc00e0506c44ac86fbfca02"},
    {file = "typing_extensions-4.3.0.tar.gz", hash = "sha256:e6d2677a32f47fc7eb2795db1dd15c1f34eff616bcaf2cfb5e997f854fa1c4a6"},
]

[[package]]
name = "xtyping"
version = "0.6.1"
description = "xtyping = typing + typing_extensions"
category = "main"
optional = false
python-versions = ">=3.6.2,<4.0.0"
files = [
    {file = "xtyping-0.6.1-py3-none-any.whl", hash = "sha256:38ce4e68d536d3a6e627926280a9737e7ee427623f92a42ad009a8befbe6a852"},
    {file = "xtyping-0.6.1.tar.gz", hash = "sha256:1b426de8becf94602058947716ad3f9951625a54eefbc3a4d6e41d6563dd172c"},
]

[package.dependencies]
typing-extensions = ">=4.0.0,<5.0.0"

[[package]]
name = "zipp"
version = "3.8.1"
description = "Backport of pathlib-compatible object wrapper for zip files"
category = "dev"
optional = false
python-versions = ">=3.7"
files = [
    {file = "zipp-3.8.1-py3-none-any.whl", hash = "sha256:47c40d7fe183a6f21403a199b3e4192cca5774656965b0a4988ad2f8feb5f009"},
    {file = "zipp-3.8.1.tar.gz", hash = "sha256:05b45f1ee8f807d0cc928485ca40a07cb491cf092ff587c0df9cb1fd154848d2"},
]

[package.extras]
docs = ["jaraco.packaging (>=9)", "jaraco.tidelift (>=1.4)", "rst.linker (>=1.9)", "sphinx"]
testing = ["func-timeout", "jaraco.itertools", "pytest (>=6)", "pytest-black (>=0.3.7)", "pytest-checkdocs (>=2.4)", "pytest-cov", "pytest-enabler (>=1.3)", "pytest-flake8", "pytest-mypy (>=0.9.1)"]

[extras]
all = ["orjson", "pydantic", "python-rapidjson"]
full = ["orjson", "pydantic", "python-rapidjson"]
orjson = ["orjson"]
pydantic = ["pydantic"]
rapidjson = ["python-rapidjson"]

[metadata]
lock-version = "2.0"
python-versions = "^3.7"
content-hash = "5073deae992cd87f608eced3d1b1d6aa8ed0bc1fea35f9a751ef619eba4591fe"
