# This file is automatically @generated by Poetry 1.8.2 and should not be changed by hand.

[[package]]
name = "aiopen"
version = "0.6.1"
description = "Async file io"
optional = false
python-versions = ">=3.8,<4.0"
files = [
    {file = "aiopen-0.6.1-py3-none-any.whl", hash = "sha256:8427dc5d6d82ace0bdf8fd1ed99770708931f337e29f8c770cbc9a17d42ab78c"},
    {file = "aiopen-0.6.1.tar.gz", hash = "sha256:1cf3a60ee318e935076db29e935c5073a1132695b3409b2ba8f31eff05ce7f1a"},
]

[package.dependencies]
funkify = ">=0.4.0"
xtyping = ">=0.5.0"

[[package]]
name = "annotated-types"
version = "0.6.0"
description = "Reusable constraint types to use with typing.Annotated"
optional = false
python-versions = ">=3.8"
files = [
    {file = "annotated_types-0.6.0-py3-none-any.whl", hash = "sha256:0641064de18ba7a25dee8f96403ebc39113d0cb953a01429249d5c7564666a43"},
    {file = "annotated_types-0.6.0.tar.gz", hash = "sha256:563339e807e53ffd9c267e99fc6d9ea23eb8443c08f112651963e24e22f84a5d"},
]

[package.dependencies]
typing-extensions = {version = ">=4.0.0", markers = "python_version < \"3.9\""}

[[package]]
name = "asyncify"
version = "0.10.0"
description = "sync 2 async"
optional = false
python-versions = ">=3.8,<4.0"
files = [
    {file = "asyncify-0.10.0-py3-none-any.whl", hash = "sha256:9e2bbf1f88ec8a2238b1ff2690c98c1710db967abdc50e51b64b4b22a03a38f3"},
    {file = "asyncify-0.10.0.tar.gz", hash = "sha256:548f7bf14e418bc6b37fa5b1384d76a007c4f8704022c521951f081fdf3efead"},
]

[package.dependencies]
funkify = ">=0.4.0"
xtyping = ">=0.5.0"

[[package]]
name = "colorama"
version = "0.4.6"
description = "Cross-platform colored terminal text."
optional = false
python-versions = "!=3.0.*,!=3.1.*,!=3.2.*,!=3.3.*,!=3.4.*,!=3.5.*,!=3.6.*,>=2.7"
files = [
    {file = "colorama-0.4.6-py2.py3-none-any.whl", hash = "sha256:4f1d9991f5acc0ca119f9d443620b77f9d6b33703e51011c16baf57afb285fc6"},
    {file = "colorama-0.4.6.tar.gz", hash = "sha256:08695f5cb7ed6e0531a20572697297273c47b8cae5a63ffc6d6ed5c201be6e44"},
]

[[package]]
name = "dgpytest"
version = "0.0.2"
description = "dgpytest = dgpy + pytest"
optional = true
python-versions = ">=3.8,<4.0"
files = [
    {file = "dgpytest-0.0.2-py3-none-any.whl", hash = "sha256:2695e82936f9a90b93e919a0c90f6e9823635bd49df57804826f348c91eede61"},
    {file = "dgpytest-0.0.2.tar.gz", hash = "sha256:a7bc11502b9ba0e64ecf80daed3877e2749b89f7591de0fe3fa0e2bf873148d8"},
]

[package.dependencies]
pytest = ">=7.2.2"
pytest-asyncio = ">=0.21.0,<0.22.0"

[[package]]
name = "exceptiongroup"
version = "1.2.0"
description = "Backport of PEP 654 (exception groups)"
optional = true
python-versions = ">=3.7"
files = [
    {file = "exceptiongroup-1.2.0-py3-none-any.whl", hash = "sha256:4bfd3996ac73b41e9b9628b04e079f193850720ea5945fc96a08633c66912f14"},
    {file = "exceptiongroup-1.2.0.tar.gz", hash = "sha256:91f5c769735f051a4290d52edd0858999b57e5876e9f85937691bd4c9fa3ed68"},
]

[package.extras]
test = ["pytest (>=6)"]

[[package]]
name = "fmts"
version = "0.2.0"
description = "str transformation utils"
optional = false
python-versions = ">=3.8,<4.0"
files = [
    {file = "fmts-0.2.0-py3-none-any.whl", hash = "sha256:341382675114434807d072b7e1df972acae862cc231a9469f0e004136dd7552e"},
    {file = "fmts-0.2.0.tar.gz", hash = "sha256:7dd5f46800a3ba40dbabd9aaf8773aa3284ed3f4c4297147f2292b8db960f592"},
]

[[package]]
name = "funkify"
version = "0.4.5"
description = "Funkify modules so that they are callable"
optional = false
python-versions = ">=3.7,<4.0"
files = [
    {file = "funkify-0.4.5-py3-none-any.whl", hash = "sha256:43f1e6c27263468a60ba560dfc13e6e4df57aa75376438a62f741ffc7c83cdfe"},
    {file = "funkify-0.4.5.tar.gz", hash = "sha256:42df845f4afa63e0e66239a986d26b6572ab0b7ad600d7d6365d44d8a0cff3d5"},
]

[[package]]
name = "h5"
version = "0.9.2"
description = "H5py utils"
optional = false
python-versions = ">=3.8.0"
files = [
    {file = "h5-0.9.2-py3-none-any.whl", hash = "sha256:c008e033c32f166368caae80423015af0a48131159a84071e747126fa6dc5c11"},
    {file = "h5-0.9.2.tar.gz", hash = "sha256:564a80eb64d82b4aedec1547891611d9af82ef5b2da572cade2f7fc22701d1d3"},
]

[package.dependencies]
h5py = ">=3.7.0"
numpy = ">=1.23.2"
typing-extensions = ">=4.5.0,<5.0.0"

[package.extras]
cli = ["click (>=8.1.3,!=8.1.4)", "globsters (>=0.0.2,<0.0.4)", "rich (>=13.3.3,<14.0.0)"]

[[package]]
name = "h5py"
version = "3.10.0"
description = "Read and write HDF5 files from Python"
optional = false
python-versions = ">=3.8"
files = [
    {file = "h5py-3.10.0-cp310-cp310-macosx_10_9_x86_64.whl", hash = "sha256:b963fb772964fc1d1563c57e4e2e874022ce11f75ddc6df1a626f42bd49ab99f"},
    {file = "h5py-3.10.0-cp310-cp310-macosx_11_0_arm64.whl", hash = "sha256:012ab448590e3c4f5a8dd0f3533255bc57f80629bf7c5054cf4c87b30085063c"},
    {file = "h5py-3.10.0-cp310-cp310-manylinux_2_17_aarch64.manylinux2014_aarch64.whl", hash = "sha256:781a24263c1270a62cd67be59f293e62b76acfcc207afa6384961762bb88ea03"},
    {file = "h5py-3.10.0-cp310-cp310-manylinux_2_17_x86_64.manylinux2014_x86_64.whl", hash = "sha256:f42e6c30698b520f0295d70157c4e202a9e402406f50dc08f5a7bc416b24e52d"},
    {file = "h5py-3.10.0-cp310-cp310-win_amd64.whl", hash = "sha256:93dd840bd675787fc0b016f7a05fc6efe37312a08849d9dd4053fd0377b1357f"},
    {file = "h5py-3.10.0-cp311-cp311-macosx_10_9_x86_64.whl", hash = "sha256:2381e98af081b6df7f6db300cd88f88e740649d77736e4b53db522d8874bf2dc"},
    {file = "h5py-3.10.0-cp311-cp311-macosx_11_0_arm64.whl", hash = "sha256:667fe23ab33d5a8a6b77970b229e14ae3bb84e4ea3382cc08567a02e1499eedd"},
    {file = "h5py-3.10.0-cp311-cp311-manylinux_2_17_aarch64.manylinux2014_aarch64.whl", hash = "sha256:90286b79abd085e4e65e07c1bd7ee65a0f15818ea107f44b175d2dfe1a4674b7"},
    {file = "h5py-3.10.0-cp311-cp311-manylinux_2_17_x86_64.manylinux2014_x86_64.whl", hash = "sha256:6c013d2e79c00f28ffd0cc24e68665ea03ae9069e167087b2adb5727d2736a52"},
    {file = "h5py-3.10.0-cp311-cp311-win_amd64.whl", hash = "sha256:92273ce69ae4983dadb898fd4d3bea5eb90820df953b401282ee69ad648df684"},
    {file = "h5py-3.10.0-cp312-cp312-macosx_10_9_x86_64.whl", hash = "sha256:3c97d03f87f215e7759a354460fb4b0d0f27001450b18b23e556e7856a0b21c3"},
    {file = "h5py-3.10.0-cp312-cp312-macosx_11_0_arm64.whl", hash = "sha256:86df4c2de68257b8539a18646ceccdcf2c1ce6b1768ada16c8dcfb489eafae20"},
    {file = "h5py-3.10.0-cp312-cp312-manylinux_2_17_x86_64.manylinux2014_x86_64.whl", hash = "sha256:ba9ab36be991119a3ff32d0c7cbe5faf9b8d2375b5278b2aea64effbeba66039"},
    {file = "h5py-3.10.0-cp312-cp312-win_amd64.whl", hash = "sha256:2c8e4fda19eb769e9a678592e67eaec3a2f069f7570c82d2da909c077aa94339"},
    {file = "h5py-3.10.0-cp38-cp38-macosx_10_9_x86_64.whl", hash = "sha256:492305a074327e8d2513011fa9fffeb54ecb28a04ca4c4227d7e1e9616d35641"},
    {file = "h5py-3.10.0-cp38-cp38-macosx_11_0_arm64.whl", hash = "sha256:9450464b458cca2c86252b624279115dcaa7260a40d3cb1594bf2b410a2bd1a3"},
    {file = "h5py-3.10.0-cp38-cp38-manylinux_2_17_aarch64.manylinux2014_aarch64.whl", hash = "sha256:fd6f6d1384a9f491732cee233b99cd4bfd6e838a8815cc86722f9d2ee64032af"},
    {file = "h5py-3.10.0-cp38-cp38-manylinux_2_17_x86_64.manylinux2014_x86_64.whl", hash = "sha256:3074ec45d3dc6e178c6f96834cf8108bf4a60ccb5ab044e16909580352010a97"},
    {file = "h5py-3.10.0-cp38-cp38-win_amd64.whl", hash = "sha256:212bb997a91e6a895ce5e2f365ba764debeaef5d2dca5c6fb7098d66607adf99"},
    {file = "h5py-3.10.0-cp39-cp39-macosx_10_9_x86_64.whl", hash = "sha256:5dfc65ac21fa2f630323c92453cadbe8d4f504726ec42f6a56cf80c2f90d6c52"},
    {file = "h5py-3.10.0-cp39-cp39-macosx_11_0_arm64.whl", hash = "sha256:d4682b94fd36ab217352be438abd44c8f357c5449b8995e63886b431d260f3d3"},
    {file = "h5py-3.10.0-cp39-cp39-manylinux_2_17_aarch64.manylinux2014_aarch64.whl", hash = "sha256:aece0e2e1ed2aab076c41802e50a0c3e5ef8816d60ece39107d68717d4559824"},
    {file = "h5py-3.10.0-cp39-cp39-manylinux_2_17_x86_64.manylinux2014_x86_64.whl", hash = "sha256:43a61b2c2ad65b1fabc28802d133eed34debcc2c8b420cb213d3d4ef4d3e2229"},
    {file = "h5py-3.10.0-cp39-cp39-win_amd64.whl", hash = "sha256:ae2f0201c950059676455daf92700eeb57dcf5caaf71b9e1328e6e6593601770"},
    {file = "h5py-3.10.0.tar.gz", hash = "sha256:d93adc48ceeb33347eb24a634fb787efc7ae4644e6ea4ba733d099605045c049"},
]

[package.dependencies]
numpy = ">=1.17.3"

[[package]]
name = "iniconfig"
version = "2.0.0"
description = "brain-dead simple config-ini parsing"
optional = true
python-versions = ">=3.7"
files = [
    {file = "iniconfig-2.0.0-py3-none-any.whl", hash = "sha256:b6a85871a79d2e3b22d2d1b94ac2824226a63c6b741c88f7ae975f18b6778374"},
    {file = "iniconfig-2.0.0.tar.gz", hash = "sha256:2d91e135bf72d31a410b17c16da610a82cb55f6b0477d1a902134b24a455b8b3"},
]

[[package]]
name = "jsonbourne"
version = "0.29.0"
description = "EZPZ JSON"
optional = false
python-versions = "<4.0,>=3.8"
files = [
    {file = "jsonbourne-0.29.0-py3-none-any.whl", hash = "sha256:3571563f838a214dcbe680d54fc06c9fb841f82a648b615576e13d8855ae2dd0"},
    {file = "jsonbourne-0.29.0.tar.gz", hash = "sha256:8d2efb1d44eec3796484243592a76f6e4c15208311da39de1fc4937faba5ea79"},
]

[package.dependencies]
jsonc2json = ">=0.0.2,<0.0.5"
xtyping = ">=0.5.0"

[package.extras]
all = ["orjson (>=3.0.0,<4.dev0)", "pydantic (>=2.0.2)", "pydantic-core (>=2.1.2)", "python-rapidjson (>=0.9.1)"]
orjson = ["orjson (>=3.0.0,<4.dev0)"]
pydantic = ["pydantic (>=2.0.2)", "pydantic-core (>=2.1.2)"]
rapidjson = ["python-rapidjson (>=0.9.1)"]

[[package]]
name = "jsonc2json"
version = "0.0.2"
description = "jsonc2json ~ convert jsonc 2 json ~ python + rust"
optional = false
python-versions = ">=3.7"
files = [
    {file = "jsonc2json-0.0.2-cp310-cp310-macosx_10_7_x86_64.whl", hash = "sha256:936aa52b5eb4ce5497e641093e480acc96b8ac46095590e9efd107b1a45f275e"},
    {file = "jsonc2json-0.0.2-cp310-cp310-macosx_11_0_arm64.whl", hash = "sha256:a90e35db17bef3264b9eace3a0eaf67af6cedf2911a1bc39de06085a2aeda01b"},
    {file = "jsonc2json-0.0.2-cp310-cp310-manylinux_2_17_aarch64.manylinux2014_aarch64.whl", hash = "sha256:938de0414ad6d8967ab7668aa917f96100ed7206f26024a544527d842c5455ac"},
    {file = "jsonc2json-0.0.2-cp310-cp310-manylinux_2_17_armv7l.manylinux2014_armv7l.whl", hash = "sha256:92211dacb1a309900c61bf111187304d7a9e32190e54fed666ca3eedeaef145b"},
    {file = "jsonc2json-0.0.2-cp310-cp310-manylinux_2_17_ppc64le.manylinux2014_ppc64le.whl", hash = "sha256:335cf518031c0b2643fbc348e5a2e6fcdfc98aba30af0f63ad7e24f5574815d0"},
    {file = "jsonc2json-0.0.2-cp310-cp310-manylinux_2_17_s390x.manylinux2014_s390x.whl", hash = "sha256:73ca9fbbd3e83f3717fa286094fc050de30298fd859025649252fd82cbfb64e9"},
    {file = "jsonc2json-0.0.2-cp310-cp310-manylinux_2_17_x86_64.manylinux2014_x86_64.whl", hash = "sha256:da7f74a12d1286c1693a994d2fc5acf34b06209fc3f74df738210b37bfd545b2"},
    {file = "jsonc2json-0.0.2-cp310-cp310-manylinux_2_5_i686.manylinux1_i686.whl", hash = "sha256:dc7bdb4478db66373213b199b889f88e63daf43f84437c4f7c09af9a8f99eeb7"},
    {file = "jsonc2json-0.0.2-cp310-none-win32.whl", hash = "sha256:7cd633e422c9bbb6dffba1aa2fa244fc769ee2eb6e8af5d606b65e6e0fdb768c"},
    {file = "jsonc2json-0.0.2-cp310-none-win_amd64.whl", hash = "sha256:1674f7876edbc44055c1a96b40550bbbc8e512808996c25a0ec7d124764099ce"},
    {file = "jsonc2json-0.0.2-cp311-cp311-macosx_10_7_x86_64.whl", hash = "sha256:ccd6bbc79854bac0541e5e9ac30f6dbd758b751b8433cd3845e3b6ca52c95d75"},
    {file = "jsonc2json-0.0.2-cp311-cp311-macosx_11_0_arm64.whl", hash = "sha256:358d188e934dfd6ed5115f94598335837b03bf4537abf8a11876ac68665549b1"},
    {file = "jsonc2json-0.0.2-cp311-cp311-manylinux_2_17_aarch64.manylinux2014_aarch64.whl", hash = "sha256:1d04571ab2ef125b108fd70ef4f44ea31661fcf2d414426f48efce863a6e89e8"},
    {file = "jsonc2json-0.0.2-cp311-cp311-manylinux_2_17_armv7l.manylinux2014_armv7l.whl", hash = "sha256:11753275043d4b297f1f5702c83db8680202b3401f9bbbc000679a6ba8aa2c6d"},
    {file = "jsonc2json-0.0.2-cp311-cp311-manylinux_2_17_ppc64le.manylinux2014_ppc64le.whl", hash = "sha256:696916304f4cccabce62438aecf26991459b861b23166694f2620bd1d887ab6f"},
    {file = "jsonc2json-0.0.2-cp311-cp311-manylinux_2_17_s390x.manylinux2014_s390x.whl", hash = "sha256:b9544e61a2d28e05a3c6ac34009150515bbad995e88d609db3eaebf7359fe896"},
    {file = "jsonc2json-0.0.2-cp311-cp311-manylinux_2_17_x86_64.manylinux2014_x86_64.whl", hash = "sha256:339a1d183a8f72ffdc2ef7dcb7d17d9f2012256ce9e59c6a0ece0d98703768af"},
    {file = "jsonc2json-0.0.2-cp311-cp311-manylinux_2_5_i686.manylinux1_i686.whl", hash = "sha256:87823f6d81d186b7c403e4dd2cae882c28e70a4c5436a541a5efeb06707a0a34"},
    {file = "jsonc2json-0.0.2-cp311-none-win32.whl", hash = "sha256:b90903f797260e599925eaa63c3a8f6db7881adc29b460b991c2417bda7d4661"},
    {file = "jsonc2json-0.0.2-cp311-none-win_amd64.whl", hash = "sha256:239059cd1961977cf36fee0e918ba8f37fcde22c23422d2231020d664374665a"},
    {file = "jsonc2json-0.0.2-cp312-cp312-manylinux_2_17_aarch64.manylinux2014_aarch64.whl", hash = "sha256:e69b45061afd0a7b712a25ea0a07cb5448e32db68a7abe64cc3d39c982cf19bc"},
    {file = "jsonc2json-0.0.2-cp312-cp312-manylinux_2_17_ppc64le.manylinux2014_ppc64le.whl", hash = "sha256:342b7c86f3627129fff8a60c8d87a899cc538fff7cd7423f86fd23d509c93825"},
    {file = "jsonc2json-0.0.2-cp312-cp312-manylinux_2_17_s390x.manylinux2014_s390x.whl", hash = "sha256:3df5a968365b35bc644d56099ef2caced9058490ff520c9ffabadf89fb86e086"},
    {file = "jsonc2json-0.0.2-cp37-cp37m-manylinux_2_17_aarch64.manylinux2014_aarch64.whl", hash = "sha256:aeb003d72c341bfe413ae0f5b743b13308c0b836ecc928cecb793c257e97dac5"},
    {file = "jsonc2json-0.0.2-cp37-cp37m-manylinux_2_17_armv7l.manylinux2014_armv7l.whl", hash = "sha256:34d523e897b2e4c46bcd8336afefe48b7af8dd86b03efcc785544990388ca837"},
    {file = "jsonc2json-0.0.2-cp37-cp37m-manylinux_2_17_ppc64le.manylinux2014_ppc64le.whl", hash = "sha256:6ff35c1cd54b890f4cb65c367db984726810a19a124cd1a770c665f25f027df2"},
    {file = "jsonc2json-0.0.2-cp37-cp37m-manylinux_2_17_s390x.manylinux2014_s390x.whl", hash = "sha256:4ec9e033a864582c2ed2e565c065519b1673f672d0edd404363f4b6e9210ca22"},
    {file = "jsonc2json-0.0.2-cp37-cp37m-manylinux_2_17_x86_64.manylinux2014_x86_64.whl", hash = "sha256:8993963eef34f4bf3b4676516713c27c85d62e8d25728529b5afdd55ae8247f8"},
    {file = "jsonc2json-0.0.2-cp37-cp37m-manylinux_2_5_i686.manylinux1_i686.whl", hash = "sha256:4f33c20f0efb48064cd2a9b97476ce5e28b947a45ac1b4ba05cbe7c4f207b703"},
    {file = "jsonc2json-0.0.2-cp37-none-win32.whl", hash = "sha256:313bf656c764e6d5ced343d3e76a3cb929fa5f1bf53aac6d388307595833f223"},
    {file = "jsonc2json-0.0.2-cp37-none-win_amd64.whl", hash = "sha256:d61a43f98a5266e6927327d5047edc5191a90b3788f1f094d80a5602d44db826"},
    {file = "jsonc2json-0.0.2-cp38-cp38-manylinux_2_17_aarch64.manylinux2014_aarch64.whl", hash = "sha256:f58d532fcb2a3df65dbc56e4456739c3ddd47e2a4128aed5ae3de44e7b876742"},
    {file = "jsonc2json-0.0.2-cp38-cp38-manylinux_2_17_armv7l.manylinux2014_armv7l.whl", hash = "sha256:265825fa6751f85e35a5e069a6c7b2311a2ec45c0e8b8d9c86d7cedf205146da"},
    {file = "jsonc2json-0.0.2-cp38-cp38-manylinux_2_17_ppc64le.manylinux2014_ppc64le.whl", hash = "sha256:ba9dd39148ea9d910f8fd29fcecd3b9d31df6520f233942bae186cf581f9dd5c"},
    {file = "jsonc2json-0.0.2-cp38-cp38-manylinux_2_17_s390x.manylinux2014_s390x.whl", hash = "sha256:45c778d6306a26c95722b4b87ddc58060fc5be391e3501d27b0914786dd7064d"},
    {file = "jsonc2json-0.0.2-cp38-cp38-manylinux_2_17_x86_64.manylinux2014_x86_64.whl", hash = "sha256:e75c8ffb5aed061509ab707f138a9245f96c57ef73a1de9ce278ac49c16583a9"},
    {file = "jsonc2json-0.0.2-cp38-cp38-manylinux_2_5_i686.manylinux1_i686.whl", hash = "sha256:8c78217aaafd55c4d3bfbdce7927ec5c652704f14b31d1aa502420b0c187ca6c"},
    {file = "jsonc2json-0.0.2-cp38-none-win32.whl", hash = "sha256:aacf89337cdfad908b0e8f4d8fb404da68dfba7753a02719731cb290fa489e7a"},
    {file = "jsonc2json-0.0.2-cp38-none-win_amd64.whl", hash = "sha256:9171d7775d3d3778ef0bbc97f17e9dc09ead65f5d38baf700631074ee56137dc"},
    {file = "jsonc2json-0.0.2-cp39-cp39-manylinux_2_17_aarch64.manylinux2014_aarch64.whl", hash = "sha256:aad39894e680ad611d4ee1d3dfc12efa39e1f31c3504d18418431bf75ef589f6"},
    {file = "jsonc2json-0.0.2-cp39-cp39-manylinux_2_17_armv7l.manylinux2014_armv7l.whl", hash = "sha256:330ec8ea0a6c1dfe11823be2f1e2ba1dcd039588d31309b32dffceeecf5b378c"},
    {file = "jsonc2json-0.0.2-cp39-cp39-manylinux_2_17_ppc64le.manylinux2014_ppc64le.whl", hash = "sha256:2d354495d5774eb8e71e2486be919e6199a26f6e30bfeb3cfd50d8e8a5d75611"},
    {file = "jsonc2json-0.0.2-cp39-cp39-manylinux_2_17_s390x.manylinux2014_s390x.whl", hash = "sha256:7a98cf649ea77ce3d979f85d40e312ff540a01d7a05bb0d355dfdbbd126343ff"},
    {file = "jsonc2json-0.0.2-cp39-cp39-manylinux_2_17_x86_64.manylinux2014_x86_64.whl", hash = "sha256:da17b17a658087bb38718d96e408d629ad4368084a22406a23a33b48e1e29a5e"},
    {file = "jsonc2json-0.0.2-cp39-cp39-manylinux_2_5_i686.manylinux1_i686.whl", hash = "sha256:d4ae4353a718db38f99d49689040226ee841cf9560f8233331e3ebe035ccb219"},
    {file = "jsonc2json-0.0.2-cp39-none-win32.whl", hash = "sha256:3808fc7541ba7bedd22004edd1e6ccd2d04cb8983db986f68ca0f85db4b9abb9"},
    {file = "jsonc2json-0.0.2-cp39-none-win_amd64.whl", hash = "sha256:48385d31400fd3e3894f2b3d6c1091a42efbcb6b0599b684008ae875b2f1f696"},
    {file = "jsonc2json-0.0.2-pp37-pypy37_pp73-manylinux_2_17_aarch64.manylinux2014_aarch64.whl", hash = "sha256:cc9d053c33bba433f0d6503e40deb6bc689933cf77da21ece060d5af45b9f689"},
    {file = "jsonc2json-0.0.2-pp37-pypy37_pp73-manylinux_2_17_armv7l.manylinux2014_armv7l.whl", hash = "sha256:0ae24e490874a9cd99cf9fe00367a704df825a051c1a68057eb4f241b1a13448"},
    {file = "jsonc2json-0.0.2-pp37-pypy37_pp73-manylinux_2_17_ppc64le.manylinux2014_ppc64le.whl", hash = "sha256:5583c568b7e5af6279d7ef395ba5ac9fd484853e9ad42e4a9dac4727ade01978"},
    {file = "jsonc2json-0.0.2-pp37-pypy37_pp73-manylinux_2_17_s390x.manylinux2014_s390x.whl", hash = "sha256:eed7226e551eb3f6e345fdf6035afc4dc90a54e38724237d9e6066365ac27b31"},
    {file = "jsonc2json-0.0.2-pp37-pypy37_pp73-manylinux_2_17_x86_64.manylinux2014_x86_64.whl", hash = "sha256:5838b6085f9e0cf2c6c234cfdf391f0069ab52361862dee9f692601c054ce2c1"},
    {file = "jsonc2json-0.0.2-pp37-pypy37_pp73-manylinux_2_5_i686.manylinux1_i686.whl", hash = "sha256:56643e437a1762bebf5989a7a269b08798b5fbf46455cbe55f3dbf34e40f15b2"},
    {file = "jsonc2json-0.0.2-pp38-pypy38_pp73-manylinux_2_17_aarch64.manylinux2014_aarch64.whl", hash = "sha256:90a3bfc0189cb2506e33bbb85b2e61ea26c2e6a81eff8ecf42fd850bfb2ffe6d"},
    {file = "jsonc2json-0.0.2-pp38-pypy38_pp73-manylinux_2_17_armv7l.manylinux2014_armv7l.whl", hash = "sha256:98cb51a6453abcf147c28e1fd09a7a5ff8edba9d02618d06e13f4b203fd50187"},
    {file = "jsonc2json-0.0.2-pp38-pypy38_pp73-manylinux_2_17_ppc64le.manylinux2014_ppc64le.whl", hash = "sha256:85d696bb9db16af6e902ec2ed1c9a8ec98f91363a58fddc485064e322d9cd305"},
    {file = "jsonc2json-0.0.2-pp38-pypy38_pp73-manylinux_2_17_s390x.manylinux2014_s390x.whl", hash = "sha256:bd8d14a737b39dd8626bcd7b69099b174321b203f7cf68d3e872952198828e9b"},
    {file = "jsonc2json-0.0.2-pp38-pypy38_pp73-manylinux_2_17_x86_64.manylinux2014_x86_64.whl", hash = "sha256:95225b97331416ba6f0215a4d68ea21499b2817ba97308455ab31bfaddc9cef2"},
    {file = "jsonc2json-0.0.2-pp38-pypy38_pp73-manylinux_2_5_i686.manylinux1_i686.whl", hash = "sha256:1728d4c8d6f11f9cb505375ef44a2918cdba1eb7bd6ebb142bcd496e4ec847ac"},
    {file = "jsonc2json-0.0.2-pp39-pypy39_pp73-manylinux_2_17_aarch64.manylinux2014_aarch64.whl", hash = "sha256:c7d489a7c4322a8dd1e712fdb944f34f8e5c68b6b0867fc9461c502430f4e4a5"},
    {file = "jsonc2json-0.0.2-pp39-pypy39_pp73-manylinux_2_17_armv7l.manylinux2014_armv7l.whl", hash = "sha256:3895d37e33b146b8c6be89e251084e3f0e555e158f8d15a1f04b054e456dccb6"},
    {file = "jsonc2json-0.0.2-pp39-pypy39_pp73-manylinux_2_17_ppc64le.manylinux2014_ppc64le.whl", hash = "sha256:585120cfb97ab7c0ed484c04be475590ed2c2d92bf2f2cf2382e55f9ba742b02"},
    {file = "jsonc2json-0.0.2-pp39-pypy39_pp73-manylinux_2_17_s390x.manylinux2014_s390x.whl", hash = "sha256:4d9c869b7a862133daecf74812bcf70487bfcbb1a156a8c68d0710d0bf1a26b8"},
    {file = "jsonc2json-0.0.2-pp39-pypy39_pp73-manylinux_2_17_x86_64.manylinux2014_x86_64.whl", hash = "sha256:f27ec4eeb966724feb5ea418beabfd6ad2e0e9ed67f3d66d6f04c224338d0626"},
    {file = "jsonc2json-0.0.2-pp39-pypy39_pp73-manylinux_2_5_i686.manylinux1_i686.whl", hash = "sha256:126971ccd880e8362d8bb5feecfbfeffc7af1a9f7292c980d7433f9cf17276e4"},
    {file = "jsonc2json-0.0.2.tar.gz", hash = "sha256:f19fe24295f9b40fc6d902a364a396e4150327572d14958e52f4cb4ca91b2998"},
]

[[package]]
name = "lager"
version = "0.18.2"
description = "EZ-PZ logging based on loguru"
optional = false
python-versions = ">=3.8,<4.0"
files = [
    {file = "lager-0.18.2-py3-none-any.whl", hash = "sha256:9b83378a6a6cd919c3cbb8fb4fbc85a3fb7ced86594f07c03a3bf8f7bd3616b8"},
    {file = "lager-0.18.2.tar.gz", hash = "sha256:8b2cc8cdd581894f7d999c246f48750c37714ab1d307bf0fdb20e7869b591a73"},
]

[package.dependencies]
loguru = ">=0.7.0"
typing-extensions = ">=4.5.0,<5.0.0"

[[package]]
name = "listless"
version = "0.2.0"
description = "generator utils; aka listless"
optional = false
python-versions = "<4.0,>=3.8"
files = [
    {file = "listless-0.2.0-py3-none-any.whl", hash = "sha256:a2774a259fe69902eb11ff2f7af9172e512a4182b6224ab63fadca5f63bdd1ab"},
    {file = "listless-0.2.0.tar.gz", hash = "sha256:dc58db739a4cd178618b33b13a65104ddb33f9cd29d86d11bfd87e07a94b44b7"},
]

[[package]]
name = "loguru"
version = "0.7.2"
description = "Python logging made (stupidly) simple"
optional = false
python-versions = ">=3.5"
files = [
    {file = "loguru-0.7.2-py3-none-any.whl", hash = "sha256:003d71e3d3ed35f0f8984898359d65b79e5b21943f78af86aa5491210429b8eb"},
    {file = "loguru-0.7.2.tar.gz", hash = "sha256:e671a53522515f34fd406340ee968cb9ecafbc4b36c679da03c18fd8d0bd51ac"},
]

[package.dependencies]
colorama = {version = ">=0.3.4", markers = "sys_platform == \"win32\""}
win32-setctime = {version = ">=1.0.0", markers = "sys_platform == \"win32\""}

[package.extras]
dev = ["Sphinx (==7.2.5)", "colorama (==0.4.5)", "colorama (==0.4.6)", "exceptiongroup (==1.1.3)", "freezegun (==1.1.0)", "freezegun (==1.2.2)", "mypy (==v0.910)", "mypy (==v0.971)", "mypy (==v1.4.1)", "mypy (==v1.5.1)", "pre-commit (==3.4.0)", "pytest (==6.1.2)", "pytest (==7.4.0)", "pytest-cov (==2.12.1)", "pytest-cov (==4.1.0)", "pytest-mypy-plugins (==1.9.3)", "pytest-mypy-plugins (==3.0.0)", "sphinx-autobuild (==2021.3.14)", "sphinx-rtd-theme (==1.3.0)", "tox (==3.27.1)", "tox (==4.11.0)"]

[[package]]
name = "numpy"
version = "1.24.4"
description = "Fundamental package for array computing in Python"
optional = false
python-versions = ">=3.8"
files = [
    {file = "numpy-1.24.4-cp310-cp310-macosx_10_9_x86_64.whl", hash = "sha256:c0bfb52d2169d58c1cdb8cc1f16989101639b34c7d3ce60ed70b19c63eba0b64"},
    {file = "numpy-1.24.4-cp310-cp310-macosx_11_0_arm64.whl", hash = "sha256:ed094d4f0c177b1b8e7aa9cba7d6ceed51c0e569a5318ac0ca9a090680a6a1b1"},
    {file = "numpy-1.24.4-cp310-cp310-manylinux_2_17_aarch64.manylinux2014_aarch64.whl", hash = "sha256:79fc682a374c4a8ed08b331bef9c5f582585d1048fa6d80bc6c35bc384eee9b4"},
    {file = "numpy-1.24.4-cp310-cp310-manylinux_2_17_x86_64.manylinux2014_x86_64.whl", hash = "sha256:7ffe43c74893dbf38c2b0a1f5428760a1a9c98285553c89e12d70a96a7f3a4d6"},
    {file = "numpy-1.24.4-cp310-cp310-win32.whl", hash = "sha256:4c21decb6ea94057331e111a5bed9a79d335658c27ce2adb580fb4d54f2ad9bc"},
    {file = "numpy-1.24.4-cp310-cp310-win_amd64.whl", hash = "sha256:b4bea75e47d9586d31e892a7401f76e909712a0fd510f58f5337bea9572c571e"},
    {file = "numpy-1.24.4-cp311-cp311-macosx_10_9_x86_64.whl", hash = "sha256:f136bab9c2cfd8da131132c2cf6cc27331dd6fae65f95f69dcd4ae3c3639c810"},
    {file = "numpy-1.24.4-cp311-cp311-macosx_11_0_arm64.whl", hash = "sha256:e2926dac25b313635e4d6cf4dc4e51c8c0ebfed60b801c799ffc4c32bf3d1254"},
    {file = "numpy-1.24.4-cp311-cp311-manylinux_2_17_aarch64.manylinux2014_aarch64.whl", hash = "sha256:222e40d0e2548690405b0b3c7b21d1169117391c2e82c378467ef9ab4c8f0da7"},
    {file = "numpy-1.24.4-cp311-cp311-manylinux_2_17_x86_64.manylinux2014_x86_64.whl", hash = "sha256:7215847ce88a85ce39baf9e89070cb860c98fdddacbaa6c0da3ffb31b3350bd5"},
    {file = "numpy-1.24.4-cp311-cp311-win32.whl", hash = "sha256:4979217d7de511a8d57f4b4b5b2b965f707768440c17cb70fbf254c4b225238d"},
    {file = "numpy-1.24.4-cp311-cp311-win_amd64.whl", hash = "sha256:b7b1fc9864d7d39e28f41d089bfd6353cb5f27ecd9905348c24187a768c79694"},
    {file = "numpy-1.24.4-cp38-cp38-macosx_10_9_x86_64.whl", hash = "sha256:1452241c290f3e2a312c137a9999cdbf63f78864d63c79039bda65ee86943f61"},
    {file = "numpy-1.24.4-cp38-cp38-macosx_11_0_arm64.whl", hash = "sha256:04640dab83f7c6c85abf9cd729c5b65f1ebd0ccf9de90b270cd61935eef0197f"},
    {file = "numpy-1.24.4-cp38-cp38-manylinux_2_17_aarch64.manylinux2014_aarch64.whl", hash = "sha256:a5425b114831d1e77e4b5d812b69d11d962e104095a5b9c3b641a218abcc050e"},
    {file = "numpy-1.24.4-cp38-cp38-manylinux_2_17_x86_64.manylinux2014_x86_64.whl", hash = "sha256:dd80e219fd4c71fc3699fc1dadac5dcf4fd882bfc6f7ec53d30fa197b8ee22dc"},
    {file = "numpy-1.24.4-cp38-cp38-win32.whl", hash = "sha256:4602244f345453db537be5314d3983dbf5834a9701b7723ec28923e2889e0bb2"},
    {file = "numpy-1.24.4-cp38-cp38-win_amd64.whl", hash = "sha256:692f2e0f55794943c5bfff12b3f56f99af76f902fc47487bdfe97856de51a706"},
    {file = "numpy-1.24.4-cp39-cp39-macosx_10_9_x86_64.whl", hash = "sha256:2541312fbf09977f3b3ad449c4e5f4bb55d0dbf79226d7724211acc905049400"},
    {file = "numpy-1.24.4-cp39-cp39-macosx_11_0_arm64.whl", hash = "sha256:9667575fb6d13c95f1b36aca12c5ee3356bf001b714fc354eb5465ce1609e62f"},
    {file = "numpy-1.24.4-cp39-cp39-manylinux_2_17_aarch64.manylinux2014_aarch64.whl", hash = "sha256:f3a86ed21e4f87050382c7bc96571755193c4c1392490744ac73d660e8f564a9"},
    {file = "numpy-1.24.4-cp39-cp39-manylinux_2_17_x86_64.manylinux2014_x86_64.whl", hash = "sha256:d11efb4dbecbdf22508d55e48d9c8384db795e1b7b51ea735289ff96613ff74d"},
    {file = "numpy-1.24.4-cp39-cp39-win32.whl", hash = "sha256:6620c0acd41dbcb368610bb2f4d83145674040025e5536954782467100aa8835"},
    {file = "numpy-1.24.4-cp39-cp39-win_amd64.whl", hash = "sha256:befe2bf740fd8373cf56149a5c23a0f601e82869598d41f8e188a0e9869926f8"},
    {file = "numpy-1.24.4-pp38-pypy38_pp73-macosx_10_9_x86_64.whl", hash = "sha256:31f13e25b4e304632a4619d0e0777662c2ffea99fcae2029556b17d8ff958aef"},
    {file = "numpy-1.24.4-pp38-pypy38_pp73-manylinux_2_17_x86_64.manylinux2014_x86_64.whl", hash = "sha256:95f7ac6540e95bc440ad77f56e520da5bf877f87dca58bd095288dce8940532a"},
    {file = "numpy-1.24.4-pp38-pypy38_pp73-win_amd64.whl", hash = "sha256:e98f220aa76ca2a977fe435f5b04d7b3470c0a2e6312907b37ba6068f26787f2"},
    {file = "numpy-1.24.4.tar.gz", hash = "sha256:80f5e3a4e498641401868df4208b74581206afbee7cf7b8329daae82676d9463"},
]

[[package]]
name = "packaging"
version = "23.2"
description = "Core utilities for Python packages"
optional = true
python-versions = ">=3.7"
files = [
    {file = "packaging-23.2-py3-none-any.whl", hash = "sha256:8c491190033a9af7e1d931d0b5dacc2ef47509b34dd0de67ed209b5203fc88c7"},
    {file = "packaging-23.2.tar.gz", hash = "sha256:048fb0e9405036518eaaf48a55953c750c11e1a1b68e0dd1a9d62ed0c092cfc5"},
]

[[package]]
name = "pluggy"
version = "1.4.0"
description = "plugin and hook calling mechanisms for python"
optional = true
python-versions = ">=3.8"
files = [
    {file = "pluggy-1.4.0-py3-none-any.whl", hash = "sha256:7db9f7b503d67d1c5b95f59773ebb58a8c1c288129a88665838012cfb07b8981"},
    {file = "pluggy-1.4.0.tar.gz", hash = "sha256:8c85c2876142a764e5b7548e7d9a0e0ddb46f5185161049a79b7e974454223be"},
]

[package.extras]
dev = ["pre-commit", "tox"]
testing = ["pytest", "pytest-benchmark"]

[[package]]
name = "pydantic"
version = "2.6.3"
description = "Data validation using Python type hints"
optional = false
python-versions = ">=3.8"
files = [
    {file = "pydantic-2.6.3-py3-none-any.whl", hash = "sha256:72c6034df47f46ccdf81869fddb81aade68056003900a8724a4f160700016a2a"},
    {file = "pydantic-2.6.3.tar.gz", hash = "sha256:e07805c4c7f5c6826e33a1d4c9d47950d7eaf34868e2690f8594d2e30241f11f"},
]

[package.dependencies]
annotated-types = ">=0.4.0"
pydantic-core = "2.16.3"
typing-extensions = ">=4.6.1"

[package.extras]
email = ["email-validator (>=2.0.0)"]

[[package]]
name = "pydantic-core"
version = "2.16.3"
description = ""
optional = false
python-versions = ">=3.8"
files = [
    {file = "pydantic_core-2.16.3-cp310-cp310-macosx_10_12_x86_64.whl", hash = "sha256:75b81e678d1c1ede0785c7f46690621e4c6e63ccd9192af1f0bd9d504bbb6bf4"},
    {file = "pydantic_core-2.16.3-cp310-cp310-macosx_11_0_arm64.whl", hash = "sha256:9c865a7ee6f93783bd5d781af5a4c43dadc37053a5b42f7d18dc019f8c9d2bd1"},
    {file = "pydantic_core-2.16.3-cp310-cp310-manylinux_2_17_aarch64.manylinux2014_aarch64.whl", hash = "sha256:162e498303d2b1c036b957a1278fa0899d02b2842f1ff901b6395104c5554a45"},
    {file = "pydantic_core-2.16.3-cp310-cp310-manylinux_2_17_armv7l.manylinux2014_armv7l.whl", hash = "sha256:2f583bd01bbfbff4eaee0868e6fc607efdfcc2b03c1c766b06a707abbc856187"},
    {file = "pydantic_core-2.16.3-cp310-cp310-manylinux_2_17_ppc64le.manylinux2014_ppc64le.whl", hash = "sha256:b926dd38db1519ed3043a4de50214e0d600d404099c3392f098a7f9d75029ff8"},
    {file = "pydantic_core-2.16.3-cp310-cp310-manylinux_2_17_s390x.manylinux2014_s390x.whl", hash = "sha256:716b542728d4c742353448765aa7cdaa519a7b82f9564130e2b3f6766018c9ec"},
    {file = "pydantic_core-2.16.3-cp310-cp310-manylinux_2_17_x86_64.manylinux2014_x86_64.whl", hash = "sha256:fc4ad7f7ee1a13d9cb49d8198cd7d7e3aa93e425f371a68235f784e99741561f"},
    {file = "pydantic_core-2.16.3-cp310-cp310-manylinux_2_5_i686.manylinux1_i686.whl", hash = "sha256:bd87f48924f360e5d1c5f770d6155ce0e7d83f7b4e10c2f9ec001c73cf475c99"},
    {file = "pydantic_core-2.16.3-cp310-cp310-musllinux_1_1_aarch64.whl", hash = "sha256:0df446663464884297c793874573549229f9eca73b59360878f382a0fc085979"},
    {file = "pydantic_core-2.16.3-cp310-cp310-musllinux_1_1_x86_64.whl", hash = "sha256:4df8a199d9f6afc5ae9a65f8f95ee52cae389a8c6b20163762bde0426275b7db"},
    {file = "pydantic_core-2.16.3-cp310-none-win32.whl", hash = "sha256:456855f57b413f077dff513a5a28ed838dbbb15082ba00f80750377eed23d132"},
    {file = "pydantic_core-2.16.3-cp310-none-win_amd64.whl", hash = "sha256:732da3243e1b8d3eab8c6ae23ae6a58548849d2e4a4e03a1924c8ddf71a387cb"},
    {file = "pydantic_core-2.16.3-cp311-cp311-macosx_10_12_x86_64.whl", hash = "sha256:519ae0312616026bf4cedc0fe459e982734f3ca82ee8c7246c19b650b60a5ee4"},
    {file = "pydantic_core-2.16.3-cp311-cp311-macosx_11_0_arm64.whl", hash = "sha256:b3992a322a5617ded0a9f23fd06dbc1e4bd7cf39bc4ccf344b10f80af58beacd"},
    {file = "pydantic_core-2.16.3-cp311-cp311-manylinux_2_17_aarch64.manylinux2014_aarch64.whl", hash = "sha256:8d62da299c6ecb04df729e4b5c52dc0d53f4f8430b4492b93aa8de1f541c4aac"},
    {file = "pydantic_core-2.16.3-cp311-cp311-manylinux_2_17_armv7l.manylinux2014_armv7l.whl", hash = "sha256:2acca2be4bb2f2147ada8cac612f8a98fc09f41c89f87add7256ad27332c2fda"},
    {file = "pydantic_core-2.16.3-cp311-cp311-manylinux_2_17_ppc64le.manylinux2014_ppc64le.whl", hash = "sha256:1b662180108c55dfbf1280d865b2d116633d436cfc0bba82323554873967b340"},
    {file = "pydantic_core-2.16.3-cp311-cp311-manylinux_2_17_s390x.manylinux2014_s390x.whl", hash = "sha256:e7c6ed0dc9d8e65f24f5824291550139fe6f37fac03788d4580da0d33bc00c97"},
    {file = "pydantic_core-2.16.3-cp311-cp311-manylinux_2_17_x86_64.manylinux2014_x86_64.whl", hash = "sha256:a6b1bb0827f56654b4437955555dc3aeeebeddc47c2d7ed575477f082622c49e"},
    {file = "pydantic_core-2.16.3-cp311-cp311-manylinux_2_5_i686.manylinux1_i686.whl", hash = "sha256:e56f8186d6210ac7ece503193ec84104da7ceb98f68ce18c07282fcc2452e76f"},
    {file = "pydantic_core-2.16.3-cp311-cp311-musllinux_1_1_aarch64.whl", hash = "sha256:936e5db01dd49476fa8f4383c259b8b1303d5dd5fb34c97de194560698cc2c5e"},
    {file = "pydantic_core-2.16.3-cp311-cp311-musllinux_1_1_x86_64.whl", hash = "sha256:33809aebac276089b78db106ee692bdc9044710e26f24a9a2eaa35a0f9fa70ba"},
    {file = "pydantic_core-2.16.3-cp311-none-win32.whl", hash = "sha256:ded1c35f15c9dea16ead9bffcde9bb5c7c031bff076355dc58dcb1cb436c4721"},
    {file = "pydantic_core-2.16.3-cp311-none-win_amd64.whl", hash = "sha256:d89ca19cdd0dd5f31606a9329e309d4fcbb3df860960acec32630297d61820df"},
    {file = "pydantic_core-2.16.3-cp311-none-win_arm64.whl", hash = "sha256:6162f8d2dc27ba21027f261e4fa26f8bcb3cf9784b7f9499466a311ac284b5b9"},
    {file = "pydantic_core-2.16.3-cp312-cp312-macosx_10_12_x86_64.whl", hash = "sha256:0f56ae86b60ea987ae8bcd6654a887238fd53d1384f9b222ac457070b7ac4cff"},
    {file = "pydantic_core-2.16.3-cp312-cp312-macosx_11_0_arm64.whl", hash = "sha256:c9bd22a2a639e26171068f8ebb5400ce2c1bc7d17959f60a3b753ae13c632975"},
    {file = "pydantic_core-2.16.3-cp312-cp312-manylinux_2_17_aarch64.manylinux2014_aarch64.whl", hash = "sha256:4204e773b4b408062960e65468d5346bdfe139247ee5f1ca2a378983e11388a2"},
    {file = "pydantic_core-2.16.3-cp312-cp312-manylinux_2_17_armv7l.manylinux2014_armv7l.whl", hash = "sha256:f651dd19363c632f4abe3480a7c87a9773be27cfe1341aef06e8759599454120"},
    {file = "pydantic_core-2.16.3-cp312-cp312-manylinux_2_17_ppc64le.manylinux2014_ppc64le.whl", hash = "sha256:aaf09e615a0bf98d406657e0008e4a8701b11481840be7d31755dc9f97c44053"},
    {file = "pydantic_core-2.16.3-cp312-cp312-manylinux_2_17_s390x.manylinux2014_s390x.whl", hash = "sha256:8e47755d8152c1ab5b55928ab422a76e2e7b22b5ed8e90a7d584268dd49e9c6b"},
    {file = "pydantic_core-2.16.3-cp312-cp312-manylinux_2_17_x86_64.manylinux2014_x86_64.whl", hash = "sha256:500960cb3a0543a724a81ba859da816e8cf01b0e6aaeedf2c3775d12ee49cade"},
    {file = "pydantic_core-2.16.3-cp312-cp312-manylinux_2_5_i686.manylinux1_i686.whl", hash = "sha256:cf6204fe865da605285c34cf1172879d0314ff267b1c35ff59de7154f35fdc2e"},
    {file = "pydantic_core-2.16.3-cp312-cp312-musllinux_1_1_aarch64.whl", hash = "sha256:d33dd21f572545649f90c38c227cc8631268ba25c460b5569abebdd0ec5974ca"},
    {file = "pydantic_core-2.16.3-cp312-cp312-musllinux_1_1_x86_64.whl", hash = "sha256:49d5d58abd4b83fb8ce763be7794d09b2f50f10aa65c0f0c1696c677edeb7cbf"},
    {file = "pydantic_core-2.16.3-cp312-none-win32.whl", hash = "sha256:f53aace168a2a10582e570b7736cc5bef12cae9cf21775e3eafac597e8551fbe"},
    {file = "pydantic_core-2.16.3-cp312-none-win_amd64.whl", hash = "sha256:0d32576b1de5a30d9a97f300cc6a3f4694c428d956adbc7e6e2f9cad279e45ed"},
    {file = "pydantic_core-2.16.3-cp312-none-win_arm64.whl", hash = "sha256:ec08be75bb268473677edb83ba71e7e74b43c008e4a7b1907c6d57e940bf34b6"},
    {file = "pydantic_core-2.16.3-cp38-cp38-macosx_10_12_x86_64.whl", hash = "sha256:b1f6f5938d63c6139860f044e2538baeee6f0b251a1816e7adb6cbce106a1f01"},
    {file = "pydantic_core-2.16.3-cp38-cp38-macosx_11_0_arm64.whl", hash = "sha256:2a1ef6a36fdbf71538142ed604ad19b82f67b05749512e47f247a6ddd06afdc7"},
    {file = "pydantic_core-2.16.3-cp38-cp38-manylinux_2_17_aarch64.manylinux2014_aarch64.whl", hash = "sha256:704d35ecc7e9c31d48926150afada60401c55efa3b46cd1ded5a01bdffaf1d48"},
    {file = "pydantic_core-2.16.3-cp38-cp38-manylinux_2_17_armv7l.manylinux2014_armv7l.whl", hash = "sha256:d937653a696465677ed583124b94a4b2d79f5e30b2c46115a68e482c6a591c8a"},
    {file = "pydantic_core-2.16.3-cp38-cp38-manylinux_2_17_ppc64le.manylinux2014_ppc64le.whl", hash = "sha256:c9803edf8e29bd825f43481f19c37f50d2b01899448273b3a7758441b512acf8"},
    {file = "pydantic_core-2.16.3-cp38-cp38-manylinux_2_17_s390x.manylinux2014_s390x.whl", hash = "sha256:72282ad4892a9fb2da25defeac8c2e84352c108705c972db82ab121d15f14e6d"},
    {file = "pydantic_core-2.16.3-cp38-cp38-manylinux_2_17_x86_64.manylinux2014_x86_64.whl", hash = "sha256:7f752826b5b8361193df55afcdf8ca6a57d0232653494ba473630a83ba50d8c9"},
    {file = "pydantic_core-2.16.3-cp38-cp38-manylinux_2_5_i686.manylinux1_i686.whl", hash = "sha256:4384a8f68ddb31a0b0c3deae88765f5868a1b9148939c3f4121233314ad5532c"},
    {file = "pydantic_core-2.16.3-cp38-cp38-musllinux_1_1_aarch64.whl", hash = "sha256:a4b2bf78342c40b3dc830880106f54328928ff03e357935ad26c7128bbd66ce8"},
    {file = "pydantic_core-2.16.3-cp38-cp38-musllinux_1_1_x86_64.whl", hash = "sha256:13dcc4802961b5f843a9385fc821a0b0135e8c07fc3d9949fd49627c1a5e6ae5"},
    {file = "pydantic_core-2.16.3-cp38-none-win32.whl", hash = "sha256:e3e70c94a0c3841e6aa831edab1619ad5c511199be94d0c11ba75fe06efe107a"},
    {file = "pydantic_core-2.16.3-cp38-none-win_amd64.whl", hash = "sha256:ecdf6bf5f578615f2e985a5e1f6572e23aa632c4bd1dc67f8f406d445ac115ed"},
    {file = "pydantic_core-2.16.3-cp39-cp39-macosx_10_12_x86_64.whl", hash = "sha256:bda1ee3e08252b8d41fa5537413ffdddd58fa73107171a126d3b9ff001b9b820"},
    {file = "pydantic_core-2.16.3-cp39-cp39-macosx_11_0_arm64.whl", hash = "sha256:21b888c973e4f26b7a96491c0965a8a312e13be108022ee510248fe379a5fa23"},
    {file = "pydantic_core-2.16.3-cp39-cp39-manylinux_2_17_aarch64.manylinux2014_aarch64.whl", hash = "sha256:be0ec334369316fa73448cc8c982c01e5d2a81c95969d58b8f6e272884df0074"},
    {file = "pydantic_core-2.16.3-cp39-cp39-manylinux_2_17_armv7l.manylinux2014_armv7l.whl", hash = "sha256:b5b6079cc452a7c53dd378c6f881ac528246b3ac9aae0f8eef98498a75657805"},
    {file = "pydantic_core-2.16.3-cp39-cp39-manylinux_2_17_ppc64le.manylinux2014_ppc64le.whl", hash = "sha256:7ee8d5f878dccb6d499ba4d30d757111847b6849ae07acdd1205fffa1fc1253c"},
    {file = "pydantic_core-2.16.3-cp39-cp39-manylinux_2_17_s390x.manylinux2014_s390x.whl", hash = "sha256:7233d65d9d651242a68801159763d09e9ec96e8a158dbf118dc090cd77a104c9"},
    {file = "pydantic_core-2.16.3-cp39-cp39-manylinux_2_17_x86_64.manylinux2014_x86_64.whl", hash = "sha256:c6119dc90483a5cb50a1306adb8d52c66e447da88ea44f323e0ae1a5fcb14256"},
    {file = "pydantic_core-2.16.3-cp39-cp39-manylinux_2_5_i686.manylinux1_i686.whl", hash = "sha256:578114bc803a4c1ff9946d977c221e4376620a46cf78da267d946397dc9514a8"},
    {file = "pydantic_core-2.16.3-cp39-cp39-musllinux_1_1_aarch64.whl", hash = "sha256:d8f99b147ff3fcf6b3cc60cb0c39ea443884d5559a30b1481e92495f2310ff2b"},
    {file = "pydantic_core-2.16.3-cp39-cp39-musllinux_1_1_x86_64.whl", hash = "sha256:4ac6b4ce1e7283d715c4b729d8f9dab9627586dafce81d9eaa009dd7f25dd972"},
    {file = "pydantic_core-2.16.3-cp39-none-win32.whl", hash = "sha256:e7774b570e61cb998490c5235740d475413a1f6de823169b4cf94e2fe9e9f6b2"},
    {file = "pydantic_core-2.16.3-cp39-none-win_amd64.whl", hash = "sha256:9091632a25b8b87b9a605ec0e61f241c456e9248bfdcf7abdf344fdb169c81cf"},
    {file = "pydantic_core-2.16.3-pp310-pypy310_pp73-macosx_10_12_x86_64.whl", hash = "sha256:36fa178aacbc277bc6b62a2c3da95226520da4f4e9e206fdf076484363895d2c"},
    {file = "pydantic_core-2.16.3-pp310-pypy310_pp73-macosx_11_0_arm64.whl", hash = "sha256:dcca5d2bf65c6fb591fff92da03f94cd4f315972f97c21975398bd4bd046854a"},
    {file = "pydantic_core-2.16.3-pp310-pypy310_pp73-manylinux_2_17_aarch64.manylinux2014_aarch64.whl", hash = "sha256:2a72fb9963cba4cd5793854fd12f4cfee731e86df140f59ff52a49b3552db241"},
    {file = "pydantic_core-2.16.3-pp310-pypy310_pp73-manylinux_2_17_x86_64.manylinux2014_x86_64.whl", hash = "sha256:b60cc1a081f80a2105a59385b92d82278b15d80ebb3adb200542ae165cd7d183"},
    {file = "pydantic_core-2.16.3-pp310-pypy310_pp73-manylinux_2_5_i686.manylinux1_i686.whl", hash = "sha256:cbcc558401de90a746d02ef330c528f2e668c83350f045833543cd57ecead1ad"},
    {file = "pydantic_core-2.16.3-pp310-pypy310_pp73-musllinux_1_1_aarch64.whl", hash = "sha256:fee427241c2d9fb7192b658190f9f5fd6dfe41e02f3c1489d2ec1e6a5ab1e04a"},
    {file = "pydantic_core-2.16.3-pp310-pypy310_pp73-musllinux_1_1_x86_64.whl", hash = "sha256:f4cb85f693044e0f71f394ff76c98ddc1bc0953e48c061725e540396d5c8a2e1"},
    {file = "pydantic_core-2.16.3-pp310-pypy310_pp73-win_amd64.whl", hash = "sha256:b29eeb887aa931c2fcef5aa515d9d176d25006794610c264ddc114c053bf96fe"},
    {file = "pydantic_core-2.16.3-pp39-pypy39_pp73-macosx_10_12_x86_64.whl", hash = "sha256:a425479ee40ff021f8216c9d07a6a3b54b31c8267c6e17aa88b70d7ebd0e5e5b"},
    {file = "pydantic_core-2.16.3-pp39-pypy39_pp73-macosx_11_0_arm64.whl", hash = "sha256:5c5cbc703168d1b7a838668998308018a2718c2130595e8e190220238addc96f"},
    {file = "pydantic_core-2.16.3-pp39-pypy39_pp73-manylinux_2_17_aarch64.manylinux2014_aarch64.whl", hash = "sha256:99b6add4c0b39a513d323d3b93bc173dac663c27b99860dd5bf491b240d26137"},
    {file = "pydantic_core-2.16.3-pp39-pypy39_pp73-manylinux_2_17_x86_64.manylinux2014_x86_64.whl", hash = "sha256:75f76ee558751746d6a38f89d60b6228fa174e5172d143886af0f85aa306fd89"},
    {file = "pydantic_core-2.16.3-pp39-pypy39_pp73-manylinux_2_5_i686.manylinux1_i686.whl", hash = "sha256:00ee1c97b5364b84cb0bd82e9bbf645d5e2871fb8c58059d158412fee2d33d8a"},
    {file = "pydantic_core-2.16.3-pp39-pypy39_pp73-musllinux_1_1_aarch64.whl", hash = "sha256:287073c66748f624be4cef893ef9174e3eb88fe0b8a78dc22e88eca4bc357ca6"},
    {file = "pydantic_core-2.16.3-pp39-pypy39_pp73-musllinux_1_1_x86_64.whl", hash = "sha256:ed25e1835c00a332cb10c683cd39da96a719ab1dfc08427d476bce41b92531fc"},
    {file = "pydantic_core-2.16.3-pp39-pypy39_pp73-win_amd64.whl", hash = "sha256:86b3d0033580bd6bbe07590152007275bd7af95f98eaa5bd36f3da219dcd93da"},
    {file = "pydantic_core-2.16.3.tar.gz", hash = "sha256:1cac689f80a3abab2d3c0048b29eea5751114054f032a941a32de4c852c59cad"},
]

[package.dependencies]
typing-extensions = ">=4.6.0,<4.7.0 || >4.7.0"

[[package]]
name = "pytest"
version = "8.0.2"
description = "pytest: simple powerful testing with Python"
optional = true
python-versions = ">=3.8"
files = [
    {file = "pytest-8.0.2-py3-none-any.whl", hash = "sha256:edfaaef32ce5172d5466b5127b42e0d6d35ebbe4453f0e3505d96afd93f6b096"},
    {file = "pytest-8.0.2.tar.gz", hash = "sha256:d4051d623a2e0b7e51960ba963193b09ce6daeb9759a451844a21e4ddedfc1bd"},
]

[package.dependencies]
colorama = {version = "*", markers = "sys_platform == \"win32\""}
exceptiongroup = {version = ">=1.0.0rc8", markers = "python_version < \"3.11\""}
iniconfig = "*"
packaging = "*"
pluggy = ">=1.3.0,<2.0"
tomli = {version = ">=1.0.0", markers = "python_version < \"3.11\""}

[package.extras]
testing = ["argcomplete", "attrs (>=19.2.0)", "hypothesis (>=3.56)", "mock", "nose", "pygments (>=2.7.2)", "requests", "setuptools", "xmlschema"]

[[package]]
name = "pytest-asyncio"
version = "0.21.1"
description = "Pytest support for asyncio"
optional = true
python-versions = ">=3.7"
files = [
    {file = "pytest-asyncio-0.21.1.tar.gz", hash = "sha256:40a7eae6dded22c7b604986855ea48400ab15b069ae38116e8c01238e9eeb64d"},
    {file = "pytest_asyncio-0.21.1-py3-none-any.whl", hash = "sha256:8666c1c8ac02631d7c51ba282e0c69a8a452b211ffedf2599099845da5c5c37b"},
]

[package.dependencies]
pytest = ">=7.0.0"

[package.extras]
docs = ["sphinx (>=5.3)", "sphinx-rtd-theme (>=1.0)"]
testing = ["coverage (>=6.2)", "flaky (>=3.5.0)", "hypothesis (>=5.7.1)", "mypy (>=0.931)", "pytest-trio (>=0.7.0)"]

[[package]]
name = "requires"
version = "0.10.5"
description = "Runtime imports and dependency utils"
optional = false
python-versions = ">=3.7,<4.0"
files = [
    {file = "requires-0.10.5-py3-none-any.whl", hash = "sha256:498cc3a5ad0c2d9f149362ab0cd3e7176a0036658872e50d40f765d09af81ef3"},
    {file = "requires-0.10.5.tar.gz", hash = "sha256:de4ed110b9d199327ea2e91fa60c00e1878cb180d75620589b11e6d519e7b5a0"},
]

[package.dependencies]
funkify = ">=0.4.0,<0.5.0"
xtyping = ">=0.5.0"

[[package]]
name = "shellfish"
version = "0.5.1"
description = "shellfish ~ shell & file-system utils"
optional = false
python-versions = "<4.0,>=3.8"
files = [
    {file = "shellfish-0.5.1-py3-none-any.whl", hash = "sha256:4b678664eed8872b9f4b853fcdc859dc29d698d7c55eb25d9ae870428d9b1ee1"},
    {file = "shellfish-0.5.1.tar.gz", hash = "sha256:2f1e92a07d9d1c3928dd4cd08b8c34d250b1fed655eeb6ce4f47ff4faba4a7c4"},
]

[package.dependencies]
aiopen = ">=0.5.0"
asyncify = ">=0.9.1"
funkify = ">=0.4.0"
jsonbourne = ">=0.29.0"
listless = ">=0.1.0"
pydantic = ">=2.0.3"
xtyping = ">=0.6.0"

[[package]]
name = "tomli"
version = "2.0.1"
description = "A lil' TOML parser"
optional = true
python-versions = ">=3.7"
files = [
    {file = "tomli-2.0.1-py3-none-any.whl", hash = "sha256:939de3e7a6161af0c887ef91b7d41a53e7c5a1ca976325f429cb46ea9bc30ecc"},
    {file = "tomli-2.0.1.tar.gz", hash = "sha256:de526c12914f0c550d15924c62d72abc48d6fe7364aa87328337a31007fe8a4f"},
]

[[package]]
name = "typing-extensions"
version = "4.10.0"
description = "Backported and Experimental Type Hints for Python 3.8+"
optional = false
python-versions = ">=3.8"
files = [
    {file = "typing_extensions-4.10.0-py3-none-any.whl", hash = "sha256:69b1a937c3a517342112fb4c6df7e72fc39a38e7891a5730ed4985b5214b5475"},
    {file = "typing_extensions-4.10.0.tar.gz", hash = "sha256:b0abd7c89e8fb96f98db18d86106ff1d90ab692004eb746cf6eda2682f91b3cb"},
]

[[package]]
name = "win32-setctime"
version = "1.1.0"
description = "A small Python utility to set file creation time on Windows"
optional = false
python-versions = ">=3.5"
files = [
    {file = "win32_setctime-1.1.0-py3-none-any.whl", hash = "sha256:231db239e959c2fe7eb1d7dc129f11172354f98361c4fa2d6d2d7e278baa8aad"},
    {file = "win32_setctime-1.1.0.tar.gz", hash = "sha256:15cf5750465118d6929ae4de4eb46e8edae9a5634350c01ba582df868e932cb2"},
]

[package.extras]
dev = ["black (>=19.3b0)", "pytest (>=4.6.2)"]

[[package]]
name = "xdoctest"
version = "1.1.5"
description = "A rewrite of the builtin doctest module"
optional = false
python-versions = ">=3.6"
files = [
    {file = "xdoctest-1.1.5-py3-none-any.whl", hash = "sha256:f36fe64d7c0ad0553dbff39ff05c43a0aab69d313466f24a38d00e757182ade0"},
    {file = "xdoctest-1.1.5.tar.gz", hash = "sha256:89b0c3ad7fe03a068e22a457ab18c38fc70c62329c2963f43954b83c29374e66"},
]

[package.extras]
all = ["IPython (>=7.10.0)", "IPython (>=7.23.1)", "Pygments (>=2.0.0)", "Pygments (>=2.4.1)", "attrs (>=19.2.0)", "colorama (>=0.4.1)", "debugpy (>=1.0.0)", "debugpy (>=1.0.0)", "debugpy (>=1.0.0)", "debugpy (>=1.3.0)", "debugpy (>=1.6.0)", "ipykernel (>=5.2.0)", "ipykernel (>=6.0.0)", "ipykernel (>=6.11.0)", "ipython-genutils (>=0.2.0)", "jedi (>=0.16)", "jinja2 (>=3.0.0)", "jupyter-client (>=6.1.5)", "jupyter-client (>=7.0.0)", "jupyter-core (>=4.7.0)", "nbconvert (>=6.0.0)", "nbconvert (>=6.1.0)", "pyflakes (>=2.2.0)", "pytest (>=4.6.0)", "pytest (>=4.6.0)", "pytest (>=6.2.5)", "pytest-cov (>=3.0.0)", "tomli (>=0.2.0)", "typing (>=3.7.4)"]
all-strict = ["IPython (==7.10.0)", "IPython (==7.23.1)", "Pygments (==2.0.0)", "Pygments (==2.4.1)", "attrs (==19.2.0)", "colorama (==0.4.1)", "debugpy (==1.0.0)", "debugpy (==1.0.0)", "debugpy (==1.0.0)", "debugpy (==1.3.0)", "debugpy (==1.6.0)", "ipykernel (==5.2.0)", "ipykernel (==6.0.0)", "ipykernel (==6.11.0)", "ipython-genutils (==0.2.0)", "jedi (==0.16)", "jinja2 (==3.0.0)", "jupyter-client (==6.1.5)", "jupyter-client (==7.0.0)", "jupyter-core (==4.7.0)", "nbconvert (==6.0.0)", "nbconvert (==6.1.0)", "pyflakes (==2.2.0)", "pytest (==4.6.0)", "pytest (==4.6.0)", "pytest (==6.2.5)", "pytest-cov (==3.0.0)", "tomli (==0.2.0)", "typing (==3.7.4)"]
colors = ["Pygments", "Pygments", "colorama"]
jupyter = ["IPython", "IPython", "attrs", "debugpy", "debugpy", "debugpy", "debugpy", "debugpy", "ipykernel", "ipykernel", "ipykernel", "ipython-genutils", "jedi", "jinja2", "jupyter-client", "jupyter-client", "jupyter-core", "nbconvert", "nbconvert"]
optional = ["IPython (>=7.10.0)", "IPython (>=7.23.1)", "Pygments (>=2.0.0)", "Pygments (>=2.4.1)", "attrs (>=19.2.0)", "colorama (>=0.4.1)", "debugpy (>=1.0.0)", "debugpy (>=1.0.0)", "debugpy (>=1.0.0)", "debugpy (>=1.3.0)", "debugpy (>=1.6.0)", "ipykernel (>=5.2.0)", "ipykernel (>=6.0.0)", "ipykernel (>=6.11.0)", "ipython-genutils (>=0.2.0)", "jedi (>=0.16)", "jinja2 (>=3.0.0)", "jupyter-client (>=6.1.5)", "jupyter-client (>=7.0.0)", "jupyter-core (>=4.7.0)", "nbconvert (>=6.0.0)", "nbconvert (>=6.1.0)", "pyflakes (>=2.2.0)", "tomli (>=0.2.0)"]
optional-strict = ["IPython (==7.10.0)", "IPython (==7.23.1)", "Pygments (==2.0.0)", "Pygments (==2.4.1)", "attrs (==19.2.0)", "colorama (==0.4.1)", "debugpy (==1.0.0)", "debugpy (==1.0.0)", "debugpy (==1.0.0)", "debugpy (==1.3.0)", "debugpy (==1.6.0)", "ipykernel (==5.2.0)", "ipykernel (==6.0.0)", "ipykernel (==6.11.0)", "ipython-genutils (==0.2.0)", "jedi (==0.16)", "jinja2 (==3.0.0)", "jupyter-client (==6.1.5)", "jupyter-client (==7.0.0)", "jupyter-core (==4.7.0)", "nbconvert (==6.0.0)", "nbconvert (==6.1.0)", "pyflakes (==2.2.0)", "tomli (==0.2.0)"]
tests = ["pytest (>=4.6.0)", "pytest (>=4.6.0)", "pytest (>=6.2.5)", "pytest-cov (>=3.0.0)", "typing (>=3.7.4)"]
tests-binary = ["cmake", "cmake", "ninja", "ninja", "pybind11", "pybind11", "scikit-build", "scikit-build"]
tests-binary-strict = ["cmake (==3.21.2)", "cmake (==3.25.0)", "ninja (==1.10.2)", "ninja (==1.11.1)", "pybind11 (==2.10.3)", "pybind11 (==2.7.1)", "scikit-build (==0.11.1)", "scikit-build (==0.16.1)"]
tests-strict = ["pytest (==4.6.0)", "pytest (==4.6.0)", "pytest (==6.2.5)", "pytest-cov (==3.0.0)", "typing (==3.7.4)"]

[[package]]
name = "xtyping"
version = "0.8.2"
description = "xtyping = typing + typing_extensions"
optional = false
python-versions = ">=3.8,<4.0"
files = [
    {file = "xtyping-0.8.2-py3-none-any.whl", hash = "sha256:9c80bbf5bcc9aa4ec5d5ad4b05c1778ac5312476a7169502e79f31eedbf77590"},
    {file = "xtyping-0.8.2.tar.gz", hash = "sha256:219d14d2782d986e86d7310e4190701e2b521f158350cf9b5afc0f0c793cb98f"},
]

[package.dependencies]
annotated-types = ">=0.5.0"
typing-extensions = ">=4.4.0"

[extras]
test = ["dgpytest"]

[metadata]
lock-version = "2.0"
python-versions = "^3.8"
content-hash = "bd64e3b239b2681e9f3e3528c56dfb2e93c1bbdaa07ba9393dae5a975692dd0e"
