[[package]]
name = "funkify"
version = "0.3.0"
description = "Funkify modules so that they are callable"
category = "main"
optional = false
python-versions = ">=3.6.1,<4.0.0"

[metadata]
lock-version = "1.1"
python-versions = "==3.*,>=3.6.1"
content-hash = "4d12779518fe4568b6fe60f22e32f90af21859782d69d3d4003791e315b4e24c"

[metadata.files]
funkify = [
    {file = "funkify-0.3.0-py3-none-any.whl", hash = "sha256:50068de04ca6397d5e6c70d16c17d2503d4a62e33b091ddbb3c617b7c7fe8740"},
    {file = "funkify-0.3.0.tar.gz", hash = "sha256:a7273eac299f37d0785b7b99a581ee20885451637355e589e653a32d8bd6eaad"},
]
